
Microsoft Visual Studio Solution File, Format Version 12.00
# Visual Studio 14
VisualStudioVersion = 14.0.24720.0
MinimumVisualStudioVersion = 10.0.40219.1
Project("{2150E333-8FDC-42A3-9474-1A3956D46DE8}") = "Branches", "Branches", "{337D11A6-6522-46AE-9FD2-F7EDA3563132}"
EndProject
Project("{2150E333-8FDC-42A3-9474-1A3956D46DE8}") = "Clients", "Clients", "{29617354-00AB-4985-BDC9-671EEDA91351}"
EndProject
Project("{2150E333-8FDC-42A3-9474-1A3956D46DE8}") = "HelperLib", "HelperLib", "{D4A424B8-56CB-4ACC-9C2A-365E04506BEB}"
EndProject
Project("{2150E333-8FDC-42A3-9474-1A3956D46DE8}") = "ServiceInterface", "ServiceInterface", "{C1C648E5-8286-4AB4-8B37-1BEC45BA344F}"
EndProject
Project("{2150E333-8FDC-42A3-9474-1A3956D46DE8}") = "Services", "Services", "{D1509298-D498-4DFB-BB7E-0B911E9CF0BD}"
EndProject
Project("{FAE04EC0-301F-11D3-BF4B-00C04F79EFBC}") = "HQOrderServiceEntry", "HQOrderServiceEntry\HQOrderServiceEntry.csproj", "{7F50AA27-BACB-474E-927F-306D515840A8}"
EndProject
Global
	GlobalSection(SolutionConfigurationPlatforms) = preSolution
		Debug|Any CPU = Debug|Any CPU
		Release|Any CPU = Release|Any CPU
	EndGlobalSection
	GlobalSection(ProjectConfigurationPlatforms) = postSolution
		{7F50AA27-BACB-474E-927F-306D515840A8}.Debug|Any CPU.ActiveCfg = Debug|Any CPU
		{7F50AA27-BACB-474E-927F-306D515840A8}.Debug|Any CPU.Build.0 = Debug|Any CPU
		{7F50AA27-BACB-474E-927F-306D515840A8}.Release|Any CPU.ActiveCfg = Release|Any CPU
		{7F50AA27-BACB-474E-927F-306D515840A8}.Release|Any CPU.Build.0 = Release|Any CPU
	EndGlobalSection
	GlobalSection(SolutionProperties) = preSolution
		HideSolutionNode = FALSE
	EndGlobalSection
	GlobalSection(NestedProjects) = preSolution
		{7F50AA27-BACB-474E-927F-306D515840A8} = {C1C648E5-8286-4AB4-8B37-1BEC45BA344F}
	EndGlobalSection
EndGlobal
