
Microsoft Visual Studio Solution File, Format Version 12.00
# Visual Studio 14
VisualStudioVersion = 14.0.25420.1
MinimumVisualStudioVersion = 10.0.40219.1
Project("{2150E333-8FDC-42A3-9474-1A3956D46DE8}") = "ILRewriting", "ILRewriting", "{C2592E15-FAA0-425D-A6AF-975308AD5A04}"
EndProject
Project("{FAE04EC0-301F-11D3-BF4B-00C04F79EFBC}") = "NotNullParameterInjector.Sandbox", "ILRewriting\NotNullParameterInjector.Sandbox\NotNullParameterInjector.Sandbox.csproj", "{F13C29C6-4D0C-46C9-9E3D-12DCB5ECD82E}"
EndProject
Project("{FAE04EC0-301F-11D3-BF4B-00C04F79EFBC}") = "NotNullParameterInjector.InjectMe", "ILRewriting\NotNullParameterInjector.InjectMe\NotNullParameterInjector.InjectMe.csproj", "{9324111A-4EBC-4E27-8175-27A5E3144CB5}"
EndProject
Project("{FAE04EC0-301F-11D3-BF4B-00C04F79EFBC}") = "NotNullAttribute.Lib", "ILRewriting\NotNullAttribute.Lib\NotNullAttribute.Lib.csproj", "{C85F6CAD-2C72-4C67-8D16-8985C1F9BF3F}"
EndProject
Project("{2150E333-8FDC-42A3-9474-1A3956D46DE8}") = "ReflectionAPI", "ReflectionAPI", "{339FDED5-6054-416B-B643-CBF268A41057}"
EndProject
Project("{FAE04EC0-301F-11D3-BF4B-00C04F79EFBC}") = "KnownTypes", "ReflectionAPI\KnownTypes\KnownTypes.csproj", "{00169C70-96DA-4E4A-BB2A-3DAC6489C7E4}"
EndProject
Project("{FAE04EC0-301F-11D3-BF4B-00C04F79EFBC}") = "KnownTypes.Tests", "ReflectionAPI\KnownTypes.Tests\KnownTypes.Tests.csproj", "{C1AA73BD-2FB0-480E-AFB6-BC4DE7A5D713}"
EndProject
Project("{FAE04EC0-301F-11D3-BF4B-00C04F79EFBC}") = "ReflectionToString", "ReflectionAPI\ReflectionToString\ReflectionToString.csproj", "{DECAD86D-62C5-4003-8EAB-665B116A8227}"
EndProject
Project("{FAE04EC0-301F-11D3-BF4B-00C04F79EFBC}") = "DuckTyping", "ReflectionAPI\DuckTyping\DuckTyping.csproj", "{B30D450E-3A38-4A6A-A6CA-FBD8885A2236}"
EndProject
Project("{2150E333-8FDC-42A3-9474-1A3956D46DE8}") = "CodeDomApi", "CodeDomApi", "{6924F63A-1D1A-436F-BDB3-084EA8A43B3D}"
EndProject
Project("{FAE04EC0-301F-11D3-BF4B-00C04F79EFBC}") = "IntantiatingCodeProviders", "CodeDomApi\IntantiatingCodeProviders\IntantiatingCodeProviders.csproj", "{7C6BFC9D-7AEE-4DCC-A68E-606E88FDCE86}"
EndProject
Project("{FAE04EC0-301F-11D3-BF4B-00C04F79EFBC}") = "ShowCompilerFeatures", "CodeDomApi\ShowCompilerFeatures\ShowCompilerFeatures.csproj", "{5F621015-2E34-49A3-809F-4D2A36A4D2C5}"
EndProject
Project("{FAE04EC0-301F-11D3-BF4B-00C04F79EFBC}") = "TypeDeclarations", "CodeDomApi\TypeDeclarations\TypeDeclarations.csproj", "{65ECFA14-E054-4074-B3A3-EB361362DB64}"
EndProject
Project("{FAE04EC0-301F-11D3-BF4B-00C04F79EFBC}") = "DynamicInvocation", "CodeDomApi\DynamicInvocation\DynamicInvocation.csproj", "{05AE836C-8C2B-43C9-B958-345DA5474638}"
EndProject
Project("{FAE04EC0-301F-11D3-BF4B-00C04F79EFBC}") = "AddingAndInvokingMethods", "CodeDomApi\AddingAndInvokingMethods\AddingAndInvokingMethods.csproj", "{965D1228-BB5D-4F3F-B5BC-F4D2B1207695}"
EndProject
Project("{2150E333-8FDC-42A3-9474-1A3956D46DE8}") = "Emitting", "Emitting", "{F26B4530-C947-48A2-B9E0-A5ABE45091DD}"
EndProject
Project("{FAE04EC0-301F-11D3-BF4B-00C04F79EFBC}") = "Customers", "Emitting\Customers\Customers.csproj", "{88A26B13-D8D9-4EF9-AB90-DC8C39C68BE8}"
EndProject
Project("{FAE04EC0-301F-11D3-BF4B-00C04F79EFBC}") = "CustomersClient", "Emitting\CustomersClient\CustomersClient.csproj", "{25FFD5D2-98B8-4E73-BBA1-11EA039289DE}"
EndProject
Project("{2150E333-8FDC-42A3-9474-1A3956D46DE8}") = "Expressions", "Expressions", "{0D5FFB98-043B-48DA-91F6-E692FA0B9711}"
EndProject
Project("{FAE04EC0-301F-11D3-BF4B-00C04F79EFBC}") = "ExpressionSamples", "Expressions\ExpressionSamples\ExpressionSamples.csproj", "{3C5F1A88-F54A-4F89-B9DE-B14E53C56D15}"
EndProject
Project("{FAE04EC0-301F-11D3-BF4B-00C04F79EFBC}") = "Customers", "Customers\Customers.csproj", "{24EABD41-3399-40E8-A0CF-948B229B65FD}"
EndProject
Global
	GlobalSection(SolutionConfigurationPlatforms) = preSolution
		Debug|Any CPU = Debug|Any CPU
		Debug|x86 = Debug|x86
		Release|Any CPU = Release|Any CPU
		Release|x86 = Release|x86
	EndGlobalSection
	GlobalSection(ProjectConfigurationPlatforms) = postSolution
		{F13C29C6-4D0C-46C9-9E3D-12DCB5ECD82E}.Debug|Any CPU.ActiveCfg = Debug|Any CPU
		{F13C29C6-4D0C-46C9-9E3D-12DCB5ECD82E}.Debug|Any CPU.Build.0 = Debug|Any CPU
		{F13C29C6-4D0C-46C9-9E3D-12DCB5ECD82E}.Debug|x86.ActiveCfg = Debug|Any CPU
		{F13C29C6-4D0C-46C9-9E3D-12DCB5ECD82E}.Debug|x86.Build.0 = Debug|Any CPU
		{F13C29C6-4D0C-46C9-9E3D-12DCB5ECD82E}.Release|Any CPU.ActiveCfg = Release|Any CPU
		{F13C29C6-4D0C-46C9-9E3D-12DCB5ECD82E}.Release|Any CPU.Build.0 = Release|Any CPU
		{F13C29C6-4D0C-46C9-9E3D-12DCB5ECD82E}.Release|x86.ActiveCfg = Release|Any CPU
		{F13C29C6-4D0C-46C9-9E3D-12DCB5ECD82E}.Release|x86.Build.0 = Release|Any CPU
		{9324111A-4EBC-4E27-8175-27A5E3144CB5}.Debug|Any CPU.ActiveCfg = Debug|Any CPU
		{9324111A-4EBC-4E27-8175-27A5E3144CB5}.Debug|Any CPU.Build.0 = Debug|Any CPU
		{9324111A-4EBC-4E27-8175-27A5E3144CB5}.Debug|x86.ActiveCfg = Debug|Any CPU
		{9324111A-4EBC-4E27-8175-27A5E3144CB5}.Debug|x86.Build.0 = Debug|Any CPU
		{9324111A-4EBC-4E27-8175-27A5E3144CB5}.Release|Any CPU.ActiveCfg = Release|Any CPU
		{9324111A-4EBC-4E27-8175-27A5E3144CB5}.Release|Any CPU.Build.0 = Release|Any CPU
		{9324111A-4EBC-4E27-8175-27A5E3144CB5}.Release|x86.ActiveCfg = Release|Any CPU
		{9324111A-4EBC-4E27-8175-27A5E3144CB5}.Release|x86.Build.0 = Release|Any CPU
		{C85F6CAD-2C72-4C67-8D16-8985C1F9BF3F}.Debug|Any CPU.ActiveCfg = Debug|Any CPU
		{C85F6CAD-2C72-4C67-8D16-8985C1F9BF3F}.Debug|Any CPU.Build.0 = Debug|Any CPU
		{C85F6CAD-2C72-4C67-8D16-8985C1F9BF3F}.Debug|x86.ActiveCfg = Debug|Any CPU
		{C85F6CAD-2C72-4C67-8D16-8985C1F9BF3F}.Debug|x86.Build.0 = Debug|Any CPU
		{C85F6CAD-2C72-4C67-8D16-8985C1F9BF3F}.Release|Any CPU.ActiveCfg = Release|Any CPU
		{C85F6CAD-2C72-4C67-8D16-8985C1F9BF3F}.Release|Any CPU.Build.0 = Release|Any CPU
		{C85F6CAD-2C72-4C67-8D16-8985C1F9BF3F}.Release|x86.ActiveCfg = Release|Any CPU
		{C85F6CAD-2C72-4C67-8D16-8985C1F9BF3F}.Release|x86.Build.0 = Release|Any CPU
		{00169C70-96DA-4E4A-BB2A-3DAC6489C7E4}.Debug|Any CPU.ActiveCfg = Debug|Any CPU
		{00169C70-96DA-4E4A-BB2A-3DAC6489C7E4}.Debug|Any CPU.Build.0 = Debug|Any CPU
		{00169C70-96DA-4E4A-BB2A-3DAC6489C7E4}.Debug|x86.ActiveCfg = Debug|Any CPU
		{00169C70-96DA-4E4A-BB2A-3DAC6489C7E4}.Debug|x86.Build.0 = Debug|Any CPU
		{00169C70-96DA-4E4A-BB2A-3DAC6489C7E4}.Release|Any CPU.ActiveCfg = Release|Any CPU
		{00169C70-96DA-4E4A-BB2A-3DAC6489C7E4}.Release|Any CPU.Build.0 = Release|Any CPU
		{00169C70-96DA-4E4A-BB2A-3DAC6489C7E4}.Release|x86.ActiveCfg = Release|Any CPU
		{00169C70-96DA-4E4A-BB2A-3DAC6489C7E4}.Release|x86.Build.0 = Release|Any CPU
		{C1AA73BD-2FB0-480E-AFB6-BC4DE7A5D713}.Debug|Any CPU.ActiveCfg = Debug|Any CPU
		{C1AA73BD-2FB0-480E-AFB6-BC4DE7A5D713}.Debug|Any CPU.Build.0 = Debug|Any CPU
		{C1AA73BD-2FB0-480E-AFB6-BC4DE7A5D713}.Debug|x86.ActiveCfg = Debug|Any CPU
		{C1AA73BD-2FB0-480E-AFB6-BC4DE7A5D713}.Debug|x86.Build.0 = Debug|Any CPU
		{C1AA73BD-2FB0-480E-AFB6-BC4DE7A5D713}.Release|Any CPU.ActiveCfg = Release|Any CPU
		{C1AA73BD-2FB0-480E-AFB6-BC4DE7A5D713}.Release|Any CPU.Build.0 = Release|Any CPU
		{C1AA73BD-2FB0-480E-AFB6-BC4DE7A5D713}.Release|x86.ActiveCfg = Release|Any CPU
		{C1AA73BD-2FB0-480E-AFB6-BC4DE7A5D713}.Release|x86.Build.0 = Release|Any CPU
		{DECAD86D-62C5-4003-8EAB-665B116A8227}.Debug|Any CPU.ActiveCfg = Debug|Any CPU
		{DECAD86D-62C5-4003-8EAB-665B116A8227}.Debug|Any CPU.Build.0 = Debug|Any CPU
		{DECAD86D-62C5-4003-8EAB-665B116A8227}.Debug|x86.ActiveCfg = Debug|Any CPU
		{DECAD86D-62C5-4003-8EAB-665B116A8227}.Debug|x86.Build.0 = Debug|Any CPU
		{DECAD86D-62C5-4003-8EAB-665B116A8227}.Release|Any CPU.ActiveCfg = Release|Any CPU
		{DECAD86D-62C5-4003-8EAB-665B116A8227}.Release|Any CPU.Build.0 = Release|Any CPU
		{DECAD86D-62C5-4003-8EAB-665B116A8227}.Release|x86.ActiveCfg = Release|Any CPU
		{DECAD86D-62C5-4003-8EAB-665B116A8227}.Release|x86.Build.0 = Release|Any CPU
		{B30D450E-3A38-4A6A-A6CA-FBD8885A2236}.Debug|Any CPU.ActiveCfg = Debug|Any CPU
		{B30D450E-3A38-4A6A-A6CA-FBD8885A2236}.Debug|Any CPU.Build.0 = Debug|Any CPU
		{B30D450E-3A38-4A6A-A6CA-FBD8885A2236}.Debug|x86.ActiveCfg = Debug|Any CPU
		{B30D450E-3A38-4A6A-A6CA-FBD8885A2236}.Debug|x86.Build.0 = Debug|Any CPU
		{B30D450E-3A38-4A6A-A6CA-FBD8885A2236}.Release|Any CPU.ActiveCfg = Release|Any CPU
		{B30D450E-3A38-4A6A-A6CA-FBD8885A2236}.Release|Any CPU.Build.0 = Release|Any CPU
		{B30D450E-3A38-4A6A-A6CA-FBD8885A2236}.Release|x86.ActiveCfg = Release|Any CPU
		{B30D450E-3A38-4A6A-A6CA-FBD8885A2236}.Release|x86.Build.0 = Release|Any CPU
		{7C6BFC9D-7AEE-4DCC-A68E-606E88FDCE86}.Debug|Any CPU.ActiveCfg = Debug|Any CPU
		{7C6BFC9D-7AEE-4DCC-A68E-606E88FDCE86}.Debug|Any CPU.Build.0 = Debug|Any CPU
		{7C6BFC9D-7AEE-4DCC-A68E-606E88FDCE86}.Debug|x86.ActiveCfg = Debug|Any CPU
		{7C6BFC9D-7AEE-4DCC-A68E-606E88FDCE86}.Debug|x86.Build.0 = Debug|Any CPU
		{7C6BFC9D-7AEE-4DCC-A68E-606E88FDCE86}.Release|Any CPU.ActiveCfg = Release|Any CPU
		{7C6BFC9D-7AEE-4DCC-A68E-606E88FDCE86}.Release|Any CPU.Build.0 = Release|Any CPU
		{7C6BFC9D-7AEE-4DCC-A68E-606E88FDCE86}.Release|x86.ActiveCfg = Release|Any CPU
		{7C6BFC9D-7AEE-4DCC-A68E-606E88FDCE86}.Release|x86.Build.0 = Release|Any CPU
		{5F621015-2E34-49A3-809F-4D2A36A4D2C5}.Debug|Any CPU.ActiveCfg = Debug|Any CPU
		{5F621015-2E34-49A3-809F-4D2A36A4D2C5}.Debug|Any CPU.Build.0 = Debug|Any CPU
		{5F621015-2E34-49A3-809F-4D2A36A4D2C5}.Debug|x86.ActiveCfg = Debug|Any CPU
		{5F621015-2E34-49A3-809F-4D2A36A4D2C5}.Debug|x86.Build.0 = Debug|Any CPU
		{5F621015-2E34-49A3-809F-4D2A36A4D2C5}.Release|Any CPU.ActiveCfg = Release|Any CPU
		{5F621015-2E34-49A3-809F-4D2A36A4D2C5}.Release|Any CPU.Build.0 = Release|Any CPU
		{5F621015-2E34-49A3-809F-4D2A36A4D2C5}.Release|x86.ActiveCfg = Release|Any CPU
		{5F621015-2E34-49A3-809F-4D2A36A4D2C5}.Release|x86.Build.0 = Release|Any CPU
		{65ECFA14-E054-4074-B3A3-EB361362DB64}.Debug|Any CPU.ActiveCfg = Debug|Any CPU
		{65ECFA14-E054-4074-B3A3-EB361362DB64}.Debug|Any CPU.Build.0 = Debug|Any CPU
		{65ECFA14-E054-4074-B3A3-EB361362DB64}.Debug|x86.ActiveCfg = Debug|Any CPU
		{65ECFA14-E054-4074-B3A3-EB361362DB64}.Debug|x86.Build.0 = Debug|Any CPU
		{65ECFA14-E054-4074-B3A3-EB361362DB64}.Release|Any CPU.ActiveCfg = Release|Any CPU
		{65ECFA14-E054-4074-B3A3-EB361362DB64}.Release|Any CPU.Build.0 = Release|Any CPU
		{65ECFA14-E054-4074-B3A3-EB361362DB64}.Release|x86.ActiveCfg = Release|Any CPU
		{65ECFA14-E054-4074-B3A3-EB361362DB64}.Release|x86.Build.0 = Release|Any CPU
		{05AE836C-8C2B-43C9-B958-345DA5474638}.Debug|Any CPU.ActiveCfg = Debug|x86
		{05AE836C-8C2B-43C9-B958-345DA5474638}.Debug|x86.ActiveCfg = Debug|x86
		{05AE836C-8C2B-43C9-B958-345DA5474638}.Debug|x86.Build.0 = Debug|x86
		{05AE836C-8C2B-43C9-B958-345DA5474638}.Release|Any CPU.ActiveCfg = Release|x86
		{05AE836C-8C2B-43C9-B958-345DA5474638}.Release|x86.ActiveCfg = Release|x86
		{05AE836C-8C2B-43C9-B958-345DA5474638}.Release|x86.Build.0 = Release|x86
		{965D1228-BB5D-4F3F-B5BC-F4D2B1207695}.Debug|Any CPU.ActiveCfg = Debug|x86
		{965D1228-BB5D-4F3F-B5BC-F4D2B1207695}.Debug|x86.ActiveCfg = Debug|x86
		{965D1228-BB5D-4F3F-B5BC-F4D2B1207695}.Debug|x86.Build.0 = Debug|x86
		{965D1228-BB5D-4F3F-B5BC-F4D2B1207695}.Release|Any CPU.ActiveCfg = Release|x86
		{965D1228-BB5D-4F3F-B5BC-F4D2B1207695}.Release|x86.ActiveCfg = Release|x86
		{965D1228-BB5D-4F3F-B5BC-F4D2B1207695}.Release|x86.Build.0 = Release|x86
		{88A26B13-D8D9-4EF9-AB90-DC8C39C68BE8}.Debug|Any CPU.ActiveCfg = Debug|Any CPU
		{88A26B13-D8D9-4EF9-AB90-DC8C39C68BE8}.Debug|Any CPU.Build.0 = Debug|Any CPU
		{88A26B13-D8D9-4EF9-AB90-DC8C39C68BE8}.Debug|x86.ActiveCfg = Debug|Any CPU
		{88A26B13-D8D9-4EF9-AB90-DC8C39C68BE8}.Debug|x86.Build.0 = Debug|Any CPU
		{88A26B13-D8D9-4EF9-AB90-DC8C39C68BE8}.Release|Any CPU.ActiveCfg = Release|Any CPU
		{88A26B13-D8D9-4EF9-AB90-DC8C39C68BE8}.Release|Any CPU.Build.0 = Release|Any CPU
		{88A26B13-D8D9-4EF9-AB90-DC8C39C68BE8}.Release|x86.ActiveCfg = Release|Any CPU
		{88A26B13-D8D9-4EF9-AB90-DC8C39C68BE8}.Release|x86.Build.0 = Release|Any CPU
		{25FFD5D2-98B8-4E73-BBA1-11EA039289DE}.Debug|Any CPU.ActiveCfg = Debug|Any CPU
		{25FFD5D2-98B8-4E73-BBA1-11EA039289DE}.Debug|Any CPU.Build.0 = Debug|Any CPU
		{25FFD5D2-98B8-4E73-BBA1-11EA039289DE}.Debug|x86.ActiveCfg = Debug|Any CPU
		{25FFD5D2-98B8-4E73-BBA1-11EA039289DE}.Debug|x86.Build.0 = Debug|Any CPU
		{25FFD5D2-98B8-4E73-BBA1-11EA039289DE}.Release|Any CPU.ActiveCfg = Release|Any CPU
		{25FFD5D2-98B8-4E73-BBA1-11EA039289DE}.Release|Any CPU.Build.0 = Release|Any CPU
		{25FFD5D2-98B8-4E73-BBA1-11EA039289DE}.Release|x86.ActiveCfg = Release|Any CPU
		{25FFD5D2-98B8-4E73-BBA1-11EA039289DE}.Release|x86.Build.0 = Release|Any CPU
		{3C5F1A88-F54A-4F89-B9DE-B14E53C56D15}.Debug|Any CPU.ActiveCfg = Debug|Any CPU
		{3C5F1A88-F54A-4F89-B9DE-B14E53C56D15}.Debug|Any CPU.Build.0 = Debug|Any CPU
		{3C5F1A88-F54A-4F89-B9DE-B14E53C56D15}.Debug|x86.ActiveCfg = Debug|Any CPU
		{3C5F1A88-F54A-4F89-B9DE-B14E53C56D15}.Debug|x86.Build.0 = Debug|Any CPU
		{3C5F1A88-F54A-4F89-B9DE-B14E53C56D15}.Release|Any CPU.ActiveCfg = Release|Any CPU
		{3C5F1A88-F54A-4F89-B9DE-B14E53C56D15}.Release|Any CPU.Build.0 = Release|Any CPU
		{3C5F1A88-F54A-4F89-B9DE-B14E53C56D15}.Release|x86.ActiveCfg = Release|Any CPU
		{3C5F1A88-F54A-4F89-B9DE-B14E53C56D15}.Release|x86.Build.0 = Release|Any CPU
		{24EABD41-3399-40E8-A0CF-948B229B65FD}.Debug|Any CPU.ActiveCfg = Debug|Any CPU
		{24EABD41-3399-40E8-A0CF-948B229B65FD}.Debug|Any CPU.Build.0 = Debug|Any CPU
		{24EABD41-3399-40E8-A0CF-948B229B65FD}.Debug|x86.ActiveCfg = Debug|Any CPU
		{24EABD41-3399-40E8-A0CF-948B229B65FD}.Debug|x86.Build.0 = Debug|Any CPU
		{24EABD41-3399-40E8-A0CF-948B229B65FD}.Release|Any CPU.ActiveCfg = Release|Any CPU
		{24EABD41-3399-40E8-A0CF-948B229B65FD}.Release|Any CPU.Build.0 = Release|Any CPU
		{24EABD41-3399-40E8-A0CF-948B229B65FD}.Release|x86.ActiveCfg = Release|Any CPU
		{24EABD41-3399-40E8-A0CF-948B229B65FD}.Release|x86.Build.0 = Release|Any CPU
	EndGlobalSection
	GlobalSection(SolutionProperties) = preSolution
		HideSolutionNode = FALSE
	EndGlobalSection
	GlobalSection(NestedProjects) = preSolution
		{F13C29C6-4D0C-46C9-9E3D-12DCB5ECD82E} = {C2592E15-FAA0-425D-A6AF-975308AD5A04}
		{9324111A-4EBC-4E27-8175-27A5E3144CB5} = {C2592E15-FAA0-425D-A6AF-975308AD5A04}
		{C85F6CAD-2C72-4C67-8D16-8985C1F9BF3F} = {C2592E15-FAA0-425D-A6AF-975308AD5A04}
		{00169C70-96DA-4E4A-BB2A-3DAC6489C7E4} = {339FDED5-6054-416B-B643-CBF268A41057}
		{C1AA73BD-2FB0-480E-AFB6-BC4DE7A5D713} = {339FDED5-6054-416B-B643-CBF268A41057}
		{DECAD86D-62C5-4003-8EAB-665B116A8227} = {339FDED5-6054-416B-B643-CBF268A41057}
		{B30D450E-3A38-4A6A-A6CA-FBD8885A2236} = {339FDED5-6054-416B-B643-CBF268A41057}
		{7C6BFC9D-7AEE-4DCC-A68E-606E88FDCE86} = {6924F63A-1D1A-436F-BDB3-084EA8A43B3D}
		{5F621015-2E34-49A3-809F-4D2A36A4D2C5} = {6924F63A-1D1A-436F-BDB3-084EA8A43B3D}
		{65ECFA14-E054-4074-B3A3-EB361362DB64} = {6924F63A-1D1A-436F-BDB3-084EA8A43B3D}
		{05AE836C-8C2B-43C9-B958-345DA5474638} = {6924F63A-1D1A-436F-BDB3-084EA8A43B3D}
		{965D1228-BB5D-4F3F-B5BC-F4D2B1207695} = {6924F63A-1D1A-436F-BDB3-084EA8A43B3D}
		{88A26B13-D8D9-4EF9-AB90-DC8C39C68BE8} = {F26B4530-C947-48A2-B9E0-A5ABE45091DD}
		{25FFD5D2-98B8-4E73-BBA1-11EA039289DE} = {F26B4530-C947-48A2-B9E0-A5ABE45091DD}
		{3C5F1A88-F54A-4F89-B9DE-B14E53C56D15} = {0D5FFB98-043B-48DA-91F6-E692FA0B9711}
	EndGlobalSection
EndGlobal
