
Microsoft Visual Studio Solution File, Format Version 12.00
# Visual Studio 2013
VisualStudioVersion = 12.0.40629.0
MinimumVisualStudioVersion = 10.0.40219.1
Project("{FAE04EC0-301F-11D3-BF4B-00C04F79EFBC}") = "ClientSide.Validation", "ClientSide.Validation\ClientSide.Validation.csproj", "{AE0F8999-C2A7-456D-B429-4643BC7F29C7}"
EndProject
Global
	GlobalSection(SolutionConfigurationPlatforms) = preSolution
		Debug|Any CPU = Debug|Any CPU
		Release|Any CPU = Release|Any CPU
	EndGlobalSection
	GlobalSection(ProjectConfigurationPlatforms) = postSolution
		{AE0F8999-C2A7-456D-B429-4643BC7F29C7}.Debug|Any CPU.ActiveCfg = Debug|Any CPU
		{AE0F8999-C2A7-456D-B429-4643BC7F29C7}.Debug|Any CPU.Build.0 = Debug|Any CPU
		{AE0F8999-C2A7-456D-B429-4643BC7F29C7}.Release|Any CPU.ActiveCfg = Release|Any CPU
		{AE0F8999-C2A7-456D-B429-4643BC7F29C7}.Release|Any CPU.Build.0 = Release|Any CPU
	EndGlobalSection
	GlobalSection(SolutionProperties) = preSolution
		HideSolutionNode = FALSE
	EndGlobalSection
EndGlobal
