
Microsoft Visual Studio Solution File, Format Version 12.00
Project("{FAE04EC0-301F-11D3-BF4B-00C04F79EFBC}") = "UseOfMonad", "UseOfMonad\UseOfMonad.csproj", "{29DF4D41-56DA-4006-A927-BD6692C182BB}"
EndProject
Project("{FAE04EC0-301F-11D3-BF4B-00C04F79EFBC}") = "UseOfTransform", "UseOfTransform\UseOfTransform.csproj", "{7517AB70-0830-468B-B623-36C0D9095442}"
EndProject
Project("{FAE04EC0-301F-11D3-BF4B-00C04F79EFBC}") = "UseOfPipelines", "UseOfPipelines\UseOfPipelines.csproj", "{0A7A6DB6-FE57-4C38-A673-96C5C7FE3587}"
EndProject
Project("{FAE04EC0-301F-11D3-BF4B-00C04F79EFBC}") = "UseOfMethods_1", "UseOfMethods_1\UseOfMethods_1.csproj", "{B9781742-C865-4BB2-9899-FB5ABF37BDC5}"
EndProject
Project("{FAE04EC0-301F-11D3-BF4B-00C04F79EFBC}") = "UseOfDeclarativeStyle", "UseOfDeclarativeStyle\UseOfDeclarativeStyle.csproj", "{10B2561B-25CC-4F6A-AA88-B7F43B4A7A5C}"
EndProject
Project("{FAE04EC0-301F-11D3-BF4B-00C04F79EFBC}") = "AutomaticValidation", "AutomaticValidation\AutomaticValidation.csproj", "{59EFE32E-211C-42B2-B697-6BC4DC1C6554}"
EndProject
Project("{FAE04EC0-301F-11D3-BF4B-00C04F79EFBC}") = "ReturningOfMonads", "ReturningOfMonads\ReturningOfMonads.csproj", "{F92EC54B-6C5A-42FB-8B2A-7C3240520E8A}"
EndProject
Project("{FAE04EC0-301F-11D3-BF4B-00C04F79EFBC}") = "ShortCircuiting", "ShortCircuiting\ShortCircuiting.csproj", "{B054CFEB-C8C8-4651-A331-D3A6919D9041}"
EndProject
Project("{FAE04EC0-301F-11D3-BF4B-00C04F79EFBC}") = "FunctionComposition", "FunctionComposition\FunctionComposition.csproj", "{32B442FA-7BF1-4AB6-BEC0-398BFDDE1B53}"
EndProject
Project("{FAE04EC0-301F-11D3-BF4B-00C04F79EFBC}") = "IntroToEithers", "IntroToEithers\IntroToEithers.csproj", "{ABA4A8BD-35DD-497C-889E-FE3EB6D99241}"
EndProject
Project("{FAE04EC0-301F-11D3-BF4B-00C04F79EFBC}") = "BiBind", "BiBind\BiBind.csproj", "{98B95680-6AEE-4618-9F8C-6E008BB00AA4}"
EndProject
Project("{FAE04EC0-301F-11D3-BF4B-00C04F79EFBC}") = "BiExists", "BiExists\BiExists.csproj", "{A6BD7E64-4FF4-4677-BE7B-875AA53F67DE}"
EndProject
Project("{FAE04EC0-301F-11D3-BF4B-00C04F79EFBC}") = "UseOfFold", "UseOfFold\UseOfFold.csproj", "{942B9E0F-6458-4F34-AE1B-50F8C8B9C101}"
EndProject
Project("{FAE04EC0-301F-11D3-BF4B-00C04F79EFBC}") = "UseOfIter", "UseOfIter\UseOfIter.csproj", "{E8559790-CEFF-44F6-AF06-9E58C3383355}"
EndProject
Project("{FAE04EC0-301F-11D3-BF4B-00C04F79EFBC}") = "UseOfBiMap", "UseOfBiMap\UseOfBiMap.csproj", "{93976416-A831-4050-832C-BC43C3E33FC8}"
EndProject
Project("{FAE04EC0-301F-11D3-BF4B-00C04F79EFBC}") = "UseOfBindLeft", "UseOfBindLeft\UseOfBindLeft.csproj", "{CA74C83B-02F8-41B8-A6F5-37B968503146}"
EndProject
Project("{FAE04EC0-301F-11D3-BF4B-00C04F79EFBC}") = "UseOfMatch", "UseOfMatch\UseOfMatch.csproj", "{1AADF035-9EE8-44D2-8604-724A102EE1E3}"
EndProject
Project("{FAE04EC0-301F-11D3-BF4B-00C04F79EFBC}") = "BiMapT_N_MapT", "BiMapT_N_MapT\BiMapT_N_MapT.csproj", "{2AFF491A-913E-4B74-926D-01F103746ADA}"
EndProject
Project("{FAE04EC0-301F-11D3-BF4B-00C04F79EFBC}") = "UseOfBindT", "UseOfBindT\UseOfBindT.csproj", "{A988CEA7-41FC-40E9-8BB3-5B5DF2877C64}"
EndProject
Project("{FAE04EC0-301F-11D3-BF4B-00C04F79EFBC}") = "UseOfIterT", "UseOfIterT\UseOfIterT.csproj", "{D7BF2F60-2A35-4D2E-B000-62AC21D9D51E}"
EndProject
Project("{FAE04EC0-301F-11D3-BF4B-00C04F79EFBC}") = "UseOfApply", "UseOfApply\UseOfApply.csproj", "{75BE1512-3DD9-4257-BD59-B0FB0B19AFE5}"
EndProject
Project("{FAE04EC0-301F-11D3-BF4B-00C04F79EFBC}") = "UseOfPartition", "UseOfPartition\UseOfPartition.csproj", "{AE5AEABA-9FEB-452A-A239-AD6BBE8AEC60}"
EndProject
Project("{FAE04EC0-301F-11D3-BF4B-00C04F79EFBC}") = "UseOfMatch_2", "UseOfMatch_2\UseOfMatch_2.csproj", "{5E7CB5A4-DE99-4F20-8112-36DCCAABDE88}"
EndProject
Project("{FAE04EC0-301F-11D3-BF4B-00C04F79EFBC}") = "Intro_to_Option", "Intro_to_Option\Intro_to_Option.csproj", "{5D0EE115-0422-48E8-B703-6259D52FD193}"
EndProject
Project("{FAE04EC0-301F-11D3-BF4B-00C04F79EFBC}") = "Option_Basics", "Option_Basics\Option_Basics.csproj", "{A4916987-817F-4847-823D-92AECB567847}"
EndProject
Project("{FAE04EC0-301F-11D3-BF4B-00C04F79EFBC}") = "Option_in_functions", "Option_in_functions\Option_in_functions.csproj", "{B357CECA-ACB1-4F4B-A2A9-B52684977886}"
EndProject
Project("{FAE04EC0-301F-11D3-BF4B-00C04F79EFBC}") = "IfSome_and_IfNone", "IfSome_and_IfNone\IfSome_and_IfNone.csproj", "{B356C77E-C488-4347-A55F-7164C7CD5E19}"
EndProject
Project("{FAE04EC0-301F-11D3-BF4B-00C04F79EFBC}") = "Pipelining_with_Options", "Pipelining_with_Options\Pipelining_with_Options.csproj", "{FECCB381-E3ED-4AEF-B02D-255A00F9AD7C}"
EndProject
Project("{FAE04EC0-301F-11D3-BF4B-00C04F79EFBC}") = "UseOfToEither", "UseOfToEither\UseOfToEither.csproj", "{AC2E2294-03DB-44AE-B052-15781F054F6D}"
EndProject
Project("{FAE04EC0-301F-11D3-BF4B-00C04F79EFBC}") = "UseOf_BiMap", "UseOf_BiMap\UseOf_BiMap.csproj", "{EC150610-3648-42E9-9A1E-53DFCC4D573B}"
EndProject
Project("{FAE04EC0-301F-11D3-BF4B-00C04F79EFBC}") = "UseOf_ThrowIfFailed", "UseOf_ThrowIfFailed\UseOf_ThrowIfFailed.csproj", "{85550B06-7F9F-4744-9EA5-D6299B2A22AD}"
EndProject
Project("{FAE04EC0-301F-11D3-BF4B-00C04F79EFBC}") = "UseOf_FailureToNone", "UseOf_FailureToNone\UseOf_FailureToNone.csproj", "{2081BC7A-A015-4FAF-B38B-DB132F067EA8}"
EndProject
Project("{FAE04EC0-301F-11D3-BF4B-00C04F79EFBC}") = "Changing_state_over_time", "Changing_state_over_time\Changing_state_over_time.csproj", "{5011A9ED-8BF4-4F83-8B9B-1B6394E76939}"
EndProject
Project("{FAE04EC0-301F-11D3-BF4B-00C04F79EFBC}") = "UseOf_Statics", "UseOf_Statics\UseOf_Statics.csproj", "{CD472B67-0A36-4465-9304-5CC1C65E53B8}"
EndProject
Project("{FAE04EC0-301F-11D3-BF4B-00C04F79EFBC}") = "Caching_and_Memoization", "Caching_and_Memoization\Caching_and_Memoization.csproj", "{38332BE0-1996-4CB4-90F3-E657E0352D91}"
EndProject
Project("{FAE04EC0-301F-11D3-BF4B-00C04F79EFBC}") = "Immutability_Smart_Constructors", "Immutability_Smart_Constructors\Immutability_Smart_Constructors.csproj", "{55CF42E2-147B-4244-9638-BABDDD1B2B9B}"
EndProject
Project("{FAE04EC0-301F-11D3-BF4B-00C04F79EFBC}") = "UseOf_Try", "UseOf_Try\UseOf_Try.csproj", "{5FCC3786-4AEC-4132-897D-E1B9B98529AD}"
EndProject
Global
	GlobalSection(SolutionConfigurationPlatforms) = preSolution
		Debug|Any CPU = Debug|Any CPU
		Release|Any CPU = Release|Any CPU
	EndGlobalSection
	GlobalSection(ProjectConfigurationPlatforms) = postSolution
		{29DF4D41-56DA-4006-A927-BD6692C182BB}.Debug|Any CPU.ActiveCfg = Debug|Any CPU
		{29DF4D41-56DA-4006-A927-BD6692C182BB}.Debug|Any CPU.Build.0 = Debug|Any CPU
		{29DF4D41-56DA-4006-A927-BD6692C182BB}.Release|Any CPU.ActiveCfg = Release|Any CPU
		{29DF4D41-56DA-4006-A927-BD6692C182BB}.Release|Any CPU.Build.0 = Release|Any CPU
		{7517AB70-0830-468B-B623-36C0D9095442}.Debug|Any CPU.ActiveCfg = Debug|Any CPU
		{7517AB70-0830-468B-B623-36C0D9095442}.Debug|Any CPU.Build.0 = Debug|Any CPU
		{7517AB70-0830-468B-B623-36C0D9095442}.Release|Any CPU.ActiveCfg = Release|Any CPU
		{7517AB70-0830-468B-B623-36C0D9095442}.Release|Any CPU.Build.0 = Release|Any CPU
		{0A7A6DB6-FE57-4C38-A673-96C5C7FE3587}.Debug|Any CPU.ActiveCfg = Debug|Any CPU
		{0A7A6DB6-FE57-4C38-A673-96C5C7FE3587}.Debug|Any CPU.Build.0 = Debug|Any CPU
		{0A7A6DB6-FE57-4C38-A673-96C5C7FE3587}.Release|Any CPU.ActiveCfg = Release|Any CPU
		{0A7A6DB6-FE57-4C38-A673-96C5C7FE3587}.Release|Any CPU.Build.0 = Release|Any CPU
		{B9781742-C865-4BB2-9899-FB5ABF37BDC5}.Debug|Any CPU.ActiveCfg = Debug|Any CPU
		{B9781742-C865-4BB2-9899-FB5ABF37BDC5}.Debug|Any CPU.Build.0 = Debug|Any CPU
		{B9781742-C865-4BB2-9899-FB5ABF37BDC5}.Release|Any CPU.ActiveCfg = Release|Any CPU
		{B9781742-C865-4BB2-9899-FB5ABF37BDC5}.Release|Any CPU.Build.0 = Release|Any CPU
		{10B2561B-25CC-4F6A-AA88-B7F43B4A7A5C}.Debug|Any CPU.ActiveCfg = Debug|Any CPU
		{10B2561B-25CC-4F6A-AA88-B7F43B4A7A5C}.Debug|Any CPU.Build.0 = Debug|Any CPU
		{10B2561B-25CC-4F6A-AA88-B7F43B4A7A5C}.Release|Any CPU.ActiveCfg = Release|Any CPU
		{10B2561B-25CC-4F6A-AA88-B7F43B4A7A5C}.Release|Any CPU.Build.0 = Release|Any CPU
		{59EFE32E-211C-42B2-B697-6BC4DC1C6554}.Debug|Any CPU.ActiveCfg = Debug|Any CPU
		{59EFE32E-211C-42B2-B697-6BC4DC1C6554}.Debug|Any CPU.Build.0 = Debug|Any CPU
		{59EFE32E-211C-42B2-B697-6BC4DC1C6554}.Release|Any CPU.ActiveCfg = Release|Any CPU
		{59EFE32E-211C-42B2-B697-6BC4DC1C6554}.Release|Any CPU.Build.0 = Release|Any CPU
		{F92EC54B-6C5A-42FB-8B2A-7C3240520E8A}.Debug|Any CPU.ActiveCfg = Debug|Any CPU
		{F92EC54B-6C5A-42FB-8B2A-7C3240520E8A}.Debug|Any CPU.Build.0 = Debug|Any CPU
		{F92EC54B-6C5A-42FB-8B2A-7C3240520E8A}.Release|Any CPU.ActiveCfg = Release|Any CPU
		{F92EC54B-6C5A-42FB-8B2A-7C3240520E8A}.Release|Any CPU.Build.0 = Release|Any CPU
		{B054CFEB-C8C8-4651-A331-D3A6919D9041}.Debug|Any CPU.ActiveCfg = Debug|Any CPU
		{B054CFEB-C8C8-4651-A331-D3A6919D9041}.Debug|Any CPU.Build.0 = Debug|Any CPU
		{B054CFEB-C8C8-4651-A331-D3A6919D9041}.Release|Any CPU.ActiveCfg = Release|Any CPU
		{B054CFEB-C8C8-4651-A331-D3A6919D9041}.Release|Any CPU.Build.0 = Release|Any CPU
		{32B442FA-7BF1-4AB6-BEC0-398BFDDE1B53}.Debug|Any CPU.ActiveCfg = Debug|Any CPU
		{32B442FA-7BF1-4AB6-BEC0-398BFDDE1B53}.Debug|Any CPU.Build.0 = Debug|Any CPU
		{32B442FA-7BF1-4AB6-BEC0-398BFDDE1B53}.Release|Any CPU.ActiveCfg = Release|Any CPU
		{32B442FA-7BF1-4AB6-BEC0-398BFDDE1B53}.Release|Any CPU.Build.0 = Release|Any CPU
		{ABA4A8BD-35DD-497C-889E-FE3EB6D99241}.Debug|Any CPU.ActiveCfg = Debug|Any CPU
		{ABA4A8BD-35DD-497C-889E-FE3EB6D99241}.Debug|Any CPU.Build.0 = Debug|Any CPU
		{ABA4A8BD-35DD-497C-889E-FE3EB6D99241}.Release|Any CPU.ActiveCfg = Release|Any CPU
		{ABA4A8BD-35DD-497C-889E-FE3EB6D99241}.Release|Any CPU.Build.0 = Release|Any CPU
		{98B95680-6AEE-4618-9F8C-6E008BB00AA4}.Debug|Any CPU.ActiveCfg = Debug|Any CPU
		{98B95680-6AEE-4618-9F8C-6E008BB00AA4}.Debug|Any CPU.Build.0 = Debug|Any CPU
		{98B95680-6AEE-4618-9F8C-6E008BB00AA4}.Release|Any CPU.ActiveCfg = Release|Any CPU
		{98B95680-6AEE-4618-9F8C-6E008BB00AA4}.Release|Any CPU.Build.0 = Release|Any CPU
		{A6BD7E64-4FF4-4677-BE7B-875AA53F67DE}.Debug|Any CPU.ActiveCfg = Debug|Any CPU
		{A6BD7E64-4FF4-4677-BE7B-875AA53F67DE}.Debug|Any CPU.Build.0 = Debug|Any CPU
		{A6BD7E64-4FF4-4677-BE7B-875AA53F67DE}.Release|Any CPU.ActiveCfg = Release|Any CPU
		{A6BD7E64-4FF4-4677-BE7B-875AA53F67DE}.Release|Any CPU.Build.0 = Release|Any CPU
		{942B9E0F-6458-4F34-AE1B-50F8C8B9C101}.Debug|Any CPU.ActiveCfg = Debug|Any CPU
		{942B9E0F-6458-4F34-AE1B-50F8C8B9C101}.Debug|Any CPU.Build.0 = Debug|Any CPU
		{942B9E0F-6458-4F34-AE1B-50F8C8B9C101}.Release|Any CPU.ActiveCfg = Release|Any CPU
		{942B9E0F-6458-4F34-AE1B-50F8C8B9C101}.Release|Any CPU.Build.0 = Release|Any CPU
		{E8559790-CEFF-44F6-AF06-9E58C3383355}.Debug|Any CPU.ActiveCfg = Debug|Any CPU
		{E8559790-CEFF-44F6-AF06-9E58C3383355}.Debug|Any CPU.Build.0 = Debug|Any CPU
		{E8559790-CEFF-44F6-AF06-9E58C3383355}.Release|Any CPU.ActiveCfg = Release|Any CPU
		{E8559790-CEFF-44F6-AF06-9E58C3383355}.Release|Any CPU.Build.0 = Release|Any CPU
		{93976416-A831-4050-832C-BC43C3E33FC8}.Debug|Any CPU.ActiveCfg = Debug|Any CPU
		{93976416-A831-4050-832C-BC43C3E33FC8}.Debug|Any CPU.Build.0 = Debug|Any CPU
		{93976416-A831-4050-832C-BC43C3E33FC8}.Release|Any CPU.ActiveCfg = Release|Any CPU
		{93976416-A831-4050-832C-BC43C3E33FC8}.Release|Any CPU.Build.0 = Release|Any CPU
		{CA74C83B-02F8-41B8-A6F5-37B968503146}.Debug|Any CPU.ActiveCfg = Debug|Any CPU
		{CA74C83B-02F8-41B8-A6F5-37B968503146}.Debug|Any CPU.Build.0 = Debug|Any CPU
		{CA74C83B-02F8-41B8-A6F5-37B968503146}.Release|Any CPU.ActiveCfg = Release|Any CPU
		{CA74C83B-02F8-41B8-A6F5-37B968503146}.Release|Any CPU.Build.0 = Release|Any CPU
		{1AADF035-9EE8-44D2-8604-724A102EE1E3}.Debug|Any CPU.ActiveCfg = Debug|Any CPU
		{1AADF035-9EE8-44D2-8604-724A102EE1E3}.Debug|Any CPU.Build.0 = Debug|Any CPU
		{1AADF035-9EE8-44D2-8604-724A102EE1E3}.Release|Any CPU.ActiveCfg = Release|Any CPU
		{1AADF035-9EE8-44D2-8604-724A102EE1E3}.Release|Any CPU.Build.0 = Release|Any CPU
		{2AFF491A-913E-4B74-926D-01F103746ADA}.Debug|Any CPU.ActiveCfg = Debug|Any CPU
		{2AFF491A-913E-4B74-926D-01F103746ADA}.Debug|Any CPU.Build.0 = Debug|Any CPU
		{2AFF491A-913E-4B74-926D-01F103746ADA}.Release|Any CPU.ActiveCfg = Release|Any CPU
		{2AFF491A-913E-4B74-926D-01F103746ADA}.Release|Any CPU.Build.0 = Release|Any CPU
		{A988CEA7-41FC-40E9-8BB3-5B5DF2877C64}.Debug|Any CPU.ActiveCfg = Debug|Any CPU
		{A988CEA7-41FC-40E9-8BB3-5B5DF2877C64}.Debug|Any CPU.Build.0 = Debug|Any CPU
		{A988CEA7-41FC-40E9-8BB3-5B5DF2877C64}.Release|Any CPU.ActiveCfg = Release|Any CPU
		{A988CEA7-41FC-40E9-8BB3-5B5DF2877C64}.Release|Any CPU.Build.0 = Release|Any CPU
		{D7BF2F60-2A35-4D2E-B000-62AC21D9D51E}.Debug|Any CPU.ActiveCfg = Debug|Any CPU
		{D7BF2F60-2A35-4D2E-B000-62AC21D9D51E}.Debug|Any CPU.Build.0 = Debug|Any CPU
		{D7BF2F60-2A35-4D2E-B000-62AC21D9D51E}.Release|Any CPU.ActiveCfg = Release|Any CPU
		{D7BF2F60-2A35-4D2E-B000-62AC21D9D51E}.Release|Any CPU.Build.0 = Release|Any CPU
		{75BE1512-3DD9-4257-BD59-B0FB0B19AFE5}.Debug|Any CPU.ActiveCfg = Debug|Any CPU
		{75BE1512-3DD9-4257-BD59-B0FB0B19AFE5}.Debug|Any CPU.Build.0 = Debug|Any CPU
		{75BE1512-3DD9-4257-BD59-B0FB0B19AFE5}.Release|Any CPU.ActiveCfg = Release|Any CPU
		{75BE1512-3DD9-4257-BD59-B0FB0B19AFE5}.Release|Any CPU.Build.0 = Release|Any CPU
		{AE5AEABA-9FEB-452A-A239-AD6BBE8AEC60}.Debug|Any CPU.ActiveCfg = Debug|Any CPU
		{AE5AEABA-9FEB-452A-A239-AD6BBE8AEC60}.Debug|Any CPU.Build.0 = Debug|Any CPU
		{AE5AEABA-9FEB-452A-A239-AD6BBE8AEC60}.Release|Any CPU.ActiveCfg = Release|Any CPU
		{AE5AEABA-9FEB-452A-A239-AD6BBE8AEC60}.Release|Any CPU.Build.0 = Release|Any CPU
		{5E7CB5A4-DE99-4F20-8112-36DCCAABDE88}.Debug|Any CPU.ActiveCfg = Debug|Any CPU
		{5E7CB5A4-DE99-4F20-8112-36DCCAABDE88}.Debug|Any CPU.Build.0 = Debug|Any CPU
		{5E7CB5A4-DE99-4F20-8112-36DCCAABDE88}.Release|Any CPU.ActiveCfg = Release|Any CPU
		{5E7CB5A4-DE99-4F20-8112-36DCCAABDE88}.Release|Any CPU.Build.0 = Release|Any CPU
		{5D0EE115-0422-48E8-B703-6259D52FD193}.Debug|Any CPU.ActiveCfg = Debug|Any CPU
		{5D0EE115-0422-48E8-B703-6259D52FD193}.Debug|Any CPU.Build.0 = Debug|Any CPU
		{5D0EE115-0422-48E8-B703-6259D52FD193}.Release|Any CPU.ActiveCfg = Release|Any CPU
		{5D0EE115-0422-48E8-B703-6259D52FD193}.Release|Any CPU.Build.0 = Release|Any CPU
		{A4916987-817F-4847-823D-92AECB567847}.Debug|Any CPU.ActiveCfg = Debug|Any CPU
		{A4916987-817F-4847-823D-92AECB567847}.Debug|Any CPU.Build.0 = Debug|Any CPU
		{A4916987-817F-4847-823D-92AECB567847}.Release|Any CPU.ActiveCfg = Release|Any CPU
		{A4916987-817F-4847-823D-92AECB567847}.Release|Any CPU.Build.0 = Release|Any CPU
		{B357CECA-ACB1-4F4B-A2A9-B52684977886}.Debug|Any CPU.ActiveCfg = Debug|Any CPU
		{B357CECA-ACB1-4F4B-A2A9-B52684977886}.Debug|Any CPU.Build.0 = Debug|Any CPU
		{B357CECA-ACB1-4F4B-A2A9-B52684977886}.Release|Any CPU.ActiveCfg = Release|Any CPU
		{B357CECA-ACB1-4F4B-A2A9-B52684977886}.Release|Any CPU.Build.0 = Release|Any CPU
		{B356C77E-C488-4347-A55F-7164C7CD5E19}.Debug|Any CPU.ActiveCfg = Debug|Any CPU
		{B356C77E-C488-4347-A55F-7164C7CD5E19}.Debug|Any CPU.Build.0 = Debug|Any CPU
		{B356C77E-C488-4347-A55F-7164C7CD5E19}.Release|Any CPU.ActiveCfg = Release|Any CPU
		{B356C77E-C488-4347-A55F-7164C7CD5E19}.Release|Any CPU.Build.0 = Release|Any CPU
		{FECCB381-E3ED-4AEF-B02D-255A00F9AD7C}.Debug|Any CPU.ActiveCfg = Debug|Any CPU
		{FECCB381-E3ED-4AEF-B02D-255A00F9AD7C}.Debug|Any CPU.Build.0 = Debug|Any CPU
		{FECCB381-E3ED-4AEF-B02D-255A00F9AD7C}.Release|Any CPU.ActiveCfg = Release|Any CPU
		{FECCB381-E3ED-4AEF-B02D-255A00F9AD7C}.Release|Any CPU.Build.0 = Release|Any CPU
		{AC2E2294-03DB-44AE-B052-15781F054F6D}.Debug|Any CPU.ActiveCfg = Debug|Any CPU
		{AC2E2294-03DB-44AE-B052-15781F054F6D}.Debug|Any CPU.Build.0 = Debug|Any CPU
		{AC2E2294-03DB-44AE-B052-15781F054F6D}.Release|Any CPU.ActiveCfg = Release|Any CPU
		{AC2E2294-03DB-44AE-B052-15781F054F6D}.Release|Any CPU.Build.0 = Release|Any CPU
		{EC150610-3648-42E9-9A1E-53DFCC4D573B}.Debug|Any CPU.ActiveCfg = Debug|Any CPU
		{EC150610-3648-42E9-9A1E-53DFCC4D573B}.Debug|Any CPU.Build.0 = Debug|Any CPU
		{EC150610-3648-42E9-9A1E-53DFCC4D573B}.Release|Any CPU.ActiveCfg = Release|Any CPU
		{EC150610-3648-42E9-9A1E-53DFCC4D573B}.Release|Any CPU.Build.0 = Release|Any CPU
		{85550B06-7F9F-4744-9EA5-D6299B2A22AD}.Debug|Any CPU.ActiveCfg = Debug|Any CPU
		{85550B06-7F9F-4744-9EA5-D6299B2A22AD}.Debug|Any CPU.Build.0 = Debug|Any CPU
		{85550B06-7F9F-4744-9EA5-D6299B2A22AD}.Release|Any CPU.ActiveCfg = Release|Any CPU
		{85550B06-7F9F-4744-9EA5-D6299B2A22AD}.Release|Any CPU.Build.0 = Release|Any CPU
		{2081BC7A-A015-4FAF-B38B-DB132F067EA8}.Debug|Any CPU.ActiveCfg = Debug|Any CPU
		{2081BC7A-A015-4FAF-B38B-DB132F067EA8}.Debug|Any CPU.Build.0 = Debug|Any CPU
		{2081BC7A-A015-4FAF-B38B-DB132F067EA8}.Release|Any CPU.ActiveCfg = Release|Any CPU
		{2081BC7A-A015-4FAF-B38B-DB132F067EA8}.Release|Any CPU.Build.0 = Release|Any CPU
		{5011A9ED-8BF4-4F83-8B9B-1B6394E76939}.Debug|Any CPU.ActiveCfg = Debug|Any CPU
		{5011A9ED-8BF4-4F83-8B9B-1B6394E76939}.Debug|Any CPU.Build.0 = Debug|Any CPU
		{5011A9ED-8BF4-4F83-8B9B-1B6394E76939}.Release|Any CPU.ActiveCfg = Release|Any CPU
		{5011A9ED-8BF4-4F83-8B9B-1B6394E76939}.Release|Any CPU.Build.0 = Release|Any CPU
		{CD472B67-0A36-4465-9304-5CC1C65E53B8}.Debug|Any CPU.ActiveCfg = Debug|Any CPU
		{CD472B67-0A36-4465-9304-5CC1C65E53B8}.Debug|Any CPU.Build.0 = Debug|Any CPU
		{CD472B67-0A36-4465-9304-5CC1C65E53B8}.Release|Any CPU.ActiveCfg = Release|Any CPU
		{CD472B67-0A36-4465-9304-5CC1C65E53B8}.Release|Any CPU.Build.0 = Release|Any CPU
		{38332BE0-1996-4CB4-90F3-E657E0352D91}.Debug|Any CPU.ActiveCfg = Debug|Any CPU
		{38332BE0-1996-4CB4-90F3-E657E0352D91}.Debug|Any CPU.Build.0 = Debug|Any CPU
		{38332BE0-1996-4CB4-90F3-E657E0352D91}.Release|Any CPU.ActiveCfg = Release|Any CPU
		{38332BE0-1996-4CB4-90F3-E657E0352D91}.Release|Any CPU.Build.0 = Release|Any CPU
		{55CF42E2-147B-4244-9638-BABDDD1B2B9B}.Debug|Any CPU.ActiveCfg = Debug|Any CPU
		{55CF42E2-147B-4244-9638-BABDDD1B2B9B}.Debug|Any CPU.Build.0 = Debug|Any CPU
		{55CF42E2-147B-4244-9638-BABDDD1B2B9B}.Release|Any CPU.ActiveCfg = Release|Any CPU
		{55CF42E2-147B-4244-9638-BABDDD1B2B9B}.Release|Any CPU.Build.0 = Release|Any CPU
		{5FCC3786-4AEC-4132-897D-E1B9B98529AD}.Debug|Any CPU.ActiveCfg = Debug|Any CPU
		{5FCC3786-4AEC-4132-897D-E1B9B98529AD}.Debug|Any CPU.Build.0 = Debug|Any CPU
		{5FCC3786-4AEC-4132-897D-E1B9B98529AD}.Release|Any CPU.ActiveCfg = Release|Any CPU
		{5FCC3786-4AEC-4132-897D-E1B9B98529AD}.Release|Any CPU.Build.0 = Release|Any CPU
	EndGlobalSection
EndGlobal
