
Microsoft Visual Studio Solution File, Format Version 12.00
# Visual Studio 15
VisualStudioVersion = 15.0.28307.1267
MinimumVisualStudioVersion = 10.0.40219.1
Project("{2150E333-8FDC-42A3-9474-1A3956D46DE8}") = "Pipes", "Pipes", "{20CED475-53C6-4CDC-8D76-3507CCDA358E}"
EndProject
Project("{2150E333-8FDC-42A3-9474-1A3956D46DE8}") = "TCP", "TCP", "{ACC19884-9303-4805-9D4E-47D46BA5ED4B}"
EndProject
Project("{2150E333-8FDC-42A3-9474-1A3956D46DE8}") = "UDP", "UDP", "{4EDEC713-9262-483D-B682-CC70083E6923}"
EndProject
Project("{FAE04EC0-301F-11D3-BF4B-00C04F79EFBC}") = "AuthPostRequest.Sample", "AuthPostRequest.Sample\AuthPostRequest.Sample.csproj", "{19DA8F0C-9607-4201-812D-9F84CEB66186}"
EndProject
Project("{9A19103F-16F7-4668-BE54-9A1E7A4F7556}") = "PipesWriterSample", "PipesWriterSample\PipesWriterSample.csproj", "{A99926A1-7864-4463-8490-7E7B29F89071}"
EndProject
Project("{9A19103F-16F7-4668-BE54-9A1E7A4F7556}") = "PipesReaderSample", "PipesReaderSample\PipesReaderSample.csproj", "{AC55FB55-1ED0-4C9D-AF14-DA5B3F2A0E4E}"
EndProject
Project("{9A19103F-16F7-4668-BE54-9A1E7A4F7556}") = "AnonymousPipesSample", "AnonymousPipesSample\AnonymousPipesSample.csproj", "{9C31938A-4F24-4928-9E45-17041A01B087}"
EndProject
Project("{9A19103F-16F7-4668-BE54-9A1E7A4F7556}") = "HttpClientSample", "HttpClientSample\HttpClientSample.csproj", "{D84B2F18-0E22-41D3-B9A4-294057B31A6E}"
EndProject
Project("{9A19103F-16F7-4668-BE54-9A1E7A4F7556}") = "SimpleHttpServerSample", "SimpleHttpServerSample\SimpleHttpServerSample.csproj", "{EFFD164B-5D5D-4423-97CA-12DB40A69B3C}"
EndProject
Project("{9A19103F-16F7-4668-BE54-9A1E7A4F7556}") = "UriSample", "UriSample\UriSample.csproj", "{F4E07A23-C568-4135-994A-C0741C35AF15}"
EndProject
Project("{9A19103F-16F7-4668-BE54-9A1E7A4F7556}") = "IPAddressesSample", "IPAddressesSample\IPAddressesSample.csproj", "{468BFED8-AC8C-4DAB-B0EE-B9A4208C4069}"
EndProject
Project("{9A19103F-16F7-4668-BE54-9A1E7A4F7556}") = "DnsLookupSample", "DnsLookupSample\DnsLookupSample.csproj", "{5E14560C-8730-4E0E-B559-B7773FCAD371}"
EndProject
Project("{9A19103F-16F7-4668-BE54-9A1E7A4F7556}") = "HttpClientUsingTcpSample", "HttpClientUsingTcpSample\HttpClientUsingTcpSample.csproj", "{97AA715E-2B21-46F6-B956-98CD10F0870F}"
EndProject
Project("{9A19103F-16F7-4668-BE54-9A1E7A4F7556}") = "TcpServerSample", "TcpServerSample\TcpServerSample.csproj", "{EF3205E5-B271-4F5E-AB91-6C378C92AF2F}"
EndProject
Project("{FAE04EC0-301F-11D3-BF4B-00C04F79EFBC}") = "WpfAppTcpClient", "WpfAppTcpClient\WpfAppTcpClient.csproj", "{6BE599C1-46F7-4963-B75A-E9FE98C399BF}"
EndProject
Project("{9A19103F-16F7-4668-BE54-9A1E7A4F7556}") = "TcpConsoleClientSample", "TcpConsoleClientSample\TcpConsoleClientSample.csproj", "{EF894823-0C75-4672-A94E-475613977A98}"
EndProject
Project("{9A19103F-16F7-4668-BE54-9A1E7A4F7556}") = "UdpReceiverSample", "UdpReceiverSample\UdpReceiverSample.csproj", "{E178CD22-01BF-43B3-ABD6-0743D6154012}"
EndProject
Project("{9A19103F-16F7-4668-BE54-9A1E7A4F7556}") = "UdpSenderSample", "UdpSenderSample\UdpSenderSample.csproj", "{ED9861E4-2403-4F20-9B43-50859B27C974}"
EndProject
Project("{9A19103F-16F7-4668-BE54-9A1E7A4F7556}") = "SocketServer", "SocketServer\SocketServer.csproj", "{8C653762-FEB6-4CFA-8E62-15264F999B68}"
EndProject
Project("{9A19103F-16F7-4668-BE54-9A1E7A4F7556}") = "SocketClient", "SocketClient\SocketClient.csproj", "{8CB6C8C1-3C0B-4FFF-9BEC-3B04180D9DCB}"
EndProject
Global
	GlobalSection(SolutionConfigurationPlatforms) = preSolution
		Debug|Any CPU = Debug|Any CPU
		Release|Any CPU = Release|Any CPU
	EndGlobalSection
	GlobalSection(ProjectConfigurationPlatforms) = postSolution
		{19DA8F0C-9607-4201-812D-9F84CEB66186}.Debug|Any CPU.ActiveCfg = Debug|Any CPU
		{19DA8F0C-9607-4201-812D-9F84CEB66186}.Debug|Any CPU.Build.0 = Debug|Any CPU
		{19DA8F0C-9607-4201-812D-9F84CEB66186}.Release|Any CPU.ActiveCfg = Release|Any CPU
		{19DA8F0C-9607-4201-812D-9F84CEB66186}.Release|Any CPU.Build.0 = Release|Any CPU
		{A99926A1-7864-4463-8490-7E7B29F89071}.Debug|Any CPU.ActiveCfg = Debug|Any CPU
		{A99926A1-7864-4463-8490-7E7B29F89071}.Debug|Any CPU.Build.0 = Debug|Any CPU
		{A99926A1-7864-4463-8490-7E7B29F89071}.Release|Any CPU.ActiveCfg = Release|Any CPU
		{A99926A1-7864-4463-8490-7E7B29F89071}.Release|Any CPU.Build.0 = Release|Any CPU
		{AC55FB55-1ED0-4C9D-AF14-DA5B3F2A0E4E}.Debug|Any CPU.ActiveCfg = Debug|Any CPU
		{AC55FB55-1ED0-4C9D-AF14-DA5B3F2A0E4E}.Debug|Any CPU.Build.0 = Debug|Any CPU
		{AC55FB55-1ED0-4C9D-AF14-DA5B3F2A0E4E}.Release|Any CPU.ActiveCfg = Release|Any CPU
		{AC55FB55-1ED0-4C9D-AF14-DA5B3F2A0E4E}.Release|Any CPU.Build.0 = Release|Any CPU
		{6526EC90-CF11-4F00-9437-BE989019E542}.Debug|Any CPU.ActiveCfg = Debug|Any CPU
		{6526EC90-CF11-4F00-9437-BE989019E542}.Debug|Any CPU.Build.0 = Debug|Any CPU
		{6526EC90-CF11-4F00-9437-BE989019E542}.Release|Any CPU.ActiveCfg = Release|Any CPU
		{6526EC90-CF11-4F00-9437-BE989019E542}.Release|Any CPU.Build.0 = Release|Any CPU
		{9C31938A-4F24-4928-9E45-17041A01B087}.Debug|Any CPU.ActiveCfg = Debug|Any CPU
		{9C31938A-4F24-4928-9E45-17041A01B087}.Debug|Any CPU.Build.0 = Debug|Any CPU
		{9C31938A-4F24-4928-9E45-17041A01B087}.Release|Any CPU.ActiveCfg = Release|Any CPU
		{9C31938A-4F24-4928-9E45-17041A01B087}.Release|Any CPU.Build.0 = Release|Any CPU
		{D84B2F18-0E22-41D3-B9A4-294057B31A6E}.Debug|Any CPU.ActiveCfg = Debug|Any CPU
		{D84B2F18-0E22-41D3-B9A4-294057B31A6E}.Debug|Any CPU.Build.0 = Debug|Any CPU
		{D84B2F18-0E22-41D3-B9A4-294057B31A6E}.Release|Any CPU.ActiveCfg = Release|Any CPU
		{D84B2F18-0E22-41D3-B9A4-294057B31A6E}.Release|Any CPU.Build.0 = Release|Any CPU
		{EFFD164B-5D5D-4423-97CA-12DB40A69B3C}.Debug|Any CPU.ActiveCfg = Debug|Any CPU
		{EFFD164B-5D5D-4423-97CA-12DB40A69B3C}.Debug|Any CPU.Build.0 = Debug|Any CPU
		{EFFD164B-5D5D-4423-97CA-12DB40A69B3C}.Release|Any CPU.ActiveCfg = Release|Any CPU
		{EFFD164B-5D5D-4423-97CA-12DB40A69B3C}.Release|Any CPU.Build.0 = Release|Any CPU
		{F4E07A23-C568-4135-994A-C0741C35AF15}.Debug|Any CPU.ActiveCfg = Debug|Any CPU
		{F4E07A23-C568-4135-994A-C0741C35AF15}.Debug|Any CPU.Build.0 = Debug|Any CPU
		{F4E07A23-C568-4135-994A-C0741C35AF15}.Release|Any CPU.ActiveCfg = Release|Any CPU
		{F4E07A23-C568-4135-994A-C0741C35AF15}.Release|Any CPU.Build.0 = Release|Any CPU
		{468BFED8-AC8C-4DAB-B0EE-B9A4208C4069}.Debug|Any CPU.ActiveCfg = Debug|Any CPU
		{468BFED8-AC8C-4DAB-B0EE-B9A4208C4069}.Debug|Any CPU.Build.0 = Debug|Any CPU
		{468BFED8-AC8C-4DAB-B0EE-B9A4208C4069}.Release|Any CPU.ActiveCfg = Release|Any CPU
		{468BFED8-AC8C-4DAB-B0EE-B9A4208C4069}.Release|Any CPU.Build.0 = Release|Any CPU
		{5E14560C-8730-4E0E-B559-B7773FCAD371}.Debug|Any CPU.ActiveCfg = Debug|Any CPU
		{5E14560C-8730-4E0E-B559-B7773FCAD371}.Debug|Any CPU.Build.0 = Debug|Any CPU
		{5E14560C-8730-4E0E-B559-B7773FCAD371}.Release|Any CPU.ActiveCfg = Release|Any CPU
		{5E14560C-8730-4E0E-B559-B7773FCAD371}.Release|Any CPU.Build.0 = Release|Any CPU
		{97AA715E-2B21-46F6-B956-98CD10F0870F}.Debug|Any CPU.ActiveCfg = Debug|Any CPU
		{97AA715E-2B21-46F6-B956-98CD10F0870F}.Debug|Any CPU.Build.0 = Debug|Any CPU
		{97AA715E-2B21-46F6-B956-98CD10F0870F}.Release|Any CPU.ActiveCfg = Release|Any CPU
		{97AA715E-2B21-46F6-B956-98CD10F0870F}.Release|Any CPU.Build.0 = Release|Any CPU
		{EF3205E5-B271-4F5E-AB91-6C378C92AF2F}.Debug|Any CPU.ActiveCfg = Debug|Any CPU
		{EF3205E5-B271-4F5E-AB91-6C378C92AF2F}.Debug|Any CPU.Build.0 = Debug|Any CPU
		{EF3205E5-B271-4F5E-AB91-6C378C92AF2F}.Release|Any CPU.ActiveCfg = Release|Any CPU
		{EF3205E5-B271-4F5E-AB91-6C378C92AF2F}.Release|Any CPU.Build.0 = Release|Any CPU
		{6BE599C1-46F7-4963-B75A-E9FE98C399BF}.Debug|Any CPU.ActiveCfg = Debug|Any CPU
		{6BE599C1-46F7-4963-B75A-E9FE98C399BF}.Debug|Any CPU.Build.0 = Debug|Any CPU
		{6BE599C1-46F7-4963-B75A-E9FE98C399BF}.Release|Any CPU.ActiveCfg = Release|Any CPU
		{6BE599C1-46F7-4963-B75A-E9FE98C399BF}.Release|Any CPU.Build.0 = Release|Any CPU
		{EF894823-0C75-4672-A94E-475613977A98}.Debug|Any CPU.ActiveCfg = Debug|Any CPU
		{EF894823-0C75-4672-A94E-475613977A98}.Debug|Any CPU.Build.0 = Debug|Any CPU
		{EF894823-0C75-4672-A94E-475613977A98}.Release|Any CPU.ActiveCfg = Release|Any CPU
		{EF894823-0C75-4672-A94E-475613977A98}.Release|Any CPU.Build.0 = Release|Any CPU
		{E178CD22-01BF-43B3-ABD6-0743D6154012}.Debug|Any CPU.ActiveCfg = Debug|Any CPU
		{E178CD22-01BF-43B3-ABD6-0743D6154012}.Debug|Any CPU.Build.0 = Debug|Any CPU
		{E178CD22-01BF-43B3-ABD6-0743D6154012}.Release|Any CPU.ActiveCfg = Release|Any CPU
		{E178CD22-01BF-43B3-ABD6-0743D6154012}.Release|Any CPU.Build.0 = Release|Any CPU
		{ED9861E4-2403-4F20-9B43-50859B27C974}.Debug|Any CPU.ActiveCfg = Debug|Any CPU
		{ED9861E4-2403-4F20-9B43-50859B27C974}.Debug|Any CPU.Build.0 = Debug|Any CPU
		{ED9861E4-2403-4F20-9B43-50859B27C974}.Release|Any CPU.ActiveCfg = Release|Any CPU
		{ED9861E4-2403-4F20-9B43-50859B27C974}.Release|Any CPU.Build.0 = Release|Any CPU
		{8C653762-FEB6-4CFA-8E62-15264F999B68}.Debug|Any CPU.ActiveCfg = Debug|Any CPU
		{8C653762-FEB6-4CFA-8E62-15264F999B68}.Debug|Any CPU.Build.0 = Debug|Any CPU
		{8C653762-FEB6-4CFA-8E62-15264F999B68}.Release|Any CPU.ActiveCfg = Release|Any CPU
		{8C653762-FEB6-4CFA-8E62-15264F999B68}.Release|Any CPU.Build.0 = Release|Any CPU
		{8CB6C8C1-3C0B-4FFF-9BEC-3B04180D9DCB}.Debug|Any CPU.ActiveCfg = Debug|Any CPU
		{8CB6C8C1-3C0B-4FFF-9BEC-3B04180D9DCB}.Debug|Any CPU.Build.0 = Debug|Any CPU
		{8CB6C8C1-3C0B-4FFF-9BEC-3B04180D9DCB}.Release|Any CPU.ActiveCfg = Release|Any CPU
		{8CB6C8C1-3C0B-4FFF-9BEC-3B04180D9DCB}.Release|Any CPU.Build.0 = Release|Any CPU
	EndGlobalSection
	GlobalSection(SolutionProperties) = preSolution
		HideSolutionNode = FALSE
	EndGlobalSection
	GlobalSection(NestedProjects) = preSolution
		{A99926A1-7864-4463-8490-7E7B29F89071} = {20CED475-53C6-4CDC-8D76-3507CCDA358E}
		{AC55FB55-1ED0-4C9D-AF14-DA5B3F2A0E4E} = {20CED475-53C6-4CDC-8D76-3507CCDA358E}
		{6526EC90-CF11-4F00-9437-BE989019E542} = {20CED475-53C6-4CDC-8D76-3507CCDA358E}
		{9C31938A-4F24-4928-9E45-17041A01B087} = {20CED475-53C6-4CDC-8D76-3507CCDA358E}
		{97AA715E-2B21-46F6-B956-98CD10F0870F} = {ACC19884-9303-4805-9D4E-47D46BA5ED4B}
		{EF3205E5-B271-4F5E-AB91-6C378C92AF2F} = {ACC19884-9303-4805-9D4E-47D46BA5ED4B}
		{6BE599C1-46F7-4963-B75A-E9FE98C399BF} = {ACC19884-9303-4805-9D4E-47D46BA5ED4B}
		{EF894823-0C75-4672-A94E-475613977A98} = {ACC19884-9303-4805-9D4E-47D46BA5ED4B}
		{E178CD22-01BF-43B3-ABD6-0743D6154012} = {4EDEC713-9262-483D-B682-CC70083E6923}
		{ED9861E4-2403-4F20-9B43-50859B27C974} = {4EDEC713-9262-483D-B682-CC70083E6923}
	EndGlobalSection
	GlobalSection(ExtensibilityGlobals) = postSolution
		SolutionGuid = {11E0C831-CE6E-4250-BDA9-8B9CFEF26444}
	EndGlobalSection
EndGlobal
