
Microsoft Visual Studio Solution File, Format Version 12.00
# Visual Studio Version 16
VisualStudioVersion = 16.0.29123.88
MinimumVisualStudioVersion = 10.0.40219.1
Project("{FAE04EC0-301F-11D3-BF4B-00C04F79EFBC}") = "TelephonyApp.UWP", "TelephonyApp\TelephonyApp.UWP\TelephonyApp.UWP.csproj", "{A140CAE1-2D94-46D4-98E6-B45CD7AEB77A}"
EndProject
Project("{FAE04EC0-301F-11D3-BF4B-00C04F79EFBC}") = "TelephonyApp.Android", "TelephonyApp\TelephonyApp.Android\TelephonyApp.Android.csproj", "{3BBDF6BC-AC19-44A9-8FC7-CD02D332EEDD}"
EndProject
Project("{FAE04EC0-301F-11D3-BF4B-00C04F79EFBC}") = "TelephonyApp.iOS", "TelephonyApp\TelephonyApp.iOS\TelephonyApp.iOS.csproj", "{AB6A8190-6D10-4E90-A4C6-A9813BAEE7AD}"
EndProject
Project("{FAE04EC0-301F-11D3-BF4B-00C04F79EFBC}") = "TelephonyApp", "TelephonyApp\TelephonyApp\TelephonyApp.csproj", "{0374A227-EE64-4CF4-AD3F-D829D9F47744}"
EndProject
Global
	GlobalSection(SolutionConfigurationPlatforms) = preSolution
		Debug|Any CPU = Debug|Any CPU
		Debug|ARM = Debug|ARM
		Debug|iPhone = Debug|iPhone
		Debug|iPhoneSimulator = Debug|iPhoneSimulator
		Debug|x64 = Debug|x64
		Debug|x86 = Debug|x86
		Release|Any CPU = Release|Any CPU
		Release|ARM = Release|ARM
		Release|iPhone = Release|iPhone
		Release|iPhoneSimulator = Release|iPhoneSimulator
		Release|x64 = Release|x64
		Release|x86 = Release|x86
	EndGlobalSection
	GlobalSection(ProjectConfigurationPlatforms) = postSolution
		{A140CAE1-2D94-46D4-98E6-B45CD7AEB77A}.Debug|Any CPU.ActiveCfg = Debug|x86
		{A140CAE1-2D94-46D4-98E6-B45CD7AEB77A}.Debug|Any CPU.Build.0 = Debug|x86
		{A140CAE1-2D94-46D4-98E6-B45CD7AEB77A}.Debug|Any CPU.Deploy.0 = Debug|x86
		{A140CAE1-2D94-46D4-98E6-B45CD7AEB77A}.Debug|ARM.ActiveCfg = Debug|ARM
		{A140CAE1-2D94-46D4-98E6-B45CD7AEB77A}.Debug|ARM.Build.0 = Debug|ARM
		{A140CAE1-2D94-46D4-98E6-B45CD7AEB77A}.Debug|ARM.Deploy.0 = Debug|ARM
		{A140CAE1-2D94-46D4-98E6-B45CD7AEB77A}.Debug|iPhone.ActiveCfg = Debug|x86
		{A140CAE1-2D94-46D4-98E6-B45CD7AEB77A}.Debug|iPhone.Build.0 = Debug|x86
		{A140CAE1-2D94-46D4-98E6-B45CD7AEB77A}.Debug|iPhone.Deploy.0 = Debug|x86
		{A140CAE1-2D94-46D4-98E6-B45CD7AEB77A}.Debug|iPhoneSimulator.ActiveCfg = Debug|x86
		{A140CAE1-2D94-46D4-98E6-B45CD7AEB77A}.Debug|iPhoneSimulator.Build.0 = Debug|x86
		{A140CAE1-2D94-46D4-98E6-B45CD7AEB77A}.Debug|iPhoneSimulator.Deploy.0 = Debug|x86
		{A140CAE1-2D94-46D4-98E6-B45CD7AEB77A}.Debug|x64.ActiveCfg = Debug|x64
		{A140CAE1-2D94-46D4-98E6-B45CD7AEB77A}.Debug|x64.Build.0 = Debug|x64
		{A140CAE1-2D94-46D4-98E6-B45CD7AEB77A}.Debug|x64.Deploy.0 = Debug|x64
		{A140CAE1-2D94-46D4-98E6-B45CD7AEB77A}.Debug|x86.ActiveCfg = Debug|x86
		{A140CAE1-2D94-46D4-98E6-B45CD7AEB77A}.Debug|x86.Build.0 = Debug|x86
		{A140CAE1-2D94-46D4-98E6-B45CD7AEB77A}.Debug|x86.Deploy.0 = Debug|x86
		{A140CAE1-2D94-46D4-98E6-B45CD7AEB77A}.Release|Any CPU.ActiveCfg = Release|x86
		{A140CAE1-2D94-46D4-98E6-B45CD7AEB77A}.Release|Any CPU.Build.0 = Release|x86
		{A140CAE1-2D94-46D4-98E6-B45CD7AEB77A}.Release|Any CPU.Deploy.0 = Release|x86
		{A140CAE1-2D94-46D4-98E6-B45CD7AEB77A}.Release|ARM.ActiveCfg = Release|ARM
		{A140CAE1-2D94-46D4-98E6-B45CD7AEB77A}.Release|ARM.Build.0 = Release|ARM
		{A140CAE1-2D94-46D4-98E6-B45CD7AEB77A}.Release|ARM.Deploy.0 = Release|ARM
		{A140CAE1-2D94-46D4-98E6-B45CD7AEB77A}.Release|iPhone.ActiveCfg = Release|x86
		{A140CAE1-2D94-46D4-98E6-B45CD7AEB77A}.Release|iPhone.Build.0 = Release|x86
		{A140CAE1-2D94-46D4-98E6-B45CD7AEB77A}.Release|iPhone.Deploy.0 = Release|x86
		{A140CAE1-2D94-46D4-98E6-B45CD7AEB77A}.Release|iPhoneSimulator.ActiveCfg = Release|x86
		{A140CAE1-2D94-46D4-98E6-B45CD7AEB77A}.Release|iPhoneSimulator.Build.0 = Release|x86
		{A140CAE1-2D94-46D4-98E6-B45CD7AEB77A}.Release|iPhoneSimulator.Deploy.0 = Release|x86
		{A140CAE1-2D94-46D4-98E6-B45CD7AEB77A}.Release|x64.ActiveCfg = Release|x64
		{A140CAE1-2D94-46D4-98E6-B45CD7AEB77A}.Release|x64.Build.0 = Release|x64
		{A140CAE1-2D94-46D4-98E6-B45CD7AEB77A}.Release|x64.Deploy.0 = Release|x64
		{A140CAE1-2D94-46D4-98E6-B45CD7AEB77A}.Release|x86.ActiveCfg = Release|x86
		{A140CAE1-2D94-46D4-98E6-B45CD7AEB77A}.Release|x86.Build.0 = Release|x86
		{A140CAE1-2D94-46D4-98E6-B45CD7AEB77A}.Release|x86.Deploy.0 = Release|x86
		{3BBDF6BC-AC19-44A9-8FC7-CD02D332EEDD}.Debug|Any CPU.ActiveCfg = Debug|Any CPU
		{3BBDF6BC-AC19-44A9-8FC7-CD02D332EEDD}.Debug|Any CPU.Build.0 = Debug|Any CPU
		{3BBDF6BC-AC19-44A9-8FC7-CD02D332EEDD}.Debug|Any CPU.Deploy.0 = Debug|Any CPU
		{3BBDF6BC-AC19-44A9-8FC7-CD02D332EEDD}.Debug|ARM.ActiveCfg = Debug|Any CPU
		{3BBDF6BC-AC19-44A9-8FC7-CD02D332EEDD}.Debug|ARM.Build.0 = Debug|Any CPU
		{3BBDF6BC-AC19-44A9-8FC7-CD02D332EEDD}.Debug|ARM.Deploy.0 = Debug|Any CPU
		{3BBDF6BC-AC19-44A9-8FC7-CD02D332EEDD}.Debug|iPhone.ActiveCfg = Debug|Any CPU
		{3BBDF6BC-AC19-44A9-8FC7-CD02D332EEDD}.Debug|iPhone.Build.0 = Debug|Any CPU
		{3BBDF6BC-AC19-44A9-8FC7-CD02D332EEDD}.Debug|iPhone.Deploy.0 = Debug|Any CPU
		{3BBDF6BC-AC19-44A9-8FC7-CD02D332EEDD}.Debug|iPhoneSimulator.ActiveCfg = Debug|Any CPU
		{3BBDF6BC-AC19-44A9-8FC7-CD02D332EEDD}.Debug|iPhoneSimulator.Build.0 = Debug|Any CPU
		{3BBDF6BC-AC19-44A9-8FC7-CD02D332EEDD}.Debug|iPhoneSimulator.Deploy.0 = Debug|Any CPU
		{3BBDF6BC-AC19-44A9-8FC7-CD02D332EEDD}.Debug|x64.ActiveCfg = Debug|Any CPU
		{3BBDF6BC-AC19-44A9-8FC7-CD02D332EEDD}.Debug|x64.Build.0 = Debug|Any CPU
		{3BBDF6BC-AC19-44A9-8FC7-CD02D332EEDD}.Debug|x64.Deploy.0 = Debug|Any CPU
		{3BBDF6BC-AC19-44A9-8FC7-CD02D332EEDD}.Debug|x86.ActiveCfg = Debug|Any CPU
		{3BBDF6BC-AC19-44A9-8FC7-CD02D332EEDD}.Debug|x86.Build.0 = Debug|Any CPU
		{3BBDF6BC-AC19-44A9-8FC7-CD02D332EEDD}.Debug|x86.Deploy.0 = Debug|Any CPU
		{3BBDF6BC-AC19-44A9-8FC7-CD02D332EEDD}.Release|Any CPU.ActiveCfg = Release|Any CPU
		{3BBDF6BC-AC19-44A9-8FC7-CD02D332EEDD}.Release|Any CPU.Build.0 = Release|Any CPU
		{3BBDF6BC-AC19-44A9-8FC7-CD02D332EEDD}.Release|Any CPU.Deploy.0 = Release|Any CPU
		{3BBDF6BC-AC19-44A9-8FC7-CD02D332EEDD}.Release|ARM.ActiveCfg = Release|Any CPU
		{3BBDF6BC-AC19-44A9-8FC7-CD02D332EEDD}.Release|ARM.Build.0 = Release|Any CPU
		{3BBDF6BC-AC19-44A9-8FC7-CD02D332EEDD}.Release|ARM.Deploy.0 = Release|Any CPU
		{3BBDF6BC-AC19-44A9-8FC7-CD02D332EEDD}.Release|iPhone.ActiveCfg = Release|Any CPU
		{3BBDF6BC-AC19-44A9-8FC7-CD02D332EEDD}.Release|iPhone.Build.0 = Release|Any CPU
		{3BBDF6BC-AC19-44A9-8FC7-CD02D332EEDD}.Release|iPhone.Deploy.0 = Release|Any CPU
		{3BBDF6BC-AC19-44A9-8FC7-CD02D332EEDD}.Release|iPhoneSimulator.ActiveCfg = Release|Any CPU
		{3BBDF6BC-AC19-44A9-8FC7-CD02D332EEDD}.Release|iPhoneSimulator.Build.0 = Release|Any CPU
		{3BBDF6BC-AC19-44A9-8FC7-CD02D332EEDD}.Release|iPhoneSimulator.Deploy.0 = Release|Any CPU
		{3BBDF6BC-AC19-44A9-8FC7-CD02D332EEDD}.Release|x64.ActiveCfg = Release|Any CPU
		{3BBDF6BC-AC19-44A9-8FC7-CD02D332EEDD}.Release|x64.Build.0 = Release|Any CPU
		{3BBDF6BC-AC19-44A9-8FC7-CD02D332EEDD}.Release|x64.Deploy.0 = Release|Any CPU
		{3BBDF6BC-AC19-44A9-8FC7-CD02D332EEDD}.Release|x86.ActiveCfg = Release|Any CPU
		{3BBDF6BC-AC19-44A9-8FC7-CD02D332EEDD}.Release|x86.Build.0 = Release|Any CPU
		{3BBDF6BC-AC19-44A9-8FC7-CD02D332EEDD}.Release|x86.Deploy.0 = Release|Any CPU
		{AB6A8190-6D10-4E90-A4C6-A9813BAEE7AD}.Debug|Any CPU.ActiveCfg = Debug|iPhone
		{AB6A8190-6D10-4E90-A4C6-A9813BAEE7AD}.Debug|Any CPU.Build.0 = Debug|iPhone
		{AB6A8190-6D10-4E90-A4C6-A9813BAEE7AD}.Debug|Any CPU.Deploy.0 = Debug|iPhone
		{AB6A8190-6D10-4E90-A4C6-A9813BAEE7AD}.Debug|ARM.ActiveCfg = Debug|iPhoneSimulator
		{AB6A8190-6D10-4E90-A4C6-A9813BAEE7AD}.Debug|ARM.Build.0 = Debug|iPhoneSimulator
		{AB6A8190-6D10-4E90-A4C6-A9813BAEE7AD}.Debug|ARM.Deploy.0 = Debug|iPhoneSimulator
		{AB6A8190-6D10-4E90-A4C6-A9813BAEE7AD}.Debug|iPhone.ActiveCfg = Debug|iPhone
		{AB6A8190-6D10-4E90-A4C6-A9813BAEE7AD}.Debug|iPhone.Build.0 = Debug|iPhone
		{AB6A8190-6D10-4E90-A4C6-A9813BAEE7AD}.Debug|iPhone.Deploy.0 = Debug|iPhone
		{AB6A8190-6D10-4E90-A4C6-A9813BAEE7AD}.Debug|iPhoneSimulator.ActiveCfg = Debug|iPhoneSimulator
		{AB6A8190-6D10-4E90-A4C6-A9813BAEE7AD}.Debug|iPhoneSimulator.Build.0 = Debug|iPhoneSimulator
		{AB6A8190-6D10-4E90-A4C6-A9813BAEE7AD}.Debug|iPhoneSimulator.Deploy.0 = Debug|iPhoneSimulator
		{AB6A8190-6D10-4E90-A4C6-A9813BAEE7AD}.Debug|x64.ActiveCfg = Debug|iPhone
		{AB6A8190-6D10-4E90-A4C6-A9813BAEE7AD}.Debug|x64.Build.0 = Debug|iPhone
		{AB6A8190-6D10-4E90-A4C6-A9813BAEE7AD}.Debug|x64.Deploy.0 = Debug|iPhone
		{AB6A8190-6D10-4E90-A4C6-A9813BAEE7AD}.Debug|x86.ActiveCfg = Debug|iPhone
		{AB6A8190-6D10-4E90-A4C6-A9813BAEE7AD}.Debug|x86.Build.0 = Debug|iPhone
		{AB6A8190-6D10-4E90-A4C6-A9813BAEE7AD}.Debug|x86.Deploy.0 = Debug|iPhone
		{AB6A8190-6D10-4E90-A4C6-A9813BAEE7AD}.Release|Any CPU.ActiveCfg = Release|iPhone
		{AB6A8190-6D10-4E90-A4C6-A9813BAEE7AD}.Release|Any CPU.Build.0 = Release|iPhone
		{AB6A8190-6D10-4E90-A4C6-A9813BAEE7AD}.Release|Any CPU.Deploy.0 = Release|iPhone
		{AB6A8190-6D10-4E90-A4C6-A9813BAEE7AD}.Release|ARM.ActiveCfg = Release|iPhone
		{AB6A8190-6D10-4E90-A4C6-A9813BAEE7AD}.Release|ARM.Build.0 = Release|iPhone
		{AB6A8190-6D10-4E90-A4C6-A9813BAEE7AD}.Release|ARM.Deploy.0 = Release|iPhone
		{AB6A8190-6D10-4E90-A4C6-A9813BAEE7AD}.Release|iPhone.ActiveCfg = Release|iPhone
		{AB6A8190-6D10-4E90-A4C6-A9813BAEE7AD}.Release|iPhone.Build.0 = Release|iPhone
		{AB6A8190-6D10-4E90-A4C6-A9813BAEE7AD}.Release|iPhone.Deploy.0 = Release|iPhone
		{AB6A8190-6D10-4E90-A4C6-A9813BAEE7AD}.Release|iPhoneSimulator.ActiveCfg = Release|iPhoneSimulator
		{AB6A8190-6D10-4E90-A4C6-A9813BAEE7AD}.Release|iPhoneSimulator.Build.0 = Release|iPhoneSimulator
		{AB6A8190-6D10-4E90-A4C6-A9813BAEE7AD}.Release|iPhoneSimulator.Deploy.0 = Release|iPhoneSimulator
		{AB6A8190-6D10-4E90-A4C6-A9813BAEE7AD}.Release|x64.ActiveCfg = Release|iPhone
		{AB6A8190-6D10-4E90-A4C6-A9813BAEE7AD}.Release|x64.Build.0 = Release|iPhone
		{AB6A8190-6D10-4E90-A4C6-A9813BAEE7AD}.Release|x64.Deploy.0 = Release|iPhone
		{AB6A8190-6D10-4E90-A4C6-A9813BAEE7AD}.Release|x86.ActiveCfg = Release|iPhone
		{AB6A8190-6D10-4E90-A4C6-A9813BAEE7AD}.Release|x86.Build.0 = Release|iPhone
		{AB6A8190-6D10-4E90-A4C6-A9813BAEE7AD}.Release|x86.Deploy.0 = Release|iPhone
		{0374A227-EE64-4CF4-AD3F-D829D9F47744}.Debug|Any CPU.ActiveCfg = Debug|Any CPU
		{0374A227-EE64-4CF4-AD3F-D829D9F47744}.Debug|Any CPU.Build.0 = Debug|Any CPU
		{0374A227-EE64-4CF4-AD3F-D829D9F47744}.Debug|Any CPU.Deploy.0 = Debug|Any CPU
		{0374A227-EE64-4CF4-AD3F-D829D9F47744}.Debug|ARM.ActiveCfg = Debug|Any CPU
		{0374A227-EE64-4CF4-AD3F-D829D9F47744}.Debug|ARM.Build.0 = Debug|Any CPU
		{0374A227-EE64-4CF4-AD3F-D829D9F47744}.Debug|ARM.Deploy.0 = Debug|Any CPU
		{0374A227-EE64-4CF4-AD3F-D829D9F47744}.Debug|iPhone.ActiveCfg = Debug|Any CPU
		{0374A227-EE64-4CF4-AD3F-D829D9F47744}.Debug|iPhone.Build.0 = Debug|Any CPU
		{0374A227-EE64-4CF4-AD3F-D829D9F47744}.Debug|iPhone.Deploy.0 = Debug|Any CPU
		{0374A227-EE64-4CF4-AD3F-D829D9F47744}.Debug|iPhoneSimulator.ActiveCfg = Debug|Any CPU
		{0374A227-EE64-4CF4-AD3F-D829D9F47744}.Debug|iPhoneSimulator.Build.0 = Debug|Any CPU
		{0374A227-EE64-4CF4-AD3F-D829D9F47744}.Debug|iPhoneSimulator.Deploy.0 = Debug|Any CPU
		{0374A227-EE64-4CF4-AD3F-D829D9F47744}.Debug|x64.ActiveCfg = Debug|Any CPU
		{0374A227-EE64-4CF4-AD3F-D829D9F47744}.Debug|x64.Build.0 = Debug|Any CPU
		{0374A227-EE64-4CF4-AD3F-D829D9F47744}.Debug|x64.Deploy.0 = Debug|Any CPU
		{0374A227-EE64-4CF4-AD3F-D829D9F47744}.Debug|x86.ActiveCfg = Debug|Any CPU
		{0374A227-EE64-4CF4-AD3F-D829D9F47744}.Debug|x86.Build.0 = Debug|Any CPU
		{0374A227-EE64-4CF4-AD3F-D829D9F47744}.Debug|x86.Deploy.0 = Debug|Any CPU
		{0374A227-EE64-4CF4-AD3F-D829D9F47744}.Release|Any CPU.ActiveCfg = Release|Any CPU
		{0374A227-EE64-4CF4-AD3F-D829D9F47744}.Release|Any CPU.Build.0 = Release|Any CPU
		{0374A227-EE64-4CF4-AD3F-D829D9F47744}.Release|Any CPU.Deploy.0 = Release|Any CPU
		{0374A227-EE64-4CF4-AD3F-D829D9F47744}.Release|ARM.ActiveCfg = Release|Any CPU
		{0374A227-EE64-4CF4-AD3F-D829D9F47744}.Release|ARM.Build.0 = Release|Any CPU
		{0374A227-EE64-4CF4-AD3F-D829D9F47744}.Release|ARM.Deploy.0 = Release|Any CPU
		{0374A227-EE64-4CF4-AD3F-D829D9F47744}.Release|iPhone.ActiveCfg = Release|Any CPU
		{0374A227-EE64-4CF4-AD3F-D829D9F47744}.Release|iPhone.Build.0 = Release|Any CPU
		{0374A227-EE64-4CF4-AD3F-D829D9F47744}.Release|iPhone.Deploy.0 = Release|Any CPU
		{0374A227-EE64-4CF4-AD3F-D829D9F47744}.Release|iPhoneSimulator.ActiveCfg = Release|Any CPU
		{0374A227-EE64-4CF4-AD3F-D829D9F47744}.Release|iPhoneSimulator.Build.0 = Release|Any CPU
		{0374A227-EE64-4CF4-AD3F-D829D9F47744}.Release|iPhoneSimulator.Deploy.0 = Release|Any CPU
		{0374A227-EE64-4CF4-AD3F-D829D9F47744}.Release|x64.ActiveCfg = Release|Any CPU
		{0374A227-EE64-4CF4-AD3F-D829D9F47744}.Release|x64.Build.0 = Release|Any CPU
		{0374A227-EE64-4CF4-AD3F-D829D9F47744}.Release|x64.Deploy.0 = Release|Any CPU
		{0374A227-EE64-4CF4-AD3F-D829D9F47744}.Release|x86.ActiveCfg = Release|Any CPU
		{0374A227-EE64-4CF4-AD3F-D829D9F47744}.Release|x86.Build.0 = Release|Any CPU
		{0374A227-EE64-4CF4-AD3F-D829D9F47744}.Release|x86.Deploy.0 = Release|Any CPU
	EndGlobalSection
	GlobalSection(SolutionProperties) = preSolution
		HideSolutionNode = FALSE
	EndGlobalSection
	GlobalSection(ExtensibilityGlobals) = postSolution
		SolutionGuid = {91CD6879-BF13-43FD-A5AD-0AAFE4267CC2}
	EndGlobalSection
EndGlobal
