
Microsoft Visual Studio Solution File, Format Version 12.00
# Visual Studio Version 17
VisualStudioVersion = 17.7.34202.233
MinimumVisualStudioVersion = 10.0.40219.1
Project("{2150E333-8FDC-42A3-9474-1A3956D46DE8}") = "Intro", "Intro", "{1470DC49-B398-404A-8D35-CE2BC3FD4208}"
EndProject
Project("{FAE04EC0-301F-11D3-BF4B-00C04F79EFBC}") = "IntroducingRx", "intro\IntroducingRx\IntroducingRx.csproj", "{E2BB842A-E432-47CA-A6E1-F4246F8AF4FD}"
EndProject
Project("{FAE04EC0-301F-11D3-BF4B-00C04F79EFBC}") = "ShoppyExample", "intro\ShoppyExample\ShoppyExample.csproj", "{9DA725B3-DC82-468E-AF12-77AFC25C4B94}"
EndProject
Project("{FAE04EC0-301F-11D3-BF4B-00C04F79EFBC}") = "YourFirstRxExample", "intro\YourFirstRxExample\YourFirstRxExample.csproj", "{F9D91872-7A51-47D2-92D4-6D7903F63A64}"
EndProject
Project("{2150E333-8FDC-42A3-9474-1A3956D46DE8}") = "functional", "functional", "{DF9AEFCF-A379-4ADA-8D6E-F0401F262C57}"
EndProject
Project("{FAE04EC0-301F-11D3-BF4B-00C04F79EFBC}") = "LinqSamples", "functional\LinqSamples\LinqSamples.csproj", "{13DB31C7-02C0-4F4F-BC3C-1D1FB4916692}"
EndProject
Project("{FAE04EC0-301F-11D3-BF4B-00C04F79EFBC}") = "DelegatesAndLambdas", "functional\DelegatesAndLambdas\DelegatesAndLambdas.csproj", "{7D461D90-CEE4-4BE0-A736-E274FE62AF23}"
EndProject
Project("{FAE04EC0-301F-11D3-BF4B-00C04F79EFBC}") = "FluentTests", "functional\FluentTests\FluentTests.csproj", "{1C0BF017-690B-4BF2-88FD-372A8D2F2D03}"
EndProject
Project("{FAE04EC0-301F-11D3-BF4B-00C04F79EFBC}") = "FunctionalThinking", "functional\FunctionalThinking\FunctionalThinking.csproj", "{3820D470-514B-4B74-BBA8-001D39A00435}"
EndProject
Project("{2150E333-8FDC-42A3-9474-1A3956D46DE8}") = "creatingObservableSequences", "creatingObservableSequences", "{ACF605C6-026F-4518-902B-8BCC04DD4171}"
EndProject
Project("{FAE04EC0-301F-11D3-BF4B-00C04F79EFBC}") = "CreatingObservables", "creatingObservableSequences\CreatingObservables\CreatingObservables.csproj", "{7D69D45B-88F7-43F9-B84D-A083D572B19E}"
EndProject
Project("{FAE04EC0-301F-11D3-BF4B-00C04F79EFBC}") = "CreationalOpeartors", "creatingObservableSequences\CreationalOpeartors\CreationalOpeartors.csproj", "{CDB27ABA-A368-44E7-8618-B82A87496425}"
EndProject
Project("{FAE04EC0-301F-11D3-BF4B-00C04F79EFBC}") = "EnumerablesToObservablesAndBack", "creatingObservableSequences\EnumerablesToObservables\EnumerablesToObservablesAndBack.csproj", "{EC1367F7-0BCC-40D8-8392-DFE5F8EF6C97}"
EndProject
Project("{FAE04EC0-301F-11D3-BF4B-00C04F79EFBC}") = "NonStandardEvents", "creatingObservableSequences\NonStandardEvents\NonStandardEvents.csproj", "{49F79703-E5FF-4332-963A-2B7C9635D5F1}"
EndProject
Project("{FAE04EC0-301F-11D3-BF4B-00C04F79EFBC}") = "ObserveUIEvents", "creatingObservableSequences\ObservablesFromEvents\ObserveUIEvents.csproj", "{46B0CBD8-4CDD-46A1-AFDD-CB6137800DE6}"
EndProject
Project("{2150E333-8FDC-42A3-9474-1A3956D46DE8}") = "helpers", "helpers", "{33B042A6-D053-4C91-B227-83B13EA7B0D2}"
EndProject
Project("{FAE04EC0-301F-11D3-BF4B-00C04F79EFBC}") = "Helpers", "helpers\Helpers.csproj", "{8413FDBA-6CAB-4547-B8E3-97A9386B65E9}"
EndProject
Global
	GlobalSection(SolutionConfigurationPlatforms) = preSolution
		Debug|Any CPU = Debug|Any CPU
		Release|Any CPU = Release|Any CPU
	EndGlobalSection
	GlobalSection(ProjectConfigurationPlatforms) = postSolution
		{E2BB842A-E432-47CA-A6E1-F4246F8AF4FD}.Debug|Any CPU.ActiveCfg = Debug|Any CPU
		{E2BB842A-E432-47CA-A6E1-F4246F8AF4FD}.Debug|Any CPU.Build.0 = Debug|Any CPU
		{E2BB842A-E432-47CA-A6E1-F4246F8AF4FD}.Release|Any CPU.ActiveCfg = Release|Any CPU
		{E2BB842A-E432-47CA-A6E1-F4246F8AF4FD}.Release|Any CPU.Build.0 = Release|Any CPU
		{9DA725B3-DC82-468E-AF12-77AFC25C4B94}.Debug|Any CPU.ActiveCfg = Debug|Any CPU
		{9DA725B3-DC82-468E-AF12-77AFC25C4B94}.Debug|Any CPU.Build.0 = Debug|Any CPU
		{9DA725B3-DC82-468E-AF12-77AFC25C4B94}.Release|Any CPU.ActiveCfg = Release|Any CPU
		{9DA725B3-DC82-468E-AF12-77AFC25C4B94}.Release|Any CPU.Build.0 = Release|Any CPU
		{F9D91872-7A51-47D2-92D4-6D7903F63A64}.Debug|Any CPU.ActiveCfg = Debug|Any CPU
		{F9D91872-7A51-47D2-92D4-6D7903F63A64}.Debug|Any CPU.Build.0 = Debug|Any CPU
		{F9D91872-7A51-47D2-92D4-6D7903F63A64}.Release|Any CPU.ActiveCfg = Release|Any CPU
		{F9D91872-7A51-47D2-92D4-6D7903F63A64}.Release|Any CPU.Build.0 = Release|Any CPU
		{13DB31C7-02C0-4F4F-BC3C-1D1FB4916692}.Debug|Any CPU.ActiveCfg = Debug|Any CPU
		{13DB31C7-02C0-4F4F-BC3C-1D1FB4916692}.Debug|Any CPU.Build.0 = Debug|Any CPU
		{13DB31C7-02C0-4F4F-BC3C-1D1FB4916692}.Release|Any CPU.ActiveCfg = Release|Any CPU
		{13DB31C7-02C0-4F4F-BC3C-1D1FB4916692}.Release|Any CPU.Build.0 = Release|Any CPU
		{7D461D90-CEE4-4BE0-A736-E274FE62AF23}.Debug|Any CPU.ActiveCfg = Debug|Any CPU
		{7D461D90-CEE4-4BE0-A736-E274FE62AF23}.Debug|Any CPU.Build.0 = Debug|Any CPU
		{7D461D90-CEE4-4BE0-A736-E274FE62AF23}.Release|Any CPU.ActiveCfg = Release|Any CPU
		{7D461D90-CEE4-4BE0-A736-E274FE62AF23}.Release|Any CPU.Build.0 = Release|Any CPU
		{1C0BF017-690B-4BF2-88FD-372A8D2F2D03}.Debug|Any CPU.ActiveCfg = Debug|Any CPU
		{1C0BF017-690B-4BF2-88FD-372A8D2F2D03}.Debug|Any CPU.Build.0 = Debug|Any CPU
		{1C0BF017-690B-4BF2-88FD-372A8D2F2D03}.Release|Any CPU.ActiveCfg = Release|Any CPU
		{1C0BF017-690B-4BF2-88FD-372A8D2F2D03}.Release|Any CPU.Build.0 = Release|Any CPU
		{3820D470-514B-4B74-BBA8-001D39A00435}.Debug|Any CPU.ActiveCfg = Debug|Any CPU
		{3820D470-514B-4B74-BBA8-001D39A00435}.Debug|Any CPU.Build.0 = Debug|Any CPU
		{3820D470-514B-4B74-BBA8-001D39A00435}.Release|Any CPU.ActiveCfg = Release|Any CPU
		{3820D470-514B-4B74-BBA8-001D39A00435}.Release|Any CPU.Build.0 = Release|Any CPU
		{7D69D45B-88F7-43F9-B84D-A083D572B19E}.Debug|Any CPU.ActiveCfg = Debug|Any CPU
		{7D69D45B-88F7-43F9-B84D-A083D572B19E}.Debug|Any CPU.Build.0 = Debug|Any CPU
		{7D69D45B-88F7-43F9-B84D-A083D572B19E}.Release|Any CPU.ActiveCfg = Release|Any CPU
		{7D69D45B-88F7-43F9-B84D-A083D572B19E}.Release|Any CPU.Build.0 = Release|Any CPU
		{CDB27ABA-A368-44E7-8618-B82A87496425}.Debug|Any CPU.ActiveCfg = Debug|Any CPU
		{CDB27ABA-A368-44E7-8618-B82A87496425}.Debug|Any CPU.Build.0 = Debug|Any CPU
		{CDB27ABA-A368-44E7-8618-B82A87496425}.Release|Any CPU.ActiveCfg = Release|Any CPU
		{CDB27ABA-A368-44E7-8618-B82A87496425}.Release|Any CPU.Build.0 = Release|Any CPU
		{EC1367F7-0BCC-40D8-8392-DFE5F8EF6C97}.Debug|Any CPU.ActiveCfg = Debug|Any CPU
		{EC1367F7-0BCC-40D8-8392-DFE5F8EF6C97}.Debug|Any CPU.Build.0 = Debug|Any CPU
		{EC1367F7-0BCC-40D8-8392-DFE5F8EF6C97}.Release|Any CPU.ActiveCfg = Release|Any CPU
		{EC1367F7-0BCC-40D8-8392-DFE5F8EF6C97}.Release|Any CPU.Build.0 = Release|Any CPU
		{49F79703-E5FF-4332-963A-2B7C9635D5F1}.Debug|Any CPU.ActiveCfg = Debug|Any CPU
		{49F79703-E5FF-4332-963A-2B7C9635D5F1}.Debug|Any CPU.Build.0 = Debug|Any CPU
		{49F79703-E5FF-4332-963A-2B7C9635D5F1}.Release|Any CPU.ActiveCfg = Release|Any CPU
		{49F79703-E5FF-4332-963A-2B7C9635D5F1}.Release|Any CPU.Build.0 = Release|Any CPU
		{46B0CBD8-4CDD-46A1-AFDD-CB6137800DE6}.Debug|Any CPU.ActiveCfg = Debug|Any CPU
		{46B0CBD8-4CDD-46A1-AFDD-CB6137800DE6}.Debug|Any CPU.Build.0 = Debug|Any CPU
		{46B0CBD8-4CDD-46A1-AFDD-CB6137800DE6}.Release|Any CPU.ActiveCfg = Release|Any CPU
		{46B0CBD8-4CDD-46A1-AFDD-CB6137800DE6}.Release|Any CPU.Build.0 = Release|Any CPU
		{8413FDBA-6CAB-4547-B8E3-97A9386B65E9}.Debug|Any CPU.ActiveCfg = Debug|Any CPU
		{8413FDBA-6CAB-4547-B8E3-97A9386B65E9}.Debug|Any CPU.Build.0 = Debug|Any CPU
		{8413FDBA-6CAB-4547-B8E3-97A9386B65E9}.Release|Any CPU.ActiveCfg = Release|Any CPU
		{8413FDBA-6CAB-4547-B8E3-97A9386B65E9}.Release|Any CPU.Build.0 = Release|Any CPU
	EndGlobalSection
	GlobalSection(SolutionProperties) = preSolution
		HideSolutionNode = FALSE
	EndGlobalSection
	GlobalSection(NestedProjects) = preSolution
		{E2BB842A-E432-47CA-A6E1-F4246F8AF4FD} = {1470DC49-B398-404A-8D35-CE2BC3FD4208}
		{9DA725B3-DC82-468E-AF12-77AFC25C4B94} = {1470DC49-B398-404A-8D35-CE2BC3FD4208}
		{F9D91872-7A51-47D2-92D4-6D7903F63A64} = {1470DC49-B398-404A-8D35-CE2BC3FD4208}
		{13DB31C7-02C0-4F4F-BC3C-1D1FB4916692} = {DF9AEFCF-A379-4ADA-8D6E-F0401F262C57}
		{7D461D90-CEE4-4BE0-A736-E274FE62AF23} = {DF9AEFCF-A379-4ADA-8D6E-F0401F262C57}
		{1C0BF017-690B-4BF2-88FD-372A8D2F2D03} = {DF9AEFCF-A379-4ADA-8D6E-F0401F262C57}
		{3820D470-514B-4B74-BBA8-001D39A00435} = {DF9AEFCF-A379-4ADA-8D6E-F0401F262C57}
		{7D69D45B-88F7-43F9-B84D-A083D572B19E} = {ACF605C6-026F-4518-902B-8BCC04DD4171}
		{CDB27ABA-A368-44E7-8618-B82A87496425} = {ACF605C6-026F-4518-902B-8BCC04DD4171}
		{EC1367F7-0BCC-40D8-8392-DFE5F8EF6C97} = {ACF605C6-026F-4518-902B-8BCC04DD4171}
		{49F79703-E5FF-4332-963A-2B7C9635D5F1} = {ACF605C6-026F-4518-902B-8BCC04DD4171}
		{46B0CBD8-4CDD-46A1-AFDD-CB6137800DE6} = {ACF605C6-026F-4518-902B-8BCC04DD4171}
		{8413FDBA-6CAB-4547-B8E3-97A9386B65E9} = {33B042A6-D053-4C91-B227-83B13EA7B0D2}
	EndGlobalSection
	GlobalSection(ExtensibilityGlobals) = postSolution
		SolutionGuid = {7AF6693B-95F9-4260-8F9F-6EE37B7408FE}
	EndGlobalSection
EndGlobal
