
Microsoft Visual Studio Solution File, Format Version 12.00
# Visual Studio 15
VisualStudioVersion = 15.0.28307.757
MinimumVisualStudioVersion = 10.0.40219.1
Project("{FAE04EC0-301F-11D3-BF4B-00C04F79EFBC}") = "ContentViewSample.Android", "ContentViewSample\ContentViewSample.Android\ContentViewSample.Android.csproj", "{86A2BEE1-0BB9-45C3-90E3-BB1862FC3942}"
EndProject
Project("{FAE04EC0-301F-11D3-BF4B-00C04F79EFBC}") = "ContentViewSample.iOS", "ContentViewSample\ContentViewSample.iOS\ContentViewSample.iOS.csproj", "{2CD41BFE-E52F-4E6E-B460-D387FF39842C}"
EndProject
Project("{FAE04EC0-301F-11D3-BF4B-00C04F79EFBC}") = "ContentViewSample.UWP", "ContentViewSample\ContentViewSample.UWP\ContentViewSample.UWP.csproj", "{B890E31D-F075-4DAF-8E0D-C9F8A7DE2FE0}"
EndProject
Project("{FAE04EC0-301F-11D3-BF4B-00C04F79EFBC}") = "ContentViewSample", "ContentViewSample\ContentViewSample\ContentViewSample.csproj", "{0167FE91-18AB-4D7A-ADF3-34B8D979BDCC}"
EndProject
Global
	GlobalSection(SolutionConfigurationPlatforms) = preSolution
		Ad-Hoc|Any CPU = Ad-Hoc|Any CPU
		Ad-Hoc|ARM = Ad-Hoc|ARM
		Ad-Hoc|iPhone = Ad-Hoc|iPhone
		Ad-Hoc|iPhoneSimulator = Ad-Hoc|iPhoneSimulator
		Ad-Hoc|x64 = Ad-Hoc|x64
		Ad-Hoc|x86 = Ad-Hoc|x86
		AppStore|Any CPU = AppStore|Any CPU
		AppStore|ARM = AppStore|ARM
		AppStore|iPhone = AppStore|iPhone
		AppStore|iPhoneSimulator = AppStore|iPhoneSimulator
		AppStore|x64 = AppStore|x64
		AppStore|x86 = AppStore|x86
		Debug|Any CPU = Debug|Any CPU
		Debug|ARM = Debug|ARM
		Debug|iPhone = Debug|iPhone
		Debug|iPhoneSimulator = Debug|iPhoneSimulator
		Debug|x64 = Debug|x64
		Debug|x86 = Debug|x86
		Release|Any CPU = Release|Any CPU
		Release|ARM = Release|ARM
		Release|iPhone = Release|iPhone
		Release|iPhoneSimulator = Release|iPhoneSimulator
		Release|x64 = Release|x64
		Release|x86 = Release|x86
	EndGlobalSection
	GlobalSection(ProjectConfigurationPlatforms) = postSolution
		{86A2BEE1-0BB9-45C3-90E3-BB1862FC3942}.Ad-Hoc|Any CPU.ActiveCfg = Release|Any CPU
		{86A2BEE1-0BB9-45C3-90E3-BB1862FC3942}.Ad-Hoc|Any CPU.Build.0 = Release|Any CPU
		{86A2BEE1-0BB9-45C3-90E3-BB1862FC3942}.Ad-Hoc|Any CPU.Deploy.0 = Release|Any CPU
		{86A2BEE1-0BB9-45C3-90E3-BB1862FC3942}.Ad-Hoc|ARM.ActiveCfg = Release|Any CPU
		{86A2BEE1-0BB9-45C3-90E3-BB1862FC3942}.Ad-Hoc|ARM.Build.0 = Release|Any CPU
		{86A2BEE1-0BB9-45C3-90E3-BB1862FC3942}.Ad-Hoc|ARM.Deploy.0 = Release|Any CPU
		{86A2BEE1-0BB9-45C3-90E3-BB1862FC3942}.Ad-Hoc|iPhone.ActiveCfg = Release|Any CPU
		{86A2BEE1-0BB9-45C3-90E3-BB1862FC3942}.Ad-Hoc|iPhone.Build.0 = Release|Any CPU
		{86A2BEE1-0BB9-45C3-90E3-BB1862FC3942}.Ad-Hoc|iPhone.Deploy.0 = Release|Any CPU
		{86A2BEE1-0BB9-45C3-90E3-BB1862FC3942}.Ad-Hoc|iPhoneSimulator.ActiveCfg = Release|Any CPU
		{86A2BEE1-0BB9-45C3-90E3-BB1862FC3942}.Ad-Hoc|iPhoneSimulator.Build.0 = Release|Any CPU
		{86A2BEE1-0BB9-45C3-90E3-BB1862FC3942}.Ad-Hoc|iPhoneSimulator.Deploy.0 = Release|Any CPU
		{86A2BEE1-0BB9-45C3-90E3-BB1862FC3942}.Ad-Hoc|x64.ActiveCfg = Release|Any CPU
		{86A2BEE1-0BB9-45C3-90E3-BB1862FC3942}.Ad-Hoc|x64.Build.0 = Release|Any CPU
		{86A2BEE1-0BB9-45C3-90E3-BB1862FC3942}.Ad-Hoc|x64.Deploy.0 = Release|Any CPU
		{86A2BEE1-0BB9-45C3-90E3-BB1862FC3942}.Ad-Hoc|x86.ActiveCfg = Release|Any CPU
		{86A2BEE1-0BB9-45C3-90E3-BB1862FC3942}.Ad-Hoc|x86.Build.0 = Release|Any CPU
		{86A2BEE1-0BB9-45C3-90E3-BB1862FC3942}.Ad-Hoc|x86.Deploy.0 = Release|Any CPU
		{86A2BEE1-0BB9-45C3-90E3-BB1862FC3942}.AppStore|Any CPU.ActiveCfg = Release|Any CPU
		{86A2BEE1-0BB9-45C3-90E3-BB1862FC3942}.AppStore|Any CPU.Build.0 = Release|Any CPU
		{86A2BEE1-0BB9-45C3-90E3-BB1862FC3942}.AppStore|Any CPU.Deploy.0 = Release|Any CPU
		{86A2BEE1-0BB9-45C3-90E3-BB1862FC3942}.AppStore|ARM.ActiveCfg = Release|Any CPU
		{86A2BEE1-0BB9-45C3-90E3-BB1862FC3942}.AppStore|ARM.Build.0 = Release|Any CPU
		{86A2BEE1-0BB9-45C3-90E3-BB1862FC3942}.AppStore|ARM.Deploy.0 = Release|Any CPU
		{86A2BEE1-0BB9-45C3-90E3-BB1862FC3942}.AppStore|iPhone.ActiveCfg = Release|Any CPU
		{86A2BEE1-0BB9-45C3-90E3-BB1862FC3942}.AppStore|iPhone.Build.0 = Release|Any CPU
		{86A2BEE1-0BB9-45C3-90E3-BB1862FC3942}.AppStore|iPhone.Deploy.0 = Release|Any CPU
		{86A2BEE1-0BB9-45C3-90E3-BB1862FC3942}.AppStore|iPhoneSimulator.ActiveCfg = Release|Any CPU
		{86A2BEE1-0BB9-45C3-90E3-BB1862FC3942}.AppStore|iPhoneSimulator.Build.0 = Release|Any CPU
		{86A2BEE1-0BB9-45C3-90E3-BB1862FC3942}.AppStore|iPhoneSimulator.Deploy.0 = Release|Any CPU
		{86A2BEE1-0BB9-45C3-90E3-BB1862FC3942}.AppStore|x64.ActiveCfg = Release|Any CPU
		{86A2BEE1-0BB9-45C3-90E3-BB1862FC3942}.AppStore|x64.Build.0 = Release|Any CPU
		{86A2BEE1-0BB9-45C3-90E3-BB1862FC3942}.AppStore|x64.Deploy.0 = Release|Any CPU
		{86A2BEE1-0BB9-45C3-90E3-BB1862FC3942}.AppStore|x86.ActiveCfg = Release|Any CPU
		{86A2BEE1-0BB9-45C3-90E3-BB1862FC3942}.AppStore|x86.Build.0 = Release|Any CPU
		{86A2BEE1-0BB9-45C3-90E3-BB1862FC3942}.AppStore|x86.Deploy.0 = Release|Any CPU
		{86A2BEE1-0BB9-45C3-90E3-BB1862FC3942}.Debug|Any CPU.ActiveCfg = Debug|Any CPU
		{86A2BEE1-0BB9-45C3-90E3-BB1862FC3942}.Debug|Any CPU.Build.0 = Debug|Any CPU
		{86A2BEE1-0BB9-45C3-90E3-BB1862FC3942}.Debug|Any CPU.Deploy.0 = Debug|Any CPU
		{86A2BEE1-0BB9-45C3-90E3-BB1862FC3942}.Debug|ARM.ActiveCfg = Debug|Any CPU
		{86A2BEE1-0BB9-45C3-90E3-BB1862FC3942}.Debug|ARM.Build.0 = Debug|Any CPU
		{86A2BEE1-0BB9-45C3-90E3-BB1862FC3942}.Debug|ARM.Deploy.0 = Debug|Any CPU
		{86A2BEE1-0BB9-45C3-90E3-BB1862FC3942}.Debug|iPhone.ActiveCfg = Debug|Any CPU
		{86A2BEE1-0BB9-45C3-90E3-BB1862FC3942}.Debug|iPhone.Build.0 = Debug|Any CPU
		{86A2BEE1-0BB9-45C3-90E3-BB1862FC3942}.Debug|iPhone.Deploy.0 = Debug|Any CPU
		{86A2BEE1-0BB9-45C3-90E3-BB1862FC3942}.Debug|iPhoneSimulator.ActiveCfg = Debug|Any CPU
		{86A2BEE1-0BB9-45C3-90E3-BB1862FC3942}.Debug|iPhoneSimulator.Build.0 = Debug|Any CPU
		{86A2BEE1-0BB9-45C3-90E3-BB1862FC3942}.Debug|iPhoneSimulator.Deploy.0 = Debug|Any CPU
		{86A2BEE1-0BB9-45C3-90E3-BB1862FC3942}.Debug|x64.ActiveCfg = Debug|Any CPU
		{86A2BEE1-0BB9-45C3-90E3-BB1862FC3942}.Debug|x64.Build.0 = Debug|Any CPU
		{86A2BEE1-0BB9-45C3-90E3-BB1862FC3942}.Debug|x64.Deploy.0 = Debug|Any CPU
		{86A2BEE1-0BB9-45C3-90E3-BB1862FC3942}.Debug|x86.ActiveCfg = Debug|Any CPU
		{86A2BEE1-0BB9-45C3-90E3-BB1862FC3942}.Debug|x86.Build.0 = Debug|Any CPU
		{86A2BEE1-0BB9-45C3-90E3-BB1862FC3942}.Debug|x86.Deploy.0 = Debug|Any CPU
		{86A2BEE1-0BB9-45C3-90E3-BB1862FC3942}.Release|Any CPU.ActiveCfg = Release|Any CPU
		{86A2BEE1-0BB9-45C3-90E3-BB1862FC3942}.Release|Any CPU.Build.0 = Release|Any CPU
		{86A2BEE1-0BB9-45C3-90E3-BB1862FC3942}.Release|Any CPU.Deploy.0 = Release|Any CPU
		{86A2BEE1-0BB9-45C3-90E3-BB1862FC3942}.Release|ARM.ActiveCfg = Release|Any CPU
		{86A2BEE1-0BB9-45C3-90E3-BB1862FC3942}.Release|ARM.Build.0 = Release|Any CPU
		{86A2BEE1-0BB9-45C3-90E3-BB1862FC3942}.Release|ARM.Deploy.0 = Release|Any CPU
		{86A2BEE1-0BB9-45C3-90E3-BB1862FC3942}.Release|iPhone.ActiveCfg = Release|Any CPU
		{86A2BEE1-0BB9-45C3-90E3-BB1862FC3942}.Release|iPhone.Build.0 = Release|Any CPU
		{86A2BEE1-0BB9-45C3-90E3-BB1862FC3942}.Release|iPhone.Deploy.0 = Release|Any CPU
		{86A2BEE1-0BB9-45C3-90E3-BB1862FC3942}.Release|iPhoneSimulator.ActiveCfg = Release|Any CPU
		{86A2BEE1-0BB9-45C3-90E3-BB1862FC3942}.Release|iPhoneSimulator.Build.0 = Release|Any CPU
		{86A2BEE1-0BB9-45C3-90E3-BB1862FC3942}.Release|iPhoneSimulator.Deploy.0 = Release|Any CPU
		{86A2BEE1-0BB9-45C3-90E3-BB1862FC3942}.Release|x64.ActiveCfg = Release|Any CPU
		{86A2BEE1-0BB9-45C3-90E3-BB1862FC3942}.Release|x64.Build.0 = Release|Any CPU
		{86A2BEE1-0BB9-45C3-90E3-BB1862FC3942}.Release|x64.Deploy.0 = Release|Any CPU
		{86A2BEE1-0BB9-45C3-90E3-BB1862FC3942}.Release|x86.ActiveCfg = Release|Any CPU
		{86A2BEE1-0BB9-45C3-90E3-BB1862FC3942}.Release|x86.Build.0 = Release|Any CPU
		{86A2BEE1-0BB9-45C3-90E3-BB1862FC3942}.Release|x86.Deploy.0 = Release|Any CPU
		{2CD41BFE-E52F-4E6E-B460-D387FF39842C}.Ad-Hoc|Any CPU.ActiveCfg = Ad-Hoc|iPhone
		{2CD41BFE-E52F-4E6E-B460-D387FF39842C}.Ad-Hoc|Any CPU.Build.0 = Ad-Hoc|iPhone
		{2CD41BFE-E52F-4E6E-B460-D387FF39842C}.Ad-Hoc|Any CPU.Deploy.0 = Ad-Hoc|iPhone
		{2CD41BFE-E52F-4E6E-B460-D387FF39842C}.Ad-Hoc|ARM.ActiveCfg = Ad-Hoc|iPhone
		{2CD41BFE-E52F-4E6E-B460-D387FF39842C}.Ad-Hoc|ARM.Build.0 = Ad-Hoc|iPhone
		{2CD41BFE-E52F-4E6E-B460-D387FF39842C}.Ad-Hoc|ARM.Deploy.0 = Ad-Hoc|iPhone
		{2CD41BFE-E52F-4E6E-B460-D387FF39842C}.Ad-Hoc|iPhone.ActiveCfg = Ad-Hoc|iPhone
		{2CD41BFE-E52F-4E6E-B460-D387FF39842C}.Ad-Hoc|iPhone.Build.0 = Ad-Hoc|iPhone
		{2CD41BFE-E52F-4E6E-B460-D387FF39842C}.Ad-Hoc|iPhone.Deploy.0 = Ad-Hoc|iPhone
		{2CD41BFE-E52F-4E6E-B460-D387FF39842C}.Ad-Hoc|iPhoneSimulator.ActiveCfg = Ad-Hoc|iPhoneSimulator
		{2CD41BFE-E52F-4E6E-B460-D387FF39842C}.Ad-Hoc|iPhoneSimulator.Build.0 = Ad-Hoc|iPhoneSimulator
		{2CD41BFE-E52F-4E6E-B460-D387FF39842C}.Ad-Hoc|iPhoneSimulator.Deploy.0 = Ad-Hoc|iPhoneSimulator
		{2CD41BFE-E52F-4E6E-B460-D387FF39842C}.Ad-Hoc|x64.ActiveCfg = Ad-Hoc|iPhone
		{2CD41BFE-E52F-4E6E-B460-D387FF39842C}.Ad-Hoc|x64.Build.0 = Ad-Hoc|iPhone
		{2CD41BFE-E52F-4E6E-B460-D387FF39842C}.Ad-Hoc|x64.Deploy.0 = Ad-Hoc|iPhone
		{2CD41BFE-E52F-4E6E-B460-D387FF39842C}.Ad-Hoc|x86.ActiveCfg = Ad-Hoc|iPhone
		{2CD41BFE-E52F-4E6E-B460-D387FF39842C}.Ad-Hoc|x86.Build.0 = Ad-Hoc|iPhone
		{2CD41BFE-E52F-4E6E-B460-D387FF39842C}.Ad-Hoc|x86.Deploy.0 = Ad-Hoc|iPhone
		{2CD41BFE-E52F-4E6E-B460-D387FF39842C}.AppStore|Any CPU.ActiveCfg = AppStore|iPhone
		{2CD41BFE-E52F-4E6E-B460-D387FF39842C}.AppStore|Any CPU.Build.0 = AppStore|iPhone
		{2CD41BFE-E52F-4E6E-B460-D387FF39842C}.AppStore|Any CPU.Deploy.0 = AppStore|iPhone
		{2CD41BFE-E52F-4E6E-B460-D387FF39842C}.AppStore|ARM.ActiveCfg = AppStore|iPhone
		{2CD41BFE-E52F-4E6E-B460-D387FF39842C}.AppStore|ARM.Build.0 = AppStore|iPhone
		{2CD41BFE-E52F-4E6E-B460-D387FF39842C}.AppStore|ARM.Deploy.0 = AppStore|iPhone
		{2CD41BFE-E52F-4E6E-B460-D387FF39842C}.AppStore|iPhone.ActiveCfg = AppStore|iPhone
		{2CD41BFE-E52F-4E6E-B460-D387FF39842C}.AppStore|iPhone.Build.0 = AppStore|iPhone
		{2CD41BFE-E52F-4E6E-B460-D387FF39842C}.AppStore|iPhone.Deploy.0 = AppStore|iPhone
		{2CD41BFE-E52F-4E6E-B460-D387FF39842C}.AppStore|iPhoneSimulator.ActiveCfg = AppStore|iPhoneSimulator
		{2CD41BFE-E52F-4E6E-B460-D387FF39842C}.AppStore|iPhoneSimulator.Build.0 = AppStore|iPhoneSimulator
		{2CD41BFE-E52F-4E6E-B460-D387FF39842C}.AppStore|iPhoneSimulator.Deploy.0 = AppStore|iPhoneSimulator
		{2CD41BFE-E52F-4E6E-B460-D387FF39842C}.AppStore|x64.ActiveCfg = AppStore|iPhone
		{2CD41BFE-E52F-4E6E-B460-D387FF39842C}.AppStore|x64.Build.0 = AppStore|iPhone
		{2CD41BFE-E52F-4E6E-B460-D387FF39842C}.AppStore|x64.Deploy.0 = AppStore|iPhone
		{2CD41BFE-E52F-4E6E-B460-D387FF39842C}.AppStore|x86.ActiveCfg = AppStore|iPhone
		{2CD41BFE-E52F-4E6E-B460-D387FF39842C}.AppStore|x86.Build.0 = AppStore|iPhone
		{2CD41BFE-E52F-4E6E-B460-D387FF39842C}.AppStore|x86.Deploy.0 = AppStore|iPhone
		{2CD41BFE-E52F-4E6E-B460-D387FF39842C}.Debug|Any CPU.ActiveCfg = Debug|iPhoneSimulator
		{2CD41BFE-E52F-4E6E-B460-D387FF39842C}.Debug|Any CPU.Build.0 = Debug|iPhoneSimulator
		{2CD41BFE-E52F-4E6E-B460-D387FF39842C}.Debug|Any CPU.Deploy.0 = Debug|iPhoneSimulator
		{2CD41BFE-E52F-4E6E-B460-D387FF39842C}.Debug|ARM.ActiveCfg = Debug|iPhone
		{2CD41BFE-E52F-4E6E-B460-D387FF39842C}.Debug|ARM.Build.0 = Debug|iPhone
		{2CD41BFE-E52F-4E6E-B460-D387FF39842C}.Debug|ARM.Deploy.0 = Debug|iPhone
		{2CD41BFE-E52F-4E6E-B460-D387FF39842C}.Debug|iPhone.ActiveCfg = Debug|iPhone
		{2CD41BFE-E52F-4E6E-B460-D387FF39842C}.Debug|iPhone.Build.0 = Debug|iPhone
		{2CD41BFE-E52F-4E6E-B460-D387FF39842C}.Debug|iPhone.Deploy.0 = Debug|iPhone
		{2CD41BFE-E52F-4E6E-B460-D387FF39842C}.Debug|iPhoneSimulator.ActiveCfg = Debug|iPhoneSimulator
		{2CD41BFE-E52F-4E6E-B460-D387FF39842C}.Debug|iPhoneSimulator.Build.0 = Debug|iPhoneSimulator
		{2CD41BFE-E52F-4E6E-B460-D387FF39842C}.Debug|iPhoneSimulator.Deploy.0 = Debug|iPhoneSimulator
		{2CD41BFE-E52F-4E6E-B460-D387FF39842C}.Debug|x64.ActiveCfg = Debug|iPhone
		{2CD41BFE-E52F-4E6E-B460-D387FF39842C}.Debug|x64.Build.0 = Debug|iPhone
		{2CD41BFE-E52F-4E6E-B460-D387FF39842C}.Debug|x64.Deploy.0 = Debug|iPhone
		{2CD41BFE-E52F-4E6E-B460-D387FF39842C}.Debug|x86.ActiveCfg = Debug|iPhone
		{2CD41BFE-E52F-4E6E-B460-D387FF39842C}.Debug|x86.Build.0 = Debug|iPhone
		{2CD41BFE-E52F-4E6E-B460-D387FF39842C}.Debug|x86.Deploy.0 = Debug|iPhone
		{2CD41BFE-E52F-4E6E-B460-D387FF39842C}.Release|Any CPU.ActiveCfg = Release|iPhone
		{2CD41BFE-E52F-4E6E-B460-D387FF39842C}.Release|Any CPU.Build.0 = Release|iPhone
		{2CD41BFE-E52F-4E6E-B460-D387FF39842C}.Release|Any CPU.Deploy.0 = Release|iPhone
		{2CD41BFE-E52F-4E6E-B460-D387FF39842C}.Release|ARM.ActiveCfg = Release|iPhone
		{2CD41BFE-E52F-4E6E-B460-D387FF39842C}.Release|ARM.Build.0 = Release|iPhone
		{2CD41BFE-E52F-4E6E-B460-D387FF39842C}.Release|ARM.Deploy.0 = Release|iPhone
		{2CD41BFE-E52F-4E6E-B460-D387FF39842C}.Release|iPhone.ActiveCfg = Release|iPhone
		{2CD41BFE-E52F-4E6E-B460-D387FF39842C}.Release|iPhone.Build.0 = Release|iPhone
		{2CD41BFE-E52F-4E6E-B460-D387FF39842C}.Release|iPhone.Deploy.0 = Release|iPhone
		{2CD41BFE-E52F-4E6E-B460-D387FF39842C}.Release|iPhoneSimulator.ActiveCfg = Release|iPhoneSimulator
		{2CD41BFE-E52F-4E6E-B460-D387FF39842C}.Release|iPhoneSimulator.Build.0 = Release|iPhoneSimulator
		{2CD41BFE-E52F-4E6E-B460-D387FF39842C}.Release|iPhoneSimulator.Deploy.0 = Release|iPhoneSimulator
		{2CD41BFE-E52F-4E6E-B460-D387FF39842C}.Release|x64.ActiveCfg = Release|iPhone
		{2CD41BFE-E52F-4E6E-B460-D387FF39842C}.Release|x64.Build.0 = Release|iPhone
		{2CD41BFE-E52F-4E6E-B460-D387FF39842C}.Release|x64.Deploy.0 = Release|iPhone
		{2CD41BFE-E52F-4E6E-B460-D387FF39842C}.Release|x86.ActiveCfg = Release|iPhone
		{2CD41BFE-E52F-4E6E-B460-D387FF39842C}.Release|x86.Build.0 = Release|iPhone
		{2CD41BFE-E52F-4E6E-B460-D387FF39842C}.Release|x86.Deploy.0 = Release|iPhone
		{B890E31D-F075-4DAF-8E0D-C9F8A7DE2FE0}.Ad-Hoc|Any CPU.ActiveCfg = Release|x86
		{B890E31D-F075-4DAF-8E0D-C9F8A7DE2FE0}.Ad-Hoc|Any CPU.Build.0 = Release|x86
		{B890E31D-F075-4DAF-8E0D-C9F8A7DE2FE0}.Ad-Hoc|Any CPU.Deploy.0 = Release|x86
		{B890E31D-F075-4DAF-8E0D-C9F8A7DE2FE0}.Ad-Hoc|ARM.ActiveCfg = Release|ARM
		{B890E31D-F075-4DAF-8E0D-C9F8A7DE2FE0}.Ad-Hoc|ARM.Build.0 = Release|ARM
		{B890E31D-F075-4DAF-8E0D-C9F8A7DE2FE0}.Ad-Hoc|ARM.Deploy.0 = Release|ARM
		{B890E31D-F075-4DAF-8E0D-C9F8A7DE2FE0}.Ad-Hoc|iPhone.ActiveCfg = Release|x86
		{B890E31D-F075-4DAF-8E0D-C9F8A7DE2FE0}.Ad-Hoc|iPhone.Build.0 = Release|x86
		{B890E31D-F075-4DAF-8E0D-C9F8A7DE2FE0}.Ad-Hoc|iPhone.Deploy.0 = Release|x86
		{B890E31D-F075-4DAF-8E0D-C9F8A7DE2FE0}.Ad-Hoc|iPhoneSimulator.ActiveCfg = Release|x86
		{B890E31D-F075-4DAF-8E0D-C9F8A7DE2FE0}.Ad-Hoc|iPhoneSimulator.Build.0 = Release|x86
		{B890E31D-F075-4DAF-8E0D-C9F8A7DE2FE0}.Ad-Hoc|iPhoneSimulator.Deploy.0 = Release|x86
		{B890E31D-F075-4DAF-8E0D-C9F8A7DE2FE0}.Ad-Hoc|x64.ActiveCfg = Release|x64
		{B890E31D-F075-4DAF-8E0D-C9F8A7DE2FE0}.Ad-Hoc|x64.Build.0 = Release|x64
		{B890E31D-F075-4DAF-8E0D-C9F8A7DE2FE0}.Ad-Hoc|x64.Deploy.0 = Release|x64
		{B890E31D-F075-4DAF-8E0D-C9F8A7DE2FE0}.Ad-Hoc|x86.ActiveCfg = Release|x86
		{B890E31D-F075-4DAF-8E0D-C9F8A7DE2FE0}.Ad-Hoc|x86.Build.0 = Release|x86
		{B890E31D-F075-4DAF-8E0D-C9F8A7DE2FE0}.Ad-Hoc|x86.Deploy.0 = Release|x86
		{B890E31D-F075-4DAF-8E0D-C9F8A7DE2FE0}.AppStore|Any CPU.ActiveCfg = Release|x86
		{B890E31D-F075-4DAF-8E0D-C9F8A7DE2FE0}.AppStore|Any CPU.Build.0 = Release|x86
		{B890E31D-F075-4DAF-8E0D-C9F8A7DE2FE0}.AppStore|Any CPU.Deploy.0 = Release|x86
		{B890E31D-F075-4DAF-8E0D-C9F8A7DE2FE0}.AppStore|ARM.ActiveCfg = Release|ARM
		{B890E31D-F075-4DAF-8E0D-C9F8A7DE2FE0}.AppStore|ARM.Build.0 = Release|ARM
		{B890E31D-F075-4DAF-8E0D-C9F8A7DE2FE0}.AppStore|ARM.Deploy.0 = Release|ARM
		{B890E31D-F075-4DAF-8E0D-C9F8A7DE2FE0}.AppStore|iPhone.ActiveCfg = Release|x86
		{B890E31D-F075-4DAF-8E0D-C9F8A7DE2FE0}.AppStore|iPhone.Build.0 = Release|x86
		{B890E31D-F075-4DAF-8E0D-C9F8A7DE2FE0}.AppStore|iPhone.Deploy.0 = Release|x86
		{B890E31D-F075-4DAF-8E0D-C9F8A7DE2FE0}.AppStore|iPhoneSimulator.ActiveCfg = Release|x86
		{B890E31D-F075-4DAF-8E0D-C9F8A7DE2FE0}.AppStore|iPhoneSimulator.Build.0 = Release|x86
		{B890E31D-F075-4DAF-8E0D-C9F8A7DE2FE0}.AppStore|iPhoneSimulator.Deploy.0 = Release|x86
		{B890E31D-F075-4DAF-8E0D-C9F8A7DE2FE0}.AppStore|x64.ActiveCfg = Release|x64
		{B890E31D-F075-4DAF-8E0D-C9F8A7DE2FE0}.AppStore|x64.Build.0 = Release|x64
		{B890E31D-F075-4DAF-8E0D-C9F8A7DE2FE0}.AppStore|x64.Deploy.0 = Release|x64
		{B890E31D-F075-4DAF-8E0D-C9F8A7DE2FE0}.AppStore|x86.ActiveCfg = Release|x86
		{B890E31D-F075-4DAF-8E0D-C9F8A7DE2FE0}.AppStore|x86.Build.0 = Release|x86
		{B890E31D-F075-4DAF-8E0D-C9F8A7DE2FE0}.AppStore|x86.Deploy.0 = Release|x86
		{B890E31D-F075-4DAF-8E0D-C9F8A7DE2FE0}.Debug|Any CPU.ActiveCfg = Debug|x86
		{B890E31D-F075-4DAF-8E0D-C9F8A7DE2FE0}.Debug|Any CPU.Build.0 = Debug|x86
		{B890E31D-F075-4DAF-8E0D-C9F8A7DE2FE0}.Debug|Any CPU.Deploy.0 = Debug|x86
		{B890E31D-F075-4DAF-8E0D-C9F8A7DE2FE0}.Debug|ARM.ActiveCfg = Debug|ARM
		{B890E31D-F075-4DAF-8E0D-C9F8A7DE2FE0}.Debug|ARM.Build.0 = Debug|ARM
		{B890E31D-F075-4DAF-8E0D-C9F8A7DE2FE0}.Debug|ARM.Deploy.0 = Debug|ARM
		{B890E31D-F075-4DAF-8E0D-C9F8A7DE2FE0}.Debug|iPhone.ActiveCfg = Debug|x86
		{B890E31D-F075-4DAF-8E0D-C9F8A7DE2FE0}.Debug|iPhone.Build.0 = Debug|x86
		{B890E31D-F075-4DAF-8E0D-C9F8A7DE2FE0}.Debug|iPhone.Deploy.0 = Debug|x86
		{B890E31D-F075-4DAF-8E0D-C9F8A7DE2FE0}.Debug|iPhoneSimulator.ActiveCfg = Debug|x86
		{B890E31D-F075-4DAF-8E0D-C9F8A7DE2FE0}.Debug|iPhoneSimulator.Build.0 = Debug|x86
		{B890E31D-F075-4DAF-8E0D-C9F8A7DE2FE0}.Debug|iPhoneSimulator.Deploy.0 = Debug|x86
		{B890E31D-F075-4DAF-8E0D-C9F8A7DE2FE0}.Debug|x64.ActiveCfg = Debug|x64
		{B890E31D-F075-4DAF-8E0D-C9F8A7DE2FE0}.Debug|x64.Build.0 = Debug|x64
		{B890E31D-F075-4DAF-8E0D-C9F8A7DE2FE0}.Debug|x64.Deploy.0 = Debug|x64
		{B890E31D-F075-4DAF-8E0D-C9F8A7DE2FE0}.Debug|x86.ActiveCfg = Debug|x86
		{B890E31D-F075-4DAF-8E0D-C9F8A7DE2FE0}.Debug|x86.Build.0 = Debug|x86
		{B890E31D-F075-4DAF-8E0D-C9F8A7DE2FE0}.Debug|x86.Deploy.0 = Debug|x86
		{B890E31D-F075-4DAF-8E0D-C9F8A7DE2FE0}.Release|Any CPU.ActiveCfg = Release|x86
		{B890E31D-F075-4DAF-8E0D-C9F8A7DE2FE0}.Release|Any CPU.Build.0 = Release|x86
		{B890E31D-F075-4DAF-8E0D-C9F8A7DE2FE0}.Release|Any CPU.Deploy.0 = Release|x86
		{B890E31D-F075-4DAF-8E0D-C9F8A7DE2FE0}.Release|ARM.ActiveCfg = Release|ARM
		{B890E31D-F075-4DAF-8E0D-C9F8A7DE2FE0}.Release|ARM.Build.0 = Release|ARM
		{B890E31D-F075-4DAF-8E0D-C9F8A7DE2FE0}.Release|ARM.Deploy.0 = Release|ARM
		{B890E31D-F075-4DAF-8E0D-C9F8A7DE2FE0}.Release|iPhone.ActiveCfg = Release|x86
		{B890E31D-F075-4DAF-8E0D-C9F8A7DE2FE0}.Release|iPhone.Build.0 = Release|x86
		{B890E31D-F075-4DAF-8E0D-C9F8A7DE2FE0}.Release|iPhone.Deploy.0 = Release|x86
		{B890E31D-F075-4DAF-8E0D-C9F8A7DE2FE0}.Release|iPhoneSimulator.ActiveCfg = Release|x86
		{B890E31D-F075-4DAF-8E0D-C9F8A7DE2FE0}.Release|iPhoneSimulator.Build.0 = Release|x86
		{B890E31D-F075-4DAF-8E0D-C9F8A7DE2FE0}.Release|iPhoneSimulator.Deploy.0 = Release|x86
		{B890E31D-F075-4DAF-8E0D-C9F8A7DE2FE0}.Release|x64.ActiveCfg = Release|x64
		{B890E31D-F075-4DAF-8E0D-C9F8A7DE2FE0}.Release|x64.Build.0 = Release|x64
		{B890E31D-F075-4DAF-8E0D-C9F8A7DE2FE0}.Release|x64.Deploy.0 = Release|x64
		{B890E31D-F075-4DAF-8E0D-C9F8A7DE2FE0}.Release|x86.ActiveCfg = Release|x86
		{B890E31D-F075-4DAF-8E0D-C9F8A7DE2FE0}.Release|x86.Build.0 = Release|x86
		{B890E31D-F075-4DAF-8E0D-C9F8A7DE2FE0}.Release|x86.Deploy.0 = Release|x86
		{0167FE91-18AB-4D7A-ADF3-34B8D979BDCC}.Ad-Hoc|Any CPU.ActiveCfg = Debug|Any CPU
		{0167FE91-18AB-4D7A-ADF3-34B8D979BDCC}.Ad-Hoc|Any CPU.Build.0 = Debug|Any CPU
		{0167FE91-18AB-4D7A-ADF3-34B8D979BDCC}.Ad-Hoc|Any CPU.Deploy.0 = Debug|Any CPU
		{0167FE91-18AB-4D7A-ADF3-34B8D979BDCC}.Ad-Hoc|ARM.ActiveCfg = Debug|Any CPU
		{0167FE91-18AB-4D7A-ADF3-34B8D979BDCC}.Ad-Hoc|ARM.Build.0 = Debug|Any CPU
		{0167FE91-18AB-4D7A-ADF3-34B8D979BDCC}.Ad-Hoc|ARM.Deploy.0 = Debug|Any CPU
		{0167FE91-18AB-4D7A-ADF3-34B8D979BDCC}.Ad-Hoc|iPhone.ActiveCfg = Debug|Any CPU
		{0167FE91-18AB-4D7A-ADF3-34B8D979BDCC}.Ad-Hoc|iPhone.Build.0 = Debug|Any CPU
		{0167FE91-18AB-4D7A-ADF3-34B8D979BDCC}.Ad-Hoc|iPhone.Deploy.0 = Debug|Any CPU
		{0167FE91-18AB-4D7A-ADF3-34B8D979BDCC}.Ad-Hoc|iPhoneSimulator.ActiveCfg = Debug|Any CPU
		{0167FE91-18AB-4D7A-ADF3-34B8D979BDCC}.Ad-Hoc|iPhoneSimulator.Build.0 = Debug|Any CPU
		{0167FE91-18AB-4D7A-ADF3-34B8D979BDCC}.Ad-Hoc|iPhoneSimulator.Deploy.0 = Debug|Any CPU
		{0167FE91-18AB-4D7A-ADF3-34B8D979BDCC}.Ad-Hoc|x64.ActiveCfg = Debug|Any CPU
		{0167FE91-18AB-4D7A-ADF3-34B8D979BDCC}.Ad-Hoc|x64.Build.0 = Debug|Any CPU
		{0167FE91-18AB-4D7A-ADF3-34B8D979BDCC}.Ad-Hoc|x64.Deploy.0 = Debug|Any CPU
		{0167FE91-18AB-4D7A-ADF3-34B8D979BDCC}.Ad-Hoc|x86.ActiveCfg = Debug|Any CPU
		{0167FE91-18AB-4D7A-ADF3-34B8D979BDCC}.Ad-Hoc|x86.Build.0 = Debug|Any CPU
		{0167FE91-18AB-4D7A-ADF3-34B8D979BDCC}.Ad-Hoc|x86.Deploy.0 = Debug|Any CPU
		{0167FE91-18AB-4D7A-ADF3-34B8D979BDCC}.AppStore|Any CPU.ActiveCfg = Debug|Any CPU
		{0167FE91-18AB-4D7A-ADF3-34B8D979BDCC}.AppStore|Any CPU.Build.0 = Debug|Any CPU
		{0167FE91-18AB-4D7A-ADF3-34B8D979BDCC}.AppStore|Any CPU.Deploy.0 = Debug|Any CPU
		{0167FE91-18AB-4D7A-ADF3-34B8D979BDCC}.AppStore|ARM.ActiveCfg = Debug|Any CPU
		{0167FE91-18AB-4D7A-ADF3-34B8D979BDCC}.AppStore|ARM.Build.0 = Debug|Any CPU
		{0167FE91-18AB-4D7A-ADF3-34B8D979BDCC}.AppStore|ARM.Deploy.0 = Debug|Any CPU
		{0167FE91-18AB-4D7A-ADF3-34B8D979BDCC}.AppStore|iPhone.ActiveCfg = Debug|Any CPU
		{0167FE91-18AB-4D7A-ADF3-34B8D979BDCC}.AppStore|iPhone.Build.0 = Debug|Any CPU
		{0167FE91-18AB-4D7A-ADF3-34B8D979BDCC}.AppStore|iPhone.Deploy.0 = Debug|Any CPU
		{0167FE91-18AB-4D7A-ADF3-34B8D979BDCC}.AppStore|iPhoneSimulator.ActiveCfg = Debug|Any CPU
		{0167FE91-18AB-4D7A-ADF3-34B8D979BDCC}.AppStore|iPhoneSimulator.Build.0 = Debug|Any CPU
		{0167FE91-18AB-4D7A-ADF3-34B8D979BDCC}.AppStore|iPhoneSimulator.Deploy.0 = Debug|Any CPU
		{0167FE91-18AB-4D7A-ADF3-34B8D979BDCC}.AppStore|x64.ActiveCfg = Debug|Any CPU
		{0167FE91-18AB-4D7A-ADF3-34B8D979BDCC}.AppStore|x64.Build.0 = Debug|Any CPU
		{0167FE91-18AB-4D7A-ADF3-34B8D979BDCC}.AppStore|x64.Deploy.0 = Debug|Any CPU
		{0167FE91-18AB-4D7A-ADF3-34B8D979BDCC}.AppStore|x86.ActiveCfg = Debug|Any CPU
		{0167FE91-18AB-4D7A-ADF3-34B8D979BDCC}.AppStore|x86.Build.0 = Debug|Any CPU
		{0167FE91-18AB-4D7A-ADF3-34B8D979BDCC}.AppStore|x86.Deploy.0 = Debug|Any CPU
		{0167FE91-18AB-4D7A-ADF3-34B8D979BDCC}.Debug|Any CPU.ActiveCfg = Debug|Any CPU
		{0167FE91-18AB-4D7A-ADF3-34B8D979BDCC}.Debug|Any CPU.Build.0 = Debug|Any CPU
		{0167FE91-18AB-4D7A-ADF3-34B8D979BDCC}.Debug|Any CPU.Deploy.0 = Debug|Any CPU
		{0167FE91-18AB-4D7A-ADF3-34B8D979BDCC}.Debug|ARM.ActiveCfg = Debug|Any CPU
		{0167FE91-18AB-4D7A-ADF3-34B8D979BDCC}.Debug|ARM.Build.0 = Debug|Any CPU
		{0167FE91-18AB-4D7A-ADF3-34B8D979BDCC}.Debug|ARM.Deploy.0 = Debug|Any CPU
		{0167FE91-18AB-4D7A-ADF3-34B8D979BDCC}.Debug|iPhone.ActiveCfg = Debug|Any CPU
		{0167FE91-18AB-4D7A-ADF3-34B8D979BDCC}.Debug|iPhone.Build.0 = Debug|Any CPU
		{0167FE91-18AB-4D7A-ADF3-34B8D979BDCC}.Debug|iPhone.Deploy.0 = Debug|Any CPU
		{0167FE91-18AB-4D7A-ADF3-34B8D979BDCC}.Debug|iPhoneSimulator.ActiveCfg = Debug|Any CPU
		{0167FE91-18AB-4D7A-ADF3-34B8D979BDCC}.Debug|iPhoneSimulator.Build.0 = Debug|Any CPU
		{0167FE91-18AB-4D7A-ADF3-34B8D979BDCC}.Debug|iPhoneSimulator.Deploy.0 = Debug|Any CPU
		{0167FE91-18AB-4D7A-ADF3-34B8D979BDCC}.Debug|x64.ActiveCfg = Debug|Any CPU
		{0167FE91-18AB-4D7A-ADF3-34B8D979BDCC}.Debug|x64.Build.0 = Debug|Any CPU
		{0167FE91-18AB-4D7A-ADF3-34B8D979BDCC}.Debug|x64.Deploy.0 = Debug|Any CPU
		{0167FE91-18AB-4D7A-ADF3-34B8D979BDCC}.Debug|x86.ActiveCfg = Debug|Any CPU
		{0167FE91-18AB-4D7A-ADF3-34B8D979BDCC}.Debug|x86.Build.0 = Debug|Any CPU
		{0167FE91-18AB-4D7A-ADF3-34B8D979BDCC}.Debug|x86.Deploy.0 = Debug|Any CPU
		{0167FE91-18AB-4D7A-ADF3-34B8D979BDCC}.Release|Any CPU.ActiveCfg = Release|Any CPU
		{0167FE91-18AB-4D7A-ADF3-34B8D979BDCC}.Release|Any CPU.Build.0 = Release|Any CPU
		{0167FE91-18AB-4D7A-ADF3-34B8D979BDCC}.Release|Any CPU.Deploy.0 = Release|Any CPU
		{0167FE91-18AB-4D7A-ADF3-34B8D979BDCC}.Release|ARM.ActiveCfg = Release|Any CPU
		{0167FE91-18AB-4D7A-ADF3-34B8D979BDCC}.Release|ARM.Build.0 = Release|Any CPU
		{0167FE91-18AB-4D7A-ADF3-34B8D979BDCC}.Release|ARM.Deploy.0 = Release|Any CPU
		{0167FE91-18AB-4D7A-ADF3-34B8D979BDCC}.Release|iPhone.ActiveCfg = Release|Any CPU
		{0167FE91-18AB-4D7A-ADF3-34B8D979BDCC}.Release|iPhone.Build.0 = Release|Any CPU
		{0167FE91-18AB-4D7A-ADF3-34B8D979BDCC}.Release|iPhone.Deploy.0 = Release|Any CPU
		{0167FE91-18AB-4D7A-ADF3-34B8D979BDCC}.Release|iPhoneSimulator.ActiveCfg = Release|Any CPU
		{0167FE91-18AB-4D7A-ADF3-34B8D979BDCC}.Release|iPhoneSimulator.Build.0 = Release|Any CPU
		{0167FE91-18AB-4D7A-ADF3-34B8D979BDCC}.Release|iPhoneSimulator.Deploy.0 = Release|Any CPU
		{0167FE91-18AB-4D7A-ADF3-34B8D979BDCC}.Release|x64.ActiveCfg = Release|Any CPU
		{0167FE91-18AB-4D7A-ADF3-34B8D979BDCC}.Release|x64.Build.0 = Release|Any CPU
		{0167FE91-18AB-4D7A-ADF3-34B8D979BDCC}.Release|x64.Deploy.0 = Release|Any CPU
		{0167FE91-18AB-4D7A-ADF3-34B8D979BDCC}.Release|x86.ActiveCfg = Release|Any CPU
		{0167FE91-18AB-4D7A-ADF3-34B8D979BDCC}.Release|x86.Build.0 = Release|Any CPU
		{0167FE91-18AB-4D7A-ADF3-34B8D979BDCC}.Release|x86.Deploy.0 = Release|Any CPU
	EndGlobalSection
	GlobalSection(SolutionProperties) = preSolution
		HideSolutionNode = FALSE
	EndGlobalSection
	GlobalSection(ExtensibilityGlobals) = postSolution
		SolutionGuid = {B438A78D-A305-4293-AA1E-934B84ED60EB}
	EndGlobalSection
EndGlobal
