
Microsoft Visual Studio Solution File, Format Version 12.00
# Visual Studio 15
VisualStudioVersion = 15.0.27130.2010
MinimumVisualStudioVersion = 10.0.40219.1
Project("{9A19103F-16F7-4668-BE54-9A1E7A4F7556}") = "StandartSortingAlgs.Lib", "StandartSortingAlgs.Lib\StandartSortingAlgs.Lib.csproj", "{CDC0F192-F2F1-46AB-8FFC-E9D2127FB8DC}"
EndProject
Project("{9A19103F-16F7-4668-BE54-9A1E7A4F7556}") = "SelectionSort.Test", "SelectionSort.Test\SelectionSort.Test.csproj", "{14DBEE6A-E119-4F40-8137-4FC27B1D1FB6}"
EndProject
Project("{9A19103F-16F7-4668-BE54-9A1E7A4F7556}") = "InsertionSort.Test", "InsertionSort.Test\InsertionSort.Test.csproj", "{1614D5DB-9B4C-4A58-9F30-4BCB797252C8}"
EndProject
Project("{FAE04EC0-301F-11D3-BF4B-00C04F79EFBC}") = "MergeSort.Test", "MergeSort.Test\MergeSort.Test.csproj", "{9F820190-9B44-4D29-9F46-192B0CA6AD07}"
EndProject
Global
	GlobalSection(SolutionConfigurationPlatforms) = preSolution
		Debug|Any CPU = Debug|Any CPU
		Release|Any CPU = Release|Any CPU
	EndGlobalSection
	GlobalSection(ProjectConfigurationPlatforms) = postSolution
		{CDC0F192-F2F1-46AB-8FFC-E9D2127FB8DC}.Debug|Any CPU.ActiveCfg = Debug|Any CPU
		{CDC0F192-F2F1-46AB-8FFC-E9D2127FB8DC}.Debug|Any CPU.Build.0 = Debug|Any CPU
		{CDC0F192-F2F1-46AB-8FFC-E9D2127FB8DC}.Release|Any CPU.ActiveCfg = Release|Any CPU
		{CDC0F192-F2F1-46AB-8FFC-E9D2127FB8DC}.Release|Any CPU.Build.0 = Release|Any CPU
		{14DBEE6A-E119-4F40-8137-4FC27B1D1FB6}.Debug|Any CPU.ActiveCfg = Debug|Any CPU
		{14DBEE6A-E119-4F40-8137-4FC27B1D1FB6}.Debug|Any CPU.Build.0 = Debug|Any CPU
		{14DBEE6A-E119-4F40-8137-4FC27B1D1FB6}.Release|Any CPU.ActiveCfg = Release|Any CPU
		{14DBEE6A-E119-4F40-8137-4FC27B1D1FB6}.Release|Any CPU.Build.0 = Release|Any CPU
		{1614D5DB-9B4C-4A58-9F30-4BCB797252C8}.Debug|Any CPU.ActiveCfg = Debug|Any CPU
		{1614D5DB-9B4C-4A58-9F30-4BCB797252C8}.Debug|Any CPU.Build.0 = Debug|Any CPU
		{1614D5DB-9B4C-4A58-9F30-4BCB797252C8}.Release|Any CPU.ActiveCfg = Release|Any CPU
		{1614D5DB-9B4C-4A58-9F30-4BCB797252C8}.Release|Any CPU.Build.0 = Release|Any CPU
		{9F820190-9B44-4D29-9F46-192B0CA6AD07}.Debug|Any CPU.ActiveCfg = Debug|Any CPU
		{9F820190-9B44-4D29-9F46-192B0CA6AD07}.Debug|Any CPU.Build.0 = Debug|Any CPU
		{9F820190-9B44-4D29-9F46-192B0CA6AD07}.Release|Any CPU.ActiveCfg = Release|Any CPU
		{9F820190-9B44-4D29-9F46-192B0CA6AD07}.Release|Any CPU.Build.0 = Release|Any CPU
	EndGlobalSection
	GlobalSection(SolutionProperties) = preSolution
		HideSolutionNode = FALSE
	EndGlobalSection
	GlobalSection(ExtensibilityGlobals) = postSolution
		SolutionGuid = {426A8DD9-1FFD-46E9-89D9-633A9F786C3F}
	EndGlobalSection
EndGlobal
