
Microsoft Visual Studio Solution File, Format Version 12.00
# Visual Studio 14
VisualStudioVersion = 14.0.23107.0
MinimumVisualStudioVersion = 10.0.40219.1
Project("{FAE04EC0-301F-11D3-BF4B-00C04F79EFBC}") = "FixingObjects", "FixingObjects\FixingObjects.csproj", "{E03319E6-F9CC-4605-824B-BE445889454C}"
EndProject
Project("{FAE04EC0-301F-11D3-BF4B-00C04F79EFBC}") = "PointerPlayground", "PointerPlayground\PointerPlayground.csproj", "{810EB4E0-245A-4F16-BC47-5C40EAFE0659}"
EndProject
Project("{FAE04EC0-301F-11D3-BF4B-00C04F79EFBC}") = "PointerPlayground2", "PointerPlayground2\PointerPlayground2.csproj", "{9D57B2D9-12C7-40D8-BA3E-FC922DD12D52}"
EndProject
Project("{FAE04EC0-301F-11D3-BF4B-00C04F79EFBC}") = "Pointers", "Pointers\Pointers.csproj", "{9FCC4140-23AC-45B8-8FCB-AC540CB782D4}"
EndProject
Project("{FAE04EC0-301F-11D3-BF4B-00C04F79EFBC}") = "QuickArray", "QuickArray\QuickArray.csproj", "{B7631393-2D7D-4B53-8D6C-271AA3DF951A}"
EndProject
Project("{FAE04EC0-301F-11D3-BF4B-00C04F79EFBC}") = "UnmanagedDispose", "UnmanagedDispose\UnmanagedDispose.csproj", "{C3FA1F25-5F64-431A-A73C-FC49E9B86AF0}"
EndProject
Project("{FAE04EC0-301F-11D3-BF4B-00C04F79EFBC}") = "UnmanagedMemory", "UnmanagedMemory\UnmanagedMemory.csproj", "{7423761A-BCA2-462C-A961-609BA5247302}"
EndProject
Global
	GlobalSection(SolutionConfigurationPlatforms) = preSolution
		Debug|Any CPU = Debug|Any CPU
		Release|Any CPU = Release|Any CPU
	EndGlobalSection
	GlobalSection(ProjectConfigurationPlatforms) = postSolution
		{E03319E6-F9CC-4605-824B-BE445889454C}.Debug|Any CPU.ActiveCfg = Debug|Any CPU
		{E03319E6-F9CC-4605-824B-BE445889454C}.Debug|Any CPU.Build.0 = Debug|Any CPU
		{E03319E6-F9CC-4605-824B-BE445889454C}.Release|Any CPU.ActiveCfg = Release|Any CPU
		{E03319E6-F9CC-4605-824B-BE445889454C}.Release|Any CPU.Build.0 = Release|Any CPU
		{810EB4E0-245A-4F16-BC47-5C40EAFE0659}.Debug|Any CPU.ActiveCfg = Debug|Any CPU
		{810EB4E0-245A-4F16-BC47-5C40EAFE0659}.Debug|Any CPU.Build.0 = Debug|Any CPU
		{810EB4E0-245A-4F16-BC47-5C40EAFE0659}.Release|Any CPU.ActiveCfg = Release|Any CPU
		{810EB4E0-245A-4F16-BC47-5C40EAFE0659}.Release|Any CPU.Build.0 = Release|Any CPU
		{9D57B2D9-12C7-40D8-BA3E-FC922DD12D52}.Debug|Any CPU.ActiveCfg = Debug|Any CPU
		{9D57B2D9-12C7-40D8-BA3E-FC922DD12D52}.Debug|Any CPU.Build.0 = Debug|Any CPU
		{9D57B2D9-12C7-40D8-BA3E-FC922DD12D52}.Release|Any CPU.ActiveCfg = Release|Any CPU
		{9D57B2D9-12C7-40D8-BA3E-FC922DD12D52}.Release|Any CPU.Build.0 = Release|Any CPU
		{9FCC4140-23AC-45B8-8FCB-AC540CB782D4}.Debug|Any CPU.ActiveCfg = Debug|Any CPU
		{9FCC4140-23AC-45B8-8FCB-AC540CB782D4}.Debug|Any CPU.Build.0 = Debug|Any CPU
		{9FCC4140-23AC-45B8-8FCB-AC540CB782D4}.Release|Any CPU.ActiveCfg = Release|Any CPU
		{9FCC4140-23AC-45B8-8FCB-AC540CB782D4}.Release|Any CPU.Build.0 = Release|Any CPU
		{B7631393-2D7D-4B53-8D6C-271AA3DF951A}.Debug|Any CPU.ActiveCfg = Debug|Any CPU
		{B7631393-2D7D-4B53-8D6C-271AA3DF951A}.Debug|Any CPU.Build.0 = Debug|Any CPU
		{B7631393-2D7D-4B53-8D6C-271AA3DF951A}.Release|Any CPU.ActiveCfg = Release|Any CPU
		{B7631393-2D7D-4B53-8D6C-271AA3DF951A}.Release|Any CPU.Build.0 = Release|Any CPU
		{C3FA1F25-5F64-431A-A73C-FC49E9B86AF0}.Debug|Any CPU.ActiveCfg = Debug|Any CPU
		{C3FA1F25-5F64-431A-A73C-FC49E9B86AF0}.Debug|Any CPU.Build.0 = Debug|Any CPU
		{C3FA1F25-5F64-431A-A73C-FC49E9B86AF0}.Release|Any CPU.ActiveCfg = Release|Any CPU
		{C3FA1F25-5F64-431A-A73C-FC49E9B86AF0}.Release|Any CPU.Build.0 = Release|Any CPU
		{7423761A-BCA2-462C-A961-609BA5247302}.Debug|Any CPU.ActiveCfg = Debug|Any CPU
		{7423761A-BCA2-462C-A961-609BA5247302}.Debug|Any CPU.Build.0 = Debug|Any CPU
		{7423761A-BCA2-462C-A961-609BA5247302}.Release|Any CPU.ActiveCfg = Release|Any CPU
		{7423761A-BCA2-462C-A961-609BA5247302}.Release|Any CPU.Build.0 = Release|Any CPU
	EndGlobalSection
	GlobalSection(SolutionProperties) = preSolution
		HideSolutionNode = FALSE
	EndGlobalSection
EndGlobal
