
Microsoft Visual Studio Solution File, Format Version 12.00
# Visual Studio 14
VisualStudioVersion = 14.0.23107.0
MinimumVisualStudioVersion = 10.0.40219.1
Project("{FAE04EC0-301F-11D3-BF4B-00C04F79EFBC}") = "EmbededDllLoading", "EmbededDllLoading\EmbededDllLoading.csproj", "{DBE5C3CF-E1FA-481D-B251-7B3242A9FC21}"
EndProject
Project("{FAE04EC0-301F-11D3-BF4B-00C04F79EFBC}") = "Person.Lib", "Person.Lib\Person.Lib.csproj", "{F76F7D62-1689-4FDA-9B0B-3DF939E33815}"
EndProject
Project("{FAE04EC0-301F-11D3-BF4B-00C04F79EFBC}") = "FindingTypesInAssembly", "FindingTypesInAssembly\FindingTypesInAssembly.csproj", "{9185B5BD-DD70-4C39-AE6F-6FAF2D34522A}"
EndProject
Project("{FAE04EC0-301F-11D3-BF4B-00C04F79EFBC}") = "FindingDerivedTypes", "FindingDerivedTypes\FindingDerivedTypes.csproj", "{F4D003B9-6B9E-4E78-8D65-8C4D44E86F34}"
EndProject
Project("{FAE04EC0-301F-11D3-BF4B-00C04F79EFBC}") = "CreatingGenericInstance", "CreatingGenericInstance\CreatingGenericInstance.csproj", "{98CEA534-599B-4C09-AD56-1D3E1E8DDA07}"
EndProject
Project("{2150E333-8FDC-42A3-9474-1A3956D46DE8}") = "AddIns", "AddIns", "{2788CB78-8A11-426A-B9CD-8644EF9891B4}"
EndProject
Project("{FAE04EC0-301F-11D3-BF4B-00C04F79EFBC}") = "HostSdk", "HostSdk\HostSdk.csproj", "{39EBB549-D549-4E12-9499-D51E5810F6AD}"
EndProject
Project("{FAE04EC0-301F-11D3-BF4B-00C04F79EFBC}") = "AddInTypes", "AddInTypes\AddInTypes.csproj", "{0A1D34F5-E754-4CD6-840B-67563BD47342}"
EndProject
Project("{FAE04EC0-301F-11D3-BF4B-00C04F79EFBC}") = "HostSdk.ExtensibilityApp", "HostSdk.ExtensibilityApp\HostSdk.ExtensibilityApp.csproj", "{13DE24D6-778E-4E54-93A5-D77D3ACBC9B0}"
EndProject
Project("{FAE04EC0-301F-11D3-BF4B-00C04F79EFBC}") = "FindingTypeMembers", "FindingTypeMembers\FindingTypeMembers.csproj", "{1050DA52-DC81-4B4E-BEF6-AD9C4C10FBD6}"
EndProject
Project("{FAE04EC0-301F-11D3-BF4B-00C04F79EFBC}") = "FindingInterfaces", "FindingInterfaces\FindingInterfaces.csproj", "{C0E890D0-5FBD-47B0-88FC-DC714D615E84}"
EndProject
Project("{2150E333-8FDC-42A3-9474-1A3956D46DE8}") = "CallingMethodVariants", "CallingMethodVariants", "{1AB0E28B-8711-44F5-A95F-8F382F590A4B}"
EndProject
Project("{FAE04EC0-301F-11D3-BF4B-00C04F79EFBC}") = "UseInvokeMemberToBindAndInvokeTheMember", "UseInvokeMemberToBindAndInvokeTheMember\UseInvokeMemberToBindAndInvokeTheMember.csproj", "{8135CE50-B9AC-4956-8F72-7610C6899283}"
EndProject
Project("{FAE04EC0-301F-11D3-BF4B-00C04F79EFBC}") = "Lib", "Lib\Lib.csproj", "{9A87FC6C-78F3-4FEA-9B80-F35B5E27120B}"
EndProject
Project("{FAE04EC0-301F-11D3-BF4B-00C04F79EFBC}") = "BindToMemberThenInvokeTheMember", "BindToMemberThenInvokeTheMember\BindToMemberThenInvokeTheMember.csproj", "{40077481-73F7-4E1B-8F65-722612E49834}"
EndProject
Project("{FAE04EC0-301F-11D3-BF4B-00C04F79EFBC}") = "BindToMemberCreateDelegateToMemberThenInvokeTheMember", "BindToMemberCreateDelegateToMemberThenInvokeTheMember\BindToMemberCreateDelegateToMemberThenInvokeTheMember.csproj", "{F01B8991-C9B2-41D4-AB6C-CAF10C66D2FB}"
EndProject
Project("{FAE04EC0-301F-11D3-BF4B-00C04F79EFBC}") = "UseDynamicToBindAndInvokeTheMember", "UseDynamicToBindAndInvokeTheMember\UseDynamicToBindAndInvokeTheMember.csproj", "{0435F09E-7AF5-4A5B-8EB4-B8DE584972B4}"
EndProject
Project("{FAE04EC0-301F-11D3-BF4B-00C04F79EFBC}") = "CustomBinderSample", "CustomBinderSample\CustomBinderSample.csproj", "{E1332FD5-C287-4DCE-AD0A-A74407D2E141}"
EndProject
Project("{FAE04EC0-301F-11D3-BF4B-00C04F79EFBC}") = "RuntimeReflectionHandles", "RuntimeReflectionHandles\RuntimeReflectionHandles.csproj", "{606D4514-7AFF-4D3B-9F1F-02F8CAF68310}"
EndProject
Global
	GlobalSection(SolutionConfigurationPlatforms) = preSolution
		Debug|Any CPU = Debug|Any CPU
		Release|Any CPU = Release|Any CPU
	EndGlobalSection
	GlobalSection(ProjectConfigurationPlatforms) = postSolution
		{DBE5C3CF-E1FA-481D-B251-7B3242A9FC21}.Debug|Any CPU.ActiveCfg = Debug|Any CPU
		{DBE5C3CF-E1FA-481D-B251-7B3242A9FC21}.Debug|Any CPU.Build.0 = Debug|Any CPU
		{DBE5C3CF-E1FA-481D-B251-7B3242A9FC21}.Release|Any CPU.ActiveCfg = Release|Any CPU
		{DBE5C3CF-E1FA-481D-B251-7B3242A9FC21}.Release|Any CPU.Build.0 = Release|Any CPU
		{F76F7D62-1689-4FDA-9B0B-3DF939E33815}.Debug|Any CPU.ActiveCfg = Debug|Any CPU
		{F76F7D62-1689-4FDA-9B0B-3DF939E33815}.Debug|Any CPU.Build.0 = Debug|Any CPU
		{F76F7D62-1689-4FDA-9B0B-3DF939E33815}.Release|Any CPU.ActiveCfg = Release|Any CPU
		{F76F7D62-1689-4FDA-9B0B-3DF939E33815}.Release|Any CPU.Build.0 = Release|Any CPU
		{9185B5BD-DD70-4C39-AE6F-6FAF2D34522A}.Debug|Any CPU.ActiveCfg = Debug|Any CPU
		{9185B5BD-DD70-4C39-AE6F-6FAF2D34522A}.Debug|Any CPU.Build.0 = Debug|Any CPU
		{9185B5BD-DD70-4C39-AE6F-6FAF2D34522A}.Release|Any CPU.ActiveCfg = Release|Any CPU
		{9185B5BD-DD70-4C39-AE6F-6FAF2D34522A}.Release|Any CPU.Build.0 = Release|Any CPU
		{F4D003B9-6B9E-4E78-8D65-8C4D44E86F34}.Debug|Any CPU.ActiveCfg = Debug|Any CPU
		{F4D003B9-6B9E-4E78-8D65-8C4D44E86F34}.Debug|Any CPU.Build.0 = Debug|Any CPU
		{F4D003B9-6B9E-4E78-8D65-8C4D44E86F34}.Release|Any CPU.ActiveCfg = Release|Any CPU
		{F4D003B9-6B9E-4E78-8D65-8C4D44E86F34}.Release|Any CPU.Build.0 = Release|Any CPU
		{98CEA534-599B-4C09-AD56-1D3E1E8DDA07}.Debug|Any CPU.ActiveCfg = Debug|Any CPU
		{98CEA534-599B-4C09-AD56-1D3E1E8DDA07}.Debug|Any CPU.Build.0 = Debug|Any CPU
		{98CEA534-599B-4C09-AD56-1D3E1E8DDA07}.Release|Any CPU.ActiveCfg = Release|Any CPU
		{98CEA534-599B-4C09-AD56-1D3E1E8DDA07}.Release|Any CPU.Build.0 = Release|Any CPU
		{39EBB549-D549-4E12-9499-D51E5810F6AD}.Debug|Any CPU.ActiveCfg = Debug|Any CPU
		{39EBB549-D549-4E12-9499-D51E5810F6AD}.Debug|Any CPU.Build.0 = Debug|Any CPU
		{39EBB549-D549-4E12-9499-D51E5810F6AD}.Release|Any CPU.ActiveCfg = Release|Any CPU
		{39EBB549-D549-4E12-9499-D51E5810F6AD}.Release|Any CPU.Build.0 = Release|Any CPU
		{0A1D34F5-E754-4CD6-840B-67563BD47342}.Debug|Any CPU.ActiveCfg = Debug|Any CPU
		{0A1D34F5-E754-4CD6-840B-67563BD47342}.Debug|Any CPU.Build.0 = Debug|Any CPU
		{0A1D34F5-E754-4CD6-840B-67563BD47342}.Release|Any CPU.ActiveCfg = Release|Any CPU
		{0A1D34F5-E754-4CD6-840B-67563BD47342}.Release|Any CPU.Build.0 = Release|Any CPU
		{13DE24D6-778E-4E54-93A5-D77D3ACBC9B0}.Debug|Any CPU.ActiveCfg = Debug|Any CPU
		{13DE24D6-778E-4E54-93A5-D77D3ACBC9B0}.Debug|Any CPU.Build.0 = Debug|Any CPU
		{13DE24D6-778E-4E54-93A5-D77D3ACBC9B0}.Release|Any CPU.ActiveCfg = Release|Any CPU
		{13DE24D6-778E-4E54-93A5-D77D3ACBC9B0}.Release|Any CPU.Build.0 = Release|Any CPU
		{1050DA52-DC81-4B4E-BEF6-AD9C4C10FBD6}.Debug|Any CPU.ActiveCfg = Debug|Any CPU
		{1050DA52-DC81-4B4E-BEF6-AD9C4C10FBD6}.Debug|Any CPU.Build.0 = Debug|Any CPU
		{1050DA52-DC81-4B4E-BEF6-AD9C4C10FBD6}.Release|Any CPU.ActiveCfg = Release|Any CPU
		{1050DA52-DC81-4B4E-BEF6-AD9C4C10FBD6}.Release|Any CPU.Build.0 = Release|Any CPU
		{C0E890D0-5FBD-47B0-88FC-DC714D615E84}.Debug|Any CPU.ActiveCfg = Debug|Any CPU
		{C0E890D0-5FBD-47B0-88FC-DC714D615E84}.Debug|Any CPU.Build.0 = Debug|Any CPU
		{C0E890D0-5FBD-47B0-88FC-DC714D615E84}.Release|Any CPU.ActiveCfg = Release|Any CPU
		{C0E890D0-5FBD-47B0-88FC-DC714D615E84}.Release|Any CPU.Build.0 = Release|Any CPU
		{8135CE50-B9AC-4956-8F72-7610C6899283}.Debug|Any CPU.ActiveCfg = Debug|Any CPU
		{8135CE50-B9AC-4956-8F72-7610C6899283}.Debug|Any CPU.Build.0 = Debug|Any CPU
		{8135CE50-B9AC-4956-8F72-7610C6899283}.Release|Any CPU.ActiveCfg = Release|Any CPU
		{8135CE50-B9AC-4956-8F72-7610C6899283}.Release|Any CPU.Build.0 = Release|Any CPU
		{9A87FC6C-78F3-4FEA-9B80-F35B5E27120B}.Debug|Any CPU.ActiveCfg = Debug|Any CPU
		{9A87FC6C-78F3-4FEA-9B80-F35B5E27120B}.Debug|Any CPU.Build.0 = Debug|Any CPU
		{9A87FC6C-78F3-4FEA-9B80-F35B5E27120B}.Release|Any CPU.ActiveCfg = Release|Any CPU
		{9A87FC6C-78F3-4FEA-9B80-F35B5E27120B}.Release|Any CPU.Build.0 = Release|Any CPU
		{40077481-73F7-4E1B-8F65-722612E49834}.Debug|Any CPU.ActiveCfg = Debug|Any CPU
		{40077481-73F7-4E1B-8F65-722612E49834}.Debug|Any CPU.Build.0 = Debug|Any CPU
		{40077481-73F7-4E1B-8F65-722612E49834}.Release|Any CPU.ActiveCfg = Release|Any CPU
		{40077481-73F7-4E1B-8F65-722612E49834}.Release|Any CPU.Build.0 = Release|Any CPU
		{F01B8991-C9B2-41D4-AB6C-CAF10C66D2FB}.Debug|Any CPU.ActiveCfg = Debug|Any CPU
		{F01B8991-C9B2-41D4-AB6C-CAF10C66D2FB}.Debug|Any CPU.Build.0 = Debug|Any CPU
		{F01B8991-C9B2-41D4-AB6C-CAF10C66D2FB}.Release|Any CPU.ActiveCfg = Release|Any CPU
		{F01B8991-C9B2-41D4-AB6C-CAF10C66D2FB}.Release|Any CPU.Build.0 = Release|Any CPU
		{0435F09E-7AF5-4A5B-8EB4-B8DE584972B4}.Debug|Any CPU.ActiveCfg = Debug|Any CPU
		{0435F09E-7AF5-4A5B-8EB4-B8DE584972B4}.Debug|Any CPU.Build.0 = Debug|Any CPU
		{0435F09E-7AF5-4A5B-8EB4-B8DE584972B4}.Release|Any CPU.ActiveCfg = Release|Any CPU
		{0435F09E-7AF5-4A5B-8EB4-B8DE584972B4}.Release|Any CPU.Build.0 = Release|Any CPU
		{E1332FD5-C287-4DCE-AD0A-A74407D2E141}.Debug|Any CPU.ActiveCfg = Debug|Any CPU
		{E1332FD5-C287-4DCE-AD0A-A74407D2E141}.Debug|Any CPU.Build.0 = Debug|Any CPU
		{E1332FD5-C287-4DCE-AD0A-A74407D2E141}.Release|Any CPU.ActiveCfg = Release|Any CPU
		{E1332FD5-C287-4DCE-AD0A-A74407D2E141}.Release|Any CPU.Build.0 = Release|Any CPU
		{606D4514-7AFF-4D3B-9F1F-02F8CAF68310}.Debug|Any CPU.ActiveCfg = Debug|Any CPU
		{606D4514-7AFF-4D3B-9F1F-02F8CAF68310}.Debug|Any CPU.Build.0 = Debug|Any CPU
		{606D4514-7AFF-4D3B-9F1F-02F8CAF68310}.Release|Any CPU.ActiveCfg = Release|Any CPU
		{606D4514-7AFF-4D3B-9F1F-02F8CAF68310}.Release|Any CPU.Build.0 = Release|Any CPU
	EndGlobalSection
	GlobalSection(SolutionProperties) = preSolution
		HideSolutionNode = FALSE
	EndGlobalSection
	GlobalSection(NestedProjects) = preSolution
		{39EBB549-D549-4E12-9499-D51E5810F6AD} = {2788CB78-8A11-426A-B9CD-8644EF9891B4}
		{0A1D34F5-E754-4CD6-840B-67563BD47342} = {2788CB78-8A11-426A-B9CD-8644EF9891B4}
		{13DE24D6-778E-4E54-93A5-D77D3ACBC9B0} = {2788CB78-8A11-426A-B9CD-8644EF9891B4}
		{8135CE50-B9AC-4956-8F72-7610C6899283} = {1AB0E28B-8711-44F5-A95F-8F382F590A4B}
		{9A87FC6C-78F3-4FEA-9B80-F35B5E27120B} = {1AB0E28B-8711-44F5-A95F-8F382F590A4B}
		{40077481-73F7-4E1B-8F65-722612E49834} = {1AB0E28B-8711-44F5-A95F-8F382F590A4B}
		{F01B8991-C9B2-41D4-AB6C-CAF10C66D2FB} = {1AB0E28B-8711-44F5-A95F-8F382F590A4B}
		{0435F09E-7AF5-4A5B-8EB4-B8DE584972B4} = {1AB0E28B-8711-44F5-A95F-8F382F590A4B}
	EndGlobalSection
EndGlobal
