
Microsoft Visual Studio Solution File, Format Version 12.00
# Visual Studio 15
VisualStudioVersion = 15.0.26730.12
MinimumVisualStudioVersion = 10.0.40219.1
Project("{FAE04EC0-301F-11D3-BF4B-00C04F79EFBC}") = "_01_LazyProducerConsumer", "_01_LazyProducerConsumer\_01_LazyProducerConsumer.csproj", "{CDD33960-9AF5-4603-B5D1-FC5ED87C2107}"
EndProject
Project("{FAE04EC0-301F-11D3-BF4B-00C04F79EFBC}") = "_02_EagerProducerSlowConsumer", "_02_EagerProducerSlowConsumer\_02_EagerProducerSlowConsumer.csproj", "{80A8DA10-59E4-46BD-B6DA-5013F2899F63}"
EndProject
Project("{FAE04EC0-301F-11D3-BF4B-00C04F79EFBC}") = "_03_ImageProcessorPipeline", "_03_ImageProcessorPipeline\_03_ImageProcessorPipeline.csproj", "{D98C9F64-626F-4C50-82C4-0872D48CE938}"
EndProject
Global
	GlobalSection(SolutionConfigurationPlatforms) = preSolution
		Debug|Any CPU = Debug|Any CPU
		Release|Any CPU = Release|Any CPU
	EndGlobalSection
	GlobalSection(ProjectConfigurationPlatforms) = postSolution
		{CDD33960-9AF5-4603-B5D1-FC5ED87C2107}.Debug|Any CPU.ActiveCfg = Debug|Any CPU
		{CDD33960-9AF5-4603-B5D1-FC5ED87C2107}.Debug|Any CPU.Build.0 = Debug|Any CPU
		{CDD33960-9AF5-4603-B5D1-FC5ED87C2107}.Release|Any CPU.ActiveCfg = Release|Any CPU
		{CDD33960-9AF5-4603-B5D1-FC5ED87C2107}.Release|Any CPU.Build.0 = Release|Any CPU
		{80A8DA10-59E4-46BD-B6DA-5013F2899F63}.Debug|Any CPU.ActiveCfg = Debug|Any CPU
		{80A8DA10-59E4-46BD-B6DA-5013F2899F63}.Debug|Any CPU.Build.0 = Debug|Any CPU
		{80A8DA10-59E4-46BD-B6DA-5013F2899F63}.Release|Any CPU.ActiveCfg = Release|Any CPU
		{80A8DA10-59E4-46BD-B6DA-5013F2899F63}.Release|Any CPU.Build.0 = Release|Any CPU
		{D98C9F64-626F-4C50-82C4-0872D48CE938}.Debug|Any CPU.ActiveCfg = Debug|Any CPU
		{D98C9F64-626F-4C50-82C4-0872D48CE938}.Debug|Any CPU.Build.0 = Debug|Any CPU
		{D98C9F64-626F-4C50-82C4-0872D48CE938}.Release|Any CPU.ActiveCfg = Release|Any CPU
		{D98C9F64-626F-4C50-82C4-0872D48CE938}.Release|Any CPU.Build.0 = Release|Any CPU
	EndGlobalSection
	GlobalSection(SolutionProperties) = preSolution
		HideSolutionNode = FALSE
	EndGlobalSection
	GlobalSection(ExtensibilityGlobals) = postSolution
		SolutionGuid = {0C526D8C-62E2-479F-8BD2-D91FC81AEAB0}
	EndGlobalSection
EndGlobal
