
Microsoft Visual Studio Solution File, Format Version 12.00
# Visual Studio 2012
Project("{FAE04EC0-301F-11D3-BF4B-00C04F79EFBC}") = "UnhandledException", "UnhandledException\UnhandledException.csproj", "{50B2E93F-7F6A-44B8-B5D6-FE1D57AECD2B}"
EndProject
Project("{FAE04EC0-301F-11D3-BF4B-00C04F79EFBC}") = "UnhandledExceptionWeb", "UnhandledExceptionWeb\UnhandledExceptionWeb.csproj", "{20B96C5F-D3C3-4BD5-A36D-5DF3354650C4}"
EndProject
Project("{FAE04EC0-301F-11D3-BF4B-00C04F79EFBC}") = "UnhandledExceptionWinForms", "UnhandledExceptionWinForms\UnhandledExceptionWinForms.csproj", "{A56B1D08-DA37-4911-BFC4-3E6626113958}"
EndProject
Project("{FAE04EC0-301F-11D3-BF4B-00C04F79EFBC}") = "UnhandledExceptionWPF", "UnhandledExceptionWPF\UnhandledExceptionWPF.csproj", "{768F918C-C13E-47A5-9918-E168048497AA}"
EndProject
Project("{FAE04EC0-301F-11D3-BF4B-00C04F79EFBC}") = "WerDisable", "WerDisable\WerDisable.csproj", "{41011762-247A-41EF-BC40-AAD46359AE56}"
EndProject
Global
	GlobalSection(SolutionConfigurationPlatforms) = preSolution
		Debug|Any CPU = Debug|Any CPU
		Release|Any CPU = Release|Any CPU
	EndGlobalSection
	GlobalSection(ProjectConfigurationPlatforms) = postSolution
		{50B2E93F-7F6A-44B8-B5D6-FE1D57AECD2B}.Debug|Any CPU.ActiveCfg = Debug|Any CPU
		{50B2E93F-7F6A-44B8-B5D6-FE1D57AECD2B}.Debug|Any CPU.Build.0 = Debug|Any CPU
		{50B2E93F-7F6A-44B8-B5D6-FE1D57AECD2B}.Release|Any CPU.ActiveCfg = Release|Any CPU
		{50B2E93F-7F6A-44B8-B5D6-FE1D57AECD2B}.Release|Any CPU.Build.0 = Release|Any CPU
		{20B96C5F-D3C3-4BD5-A36D-5DF3354650C4}.Debug|Any CPU.ActiveCfg = Debug|Any CPU
		{20B96C5F-D3C3-4BD5-A36D-5DF3354650C4}.Debug|Any CPU.Build.0 = Debug|Any CPU
		{20B96C5F-D3C3-4BD5-A36D-5DF3354650C4}.Release|Any CPU.ActiveCfg = Release|Any CPU
		{20B96C5F-D3C3-4BD5-A36D-5DF3354650C4}.Release|Any CPU.Build.0 = Release|Any CPU
		{A56B1D08-DA37-4911-BFC4-3E6626113958}.Debug|Any CPU.ActiveCfg = Debug|Any CPU
		{A56B1D08-DA37-4911-BFC4-3E6626113958}.Debug|Any CPU.Build.0 = Debug|Any CPU
		{A56B1D08-DA37-4911-BFC4-3E6626113958}.Release|Any CPU.ActiveCfg = Release|Any CPU
		{A56B1D08-DA37-4911-BFC4-3E6626113958}.Release|Any CPU.Build.0 = Release|Any CPU
		{768F918C-C13E-47A5-9918-E168048497AA}.Debug|Any CPU.ActiveCfg = Debug|Any CPU
		{768F918C-C13E-47A5-9918-E168048497AA}.Debug|Any CPU.Build.0 = Debug|Any CPU
		{768F918C-C13E-47A5-9918-E168048497AA}.Release|Any CPU.ActiveCfg = Release|Any CPU
		{768F918C-C13E-47A5-9918-E168048497AA}.Release|Any CPU.Build.0 = Release|Any CPU
		{41011762-247A-41EF-BC40-AAD46359AE56}.Debug|Any CPU.ActiveCfg = Debug|Any CPU
		{41011762-247A-41EF-BC40-AAD46359AE56}.Debug|Any CPU.Build.0 = Debug|Any CPU
		{41011762-247A-41EF-BC40-AAD46359AE56}.Release|Any CPU.ActiveCfg = Release|Any CPU
		{41011762-247A-41EF-BC40-AAD46359AE56}.Release|Any CPU.Build.0 = Release|Any CPU
	EndGlobalSection
	GlobalSection(SolutionProperties) = preSolution
		HideSolutionNode = FALSE
	EndGlobalSection
EndGlobal
