
Microsoft Visual Studio Solution File, Format Version 12.00
# Visual Studio 15
VisualStudioVersion = 15.0.28307.757
MinimumVisualStudioVersion = 10.0.40219.1
Project("{2150E333-8FDC-42A3-9474-1A3956D46DE8}") = "App", "App", "{6E59E3F1-1401-462B-B396-8ACC8BF95D99}"
EndProject
Project("{9A19103F-16F7-4668-BE54-9A1E7A4F7556}") = "StockList.Core", "Core\StockList.Core.csproj", "{4DF34E4A-059F-4711-946B-914BB554E80A}"
EndProject
Project("{D954291E-2A0B-460D-934E-DC6B0785DB48}") = "StockList.Shared", "Shared\StockList.Shared.shproj", "{4060605A-399B-4A68-83D9-CB73DF6DC0B7}"
EndProject
Project("{FAE04EC0-301F-11D3-BF4B-00C04F79EFBC}") = "StockListApp.Android", "App\Android\StockListApp.Android.csproj", "{725F4773-4651-4B6C-A722-896B5CBF1416}"
EndProject
Project("{FAE04EC0-301F-11D3-BF4B-00C04F79EFBC}") = "StockListApp.iOS", "App\iOS\StockListApp.iOS.csproj", "{97D733F8-96A9-4678-9388-D031C6120174}"
EndProject
Project("{FAE04EC0-301F-11D3-BF4B-00C04F79EFBC}") = "StockListApp.UWP", "App\UWP\StockListApp.UWP.csproj", "{456374A9-6A48-4362-9706-5CA3E63BADAC}"
EndProject
Project("{9A19103F-16F7-4668-BE54-9A1E7A4F7556}") = "StockListApp.Xam", "App\Xam\StockListApp.Xam.csproj", "{F509EE78-FE07-44B4-B2E3-843E1B088E5F}"
EndProject
Project("{FAE04EC0-301F-11D3-BF4B-00C04F79EFBC}") = "StockList.WebApi", "StockList.WebApi\StockList.WebApi.csproj", "{D493437D-FF5B-424D-888D-E33153BBA7E1}"
EndProject
Global
	GlobalSection(SharedMSBuildProjectFiles) = preSolution
		Shared\StockList.Shared.projitems*{4060605a-399b-4a68-83d9-cb73df6dc0b7}*SharedItemsImports = 13
		Shared\StockList.Shared.projitems*{456374a9-6a48-4362-9706-5ca3e63badac}*SharedItemsImports = 4
		Shared\StockList.Shared.projitems*{725f4773-4651-4b6c-a722-896b5cbf1416}*SharedItemsImports = 4
		Shared\StockList.Shared.projitems*{97d733f8-96a9-4678-9388-d031c6120174}*SharedItemsImports = 4
	EndGlobalSection
	GlobalSection(SolutionConfigurationPlatforms) = preSolution
		Debug|Any CPU = Debug|Any CPU
		Debug|ARM = Debug|ARM
		Debug|ARM64 = Debug|ARM64
		Debug|iPhone = Debug|iPhone
		Debug|iPhoneSimulator = Debug|iPhoneSimulator
		Debug|x64 = Debug|x64
		Debug|x86 = Debug|x86
		Release|Any CPU = Release|Any CPU
		Release|ARM = Release|ARM
		Release|ARM64 = Release|ARM64
		Release|iPhone = Release|iPhone
		Release|iPhoneSimulator = Release|iPhoneSimulator
		Release|x64 = Release|x64
		Release|x86 = Release|x86
	EndGlobalSection
	GlobalSection(ProjectConfigurationPlatforms) = postSolution
		{4DF34E4A-059F-4711-946B-914BB554E80A}.Debug|Any CPU.ActiveCfg = Debug|Any CPU
		{4DF34E4A-059F-4711-946B-914BB554E80A}.Debug|Any CPU.Build.0 = Debug|Any CPU
		{4DF34E4A-059F-4711-946B-914BB554E80A}.Debug|ARM.ActiveCfg = Debug|Any CPU
		{4DF34E4A-059F-4711-946B-914BB554E80A}.Debug|ARM.Build.0 = Debug|Any CPU
		{4DF34E4A-059F-4711-946B-914BB554E80A}.Debug|ARM64.ActiveCfg = Debug|Any CPU
		{4DF34E4A-059F-4711-946B-914BB554E80A}.Debug|ARM64.Build.0 = Debug|Any CPU
		{4DF34E4A-059F-4711-946B-914BB554E80A}.Debug|iPhone.ActiveCfg = Debug|Any CPU
		{4DF34E4A-059F-4711-946B-914BB554E80A}.Debug|iPhone.Build.0 = Debug|Any CPU
		{4DF34E4A-059F-4711-946B-914BB554E80A}.Debug|iPhoneSimulator.ActiveCfg = Debug|Any CPU
		{4DF34E4A-059F-4711-946B-914BB554E80A}.Debug|iPhoneSimulator.Build.0 = Debug|Any CPU
		{4DF34E4A-059F-4711-946B-914BB554E80A}.Debug|x64.ActiveCfg = Debug|Any CPU
		{4DF34E4A-059F-4711-946B-914BB554E80A}.Debug|x64.Build.0 = Debug|Any CPU
		{4DF34E4A-059F-4711-946B-914BB554E80A}.Debug|x86.ActiveCfg = Debug|Any CPU
		{4DF34E4A-059F-4711-946B-914BB554E80A}.Debug|x86.Build.0 = Debug|Any CPU
		{4DF34E4A-059F-4711-946B-914BB554E80A}.Release|Any CPU.ActiveCfg = Release|Any CPU
		{4DF34E4A-059F-4711-946B-914BB554E80A}.Release|Any CPU.Build.0 = Release|Any CPU
		{4DF34E4A-059F-4711-946B-914BB554E80A}.Release|ARM.ActiveCfg = Release|Any CPU
		{4DF34E4A-059F-4711-946B-914BB554E80A}.Release|ARM.Build.0 = Release|Any CPU
		{4DF34E4A-059F-4711-946B-914BB554E80A}.Release|ARM64.ActiveCfg = Release|Any CPU
		{4DF34E4A-059F-4711-946B-914BB554E80A}.Release|ARM64.Build.0 = Release|Any CPU
		{4DF34E4A-059F-4711-946B-914BB554E80A}.Release|iPhone.ActiveCfg = Release|Any CPU
		{4DF34E4A-059F-4711-946B-914BB554E80A}.Release|iPhone.Build.0 = Release|Any CPU
		{4DF34E4A-059F-4711-946B-914BB554E80A}.Release|iPhoneSimulator.ActiveCfg = Release|Any CPU
		{4DF34E4A-059F-4711-946B-914BB554E80A}.Release|iPhoneSimulator.Build.0 = Release|Any CPU
		{4DF34E4A-059F-4711-946B-914BB554E80A}.Release|x64.ActiveCfg = Release|Any CPU
		{4DF34E4A-059F-4711-946B-914BB554E80A}.Release|x64.Build.0 = Release|Any CPU
		{4DF34E4A-059F-4711-946B-914BB554E80A}.Release|x86.ActiveCfg = Release|Any CPU
		{4DF34E4A-059F-4711-946B-914BB554E80A}.Release|x86.Build.0 = Release|Any CPU
		{725F4773-4651-4B6C-A722-896B5CBF1416}.Debug|Any CPU.ActiveCfg = Debug|Any CPU
		{725F4773-4651-4B6C-A722-896B5CBF1416}.Debug|Any CPU.Build.0 = Debug|Any CPU
		{725F4773-4651-4B6C-A722-896B5CBF1416}.Debug|Any CPU.Deploy.0 = Debug|Any CPU
		{725F4773-4651-4B6C-A722-896B5CBF1416}.Debug|ARM.ActiveCfg = Debug|Any CPU
		{725F4773-4651-4B6C-A722-896B5CBF1416}.Debug|ARM.Build.0 = Debug|Any CPU
		{725F4773-4651-4B6C-A722-896B5CBF1416}.Debug|ARM.Deploy.0 = Debug|Any CPU
		{725F4773-4651-4B6C-A722-896B5CBF1416}.Debug|ARM64.ActiveCfg = Debug|Any CPU
		{725F4773-4651-4B6C-A722-896B5CBF1416}.Debug|ARM64.Build.0 = Debug|Any CPU
		{725F4773-4651-4B6C-A722-896B5CBF1416}.Debug|ARM64.Deploy.0 = Debug|Any CPU
		{725F4773-4651-4B6C-A722-896B5CBF1416}.Debug|iPhone.ActiveCfg = Debug|Any CPU
		{725F4773-4651-4B6C-A722-896B5CBF1416}.Debug|iPhone.Build.0 = Debug|Any CPU
		{725F4773-4651-4B6C-A722-896B5CBF1416}.Debug|iPhone.Deploy.0 = Debug|Any CPU
		{725F4773-4651-4B6C-A722-896B5CBF1416}.Debug|iPhoneSimulator.ActiveCfg = Debug|Any CPU
		{725F4773-4651-4B6C-A722-896B5CBF1416}.Debug|iPhoneSimulator.Build.0 = Debug|Any CPU
		{725F4773-4651-4B6C-A722-896B5CBF1416}.Debug|iPhoneSimulator.Deploy.0 = Debug|Any CPU
		{725F4773-4651-4B6C-A722-896B5CBF1416}.Debug|x64.ActiveCfg = Debug|Any CPU
		{725F4773-4651-4B6C-A722-896B5CBF1416}.Debug|x64.Build.0 = Debug|Any CPU
		{725F4773-4651-4B6C-A722-896B5CBF1416}.Debug|x64.Deploy.0 = Debug|Any CPU
		{725F4773-4651-4B6C-A722-896B5CBF1416}.Debug|x86.ActiveCfg = Debug|Any CPU
		{725F4773-4651-4B6C-A722-896B5CBF1416}.Debug|x86.Build.0 = Debug|Any CPU
		{725F4773-4651-4B6C-A722-896B5CBF1416}.Debug|x86.Deploy.0 = Debug|Any CPU
		{725F4773-4651-4B6C-A722-896B5CBF1416}.Release|Any CPU.ActiveCfg = Release|Any CPU
		{725F4773-4651-4B6C-A722-896B5CBF1416}.Release|Any CPU.Build.0 = Release|Any CPU
		{725F4773-4651-4B6C-A722-896B5CBF1416}.Release|Any CPU.Deploy.0 = Release|Any CPU
		{725F4773-4651-4B6C-A722-896B5CBF1416}.Release|ARM.ActiveCfg = Release|Any CPU
		{725F4773-4651-4B6C-A722-896B5CBF1416}.Release|ARM.Build.0 = Release|Any CPU
		{725F4773-4651-4B6C-A722-896B5CBF1416}.Release|ARM.Deploy.0 = Release|Any CPU
		{725F4773-4651-4B6C-A722-896B5CBF1416}.Release|ARM64.ActiveCfg = Release|Any CPU
		{725F4773-4651-4B6C-A722-896B5CBF1416}.Release|ARM64.Build.0 = Release|Any CPU
		{725F4773-4651-4B6C-A722-896B5CBF1416}.Release|ARM64.Deploy.0 = Release|Any CPU
		{725F4773-4651-4B6C-A722-896B5CBF1416}.Release|iPhone.ActiveCfg = Release|Any CPU
		{725F4773-4651-4B6C-A722-896B5CBF1416}.Release|iPhone.Build.0 = Release|Any CPU
		{725F4773-4651-4B6C-A722-896B5CBF1416}.Release|iPhone.Deploy.0 = Release|Any CPU
		{725F4773-4651-4B6C-A722-896B5CBF1416}.Release|iPhoneSimulator.ActiveCfg = Release|Any CPU
		{725F4773-4651-4B6C-A722-896B5CBF1416}.Release|iPhoneSimulator.Build.0 = Release|Any CPU
		{725F4773-4651-4B6C-A722-896B5CBF1416}.Release|iPhoneSimulator.Deploy.0 = Release|Any CPU
		{725F4773-4651-4B6C-A722-896B5CBF1416}.Release|x64.ActiveCfg = Release|Any CPU
		{725F4773-4651-4B6C-A722-896B5CBF1416}.Release|x64.Build.0 = Release|Any CPU
		{725F4773-4651-4B6C-A722-896B5CBF1416}.Release|x64.Deploy.0 = Release|Any CPU
		{725F4773-4651-4B6C-A722-896B5CBF1416}.Release|x86.ActiveCfg = Release|Any CPU
		{725F4773-4651-4B6C-A722-896B5CBF1416}.Release|x86.Build.0 = Release|Any CPU
		{725F4773-4651-4B6C-A722-896B5CBF1416}.Release|x86.Deploy.0 = Release|Any CPU
		{97D733F8-96A9-4678-9388-D031C6120174}.Debug|Any CPU.ActiveCfg = Debug|iPhone
		{97D733F8-96A9-4678-9388-D031C6120174}.Debug|ARM.ActiveCfg = Debug|iPhone
		{97D733F8-96A9-4678-9388-D031C6120174}.Debug|ARM64.ActiveCfg = Debug|iPhone
		{97D733F8-96A9-4678-9388-D031C6120174}.Debug|iPhone.ActiveCfg = Debug|iPhone
		{97D733F8-96A9-4678-9388-D031C6120174}.Debug|iPhone.Build.0 = Debug|iPhone
		{97D733F8-96A9-4678-9388-D031C6120174}.Debug|iPhoneSimulator.ActiveCfg = Debug|iPhoneSimulator
		{97D733F8-96A9-4678-9388-D031C6120174}.Debug|iPhoneSimulator.Build.0 = Debug|iPhoneSimulator
		{97D733F8-96A9-4678-9388-D031C6120174}.Debug|x64.ActiveCfg = Debug|iPhone
		{97D733F8-96A9-4678-9388-D031C6120174}.Debug|x86.ActiveCfg = Debug|iPhone
		{97D733F8-96A9-4678-9388-D031C6120174}.Release|Any CPU.ActiveCfg = Release|iPhone
		{97D733F8-96A9-4678-9388-D031C6120174}.Release|ARM.ActiveCfg = Release|iPhone
		{97D733F8-96A9-4678-9388-D031C6120174}.Release|ARM64.ActiveCfg = Release|iPhone
		{97D733F8-96A9-4678-9388-D031C6120174}.Release|iPhone.ActiveCfg = Release|iPhone
		{97D733F8-96A9-4678-9388-D031C6120174}.Release|iPhone.Build.0 = Release|iPhone
		{97D733F8-96A9-4678-9388-D031C6120174}.Release|iPhoneSimulator.ActiveCfg = Release|iPhoneSimulator
		{97D733F8-96A9-4678-9388-D031C6120174}.Release|iPhoneSimulator.Build.0 = Release|iPhoneSimulator
		{97D733F8-96A9-4678-9388-D031C6120174}.Release|x64.ActiveCfg = Release|iPhone
		{97D733F8-96A9-4678-9388-D031C6120174}.Release|x86.ActiveCfg = Release|iPhone
		{456374A9-6A48-4362-9706-5CA3E63BADAC}.Debug|Any CPU.ActiveCfg = Debug|x86
		{456374A9-6A48-4362-9706-5CA3E63BADAC}.Debug|ARM.ActiveCfg = Debug|ARM
		{456374A9-6A48-4362-9706-5CA3E63BADAC}.Debug|ARM.Build.0 = Debug|ARM
		{456374A9-6A48-4362-9706-5CA3E63BADAC}.Debug|ARM.Deploy.0 = Debug|ARM
		{456374A9-6A48-4362-9706-5CA3E63BADAC}.Debug|ARM64.ActiveCfg = Debug|ARM64
		{456374A9-6A48-4362-9706-5CA3E63BADAC}.Debug|ARM64.Build.0 = Debug|ARM64
		{456374A9-6A48-4362-9706-5CA3E63BADAC}.Debug|ARM64.Deploy.0 = Debug|ARM64
		{456374A9-6A48-4362-9706-5CA3E63BADAC}.Debug|iPhone.ActiveCfg = Debug|x86
		{456374A9-6A48-4362-9706-5CA3E63BADAC}.Debug|iPhoneSimulator.ActiveCfg = Debug|x86
		{456374A9-6A48-4362-9706-5CA3E63BADAC}.Debug|x64.ActiveCfg = Debug|x64
		{456374A9-6A48-4362-9706-5CA3E63BADAC}.Debug|x64.Build.0 = Debug|x64
		{456374A9-6A48-4362-9706-5CA3E63BADAC}.Debug|x64.Deploy.0 = Debug|x64
		{456374A9-6A48-4362-9706-5CA3E63BADAC}.Debug|x86.ActiveCfg = Debug|x86
		{456374A9-6A48-4362-9706-5CA3E63BADAC}.Debug|x86.Build.0 = Debug|x86
		{456374A9-6A48-4362-9706-5CA3E63BADAC}.Debug|x86.Deploy.0 = Debug|x86
		{456374A9-6A48-4362-9706-5CA3E63BADAC}.Release|Any CPU.ActiveCfg = Release|x86
		{456374A9-6A48-4362-9706-5CA3E63BADAC}.Release|ARM.ActiveCfg = Release|ARM
		{456374A9-6A48-4362-9706-5CA3E63BADAC}.Release|ARM.Build.0 = Release|ARM
		{456374A9-6A48-4362-9706-5CA3E63BADAC}.Release|ARM.Deploy.0 = Release|ARM
		{456374A9-6A48-4362-9706-5CA3E63BADAC}.Release|ARM64.ActiveCfg = Release|ARM64
		{456374A9-6A48-4362-9706-5CA3E63BADAC}.Release|ARM64.Build.0 = Release|ARM64
		{456374A9-6A48-4362-9706-5CA3E63BADAC}.Release|ARM64.Deploy.0 = Release|ARM64
		{456374A9-6A48-4362-9706-5CA3E63BADAC}.Release|iPhone.ActiveCfg = Release|x86
		{456374A9-6A48-4362-9706-5CA3E63BADAC}.Release|iPhoneSimulator.ActiveCfg = Release|x86
		{456374A9-6A48-4362-9706-5CA3E63BADAC}.Release|x64.ActiveCfg = Release|x64
		{456374A9-6A48-4362-9706-5CA3E63BADAC}.Release|x64.Build.0 = Release|x64
		{456374A9-6A48-4362-9706-5CA3E63BADAC}.Release|x64.Deploy.0 = Release|x64
		{456374A9-6A48-4362-9706-5CA3E63BADAC}.Release|x86.ActiveCfg = Release|x86
		{456374A9-6A48-4362-9706-5CA3E63BADAC}.Release|x86.Build.0 = Release|x86
		{456374A9-6A48-4362-9706-5CA3E63BADAC}.Release|x86.Deploy.0 = Release|x86
		{F509EE78-FE07-44B4-B2E3-843E1B088E5F}.Debug|Any CPU.ActiveCfg = Debug|Any CPU
		{F509EE78-FE07-44B4-B2E3-843E1B088E5F}.Debug|Any CPU.Build.0 = Debug|Any CPU
		{F509EE78-FE07-44B4-B2E3-843E1B088E5F}.Debug|ARM.ActiveCfg = Debug|Any CPU
		{F509EE78-FE07-44B4-B2E3-843E1B088E5F}.Debug|ARM.Build.0 = Debug|Any CPU
		{F509EE78-FE07-44B4-B2E3-843E1B088E5F}.Debug|ARM64.ActiveCfg = Debug|Any CPU
		{F509EE78-FE07-44B4-B2E3-843E1B088E5F}.Debug|ARM64.Build.0 = Debug|Any CPU
		{F509EE78-FE07-44B4-B2E3-843E1B088E5F}.Debug|iPhone.ActiveCfg = Debug|Any CPU
		{F509EE78-FE07-44B4-B2E3-843E1B088E5F}.Debug|iPhone.Build.0 = Debug|Any CPU
		{F509EE78-FE07-44B4-B2E3-843E1B088E5F}.Debug|iPhoneSimulator.ActiveCfg = Debug|Any CPU
		{F509EE78-FE07-44B4-B2E3-843E1B088E5F}.Debug|iPhoneSimulator.Build.0 = Debug|Any CPU
		{F509EE78-FE07-44B4-B2E3-843E1B088E5F}.Debug|x64.ActiveCfg = Debug|Any CPU
		{F509EE78-FE07-44B4-B2E3-843E1B088E5F}.Debug|x64.Build.0 = Debug|Any CPU
		{F509EE78-FE07-44B4-B2E3-843E1B088E5F}.Debug|x86.ActiveCfg = Debug|Any CPU
		{F509EE78-FE07-44B4-B2E3-843E1B088E5F}.Debug|x86.Build.0 = Debug|Any CPU
		{F509EE78-FE07-44B4-B2E3-843E1B088E5F}.Release|Any CPU.ActiveCfg = Release|Any CPU
		{F509EE78-FE07-44B4-B2E3-843E1B088E5F}.Release|Any CPU.Build.0 = Release|Any CPU
		{F509EE78-FE07-44B4-B2E3-843E1B088E5F}.Release|ARM.ActiveCfg = Release|Any CPU
		{F509EE78-FE07-44B4-B2E3-843E1B088E5F}.Release|ARM.Build.0 = Release|Any CPU
		{F509EE78-FE07-44B4-B2E3-843E1B088E5F}.Release|ARM64.ActiveCfg = Release|Any CPU
		{F509EE78-FE07-44B4-B2E3-843E1B088E5F}.Release|ARM64.Build.0 = Release|Any CPU
		{F509EE78-FE07-44B4-B2E3-843E1B088E5F}.Release|iPhone.ActiveCfg = Release|Any CPU
		{F509EE78-FE07-44B4-B2E3-843E1B088E5F}.Release|iPhone.Build.0 = Release|Any CPU
		{F509EE78-FE07-44B4-B2E3-843E1B088E5F}.Release|iPhoneSimulator.ActiveCfg = Release|Any CPU
		{F509EE78-FE07-44B4-B2E3-843E1B088E5F}.Release|iPhoneSimulator.Build.0 = Release|Any CPU
		{F509EE78-FE07-44B4-B2E3-843E1B088E5F}.Release|x64.ActiveCfg = Release|Any CPU
		{F509EE78-FE07-44B4-B2E3-843E1B088E5F}.Release|x64.Build.0 = Release|Any CPU
		{F509EE78-FE07-44B4-B2E3-843E1B088E5F}.Release|x86.ActiveCfg = Release|Any CPU
		{F509EE78-FE07-44B4-B2E3-843E1B088E5F}.Release|x86.Build.0 = Release|Any CPU
		{D493437D-FF5B-424D-888D-E33153BBA7E1}.Debug|Any CPU.ActiveCfg = Debug|Any CPU
		{D493437D-FF5B-424D-888D-E33153BBA7E1}.Debug|Any CPU.Build.0 = Debug|Any CPU
		{D493437D-FF5B-424D-888D-E33153BBA7E1}.Debug|ARM.ActiveCfg = Debug|Any CPU
		{D493437D-FF5B-424D-888D-E33153BBA7E1}.Debug|ARM.Build.0 = Debug|Any CPU
		{D493437D-FF5B-424D-888D-E33153BBA7E1}.Debug|ARM64.ActiveCfg = Debug|Any CPU
		{D493437D-FF5B-424D-888D-E33153BBA7E1}.Debug|ARM64.Build.0 = Debug|Any CPU
		{D493437D-FF5B-424D-888D-E33153BBA7E1}.Debug|iPhone.ActiveCfg = Debug|Any CPU
		{D493437D-FF5B-424D-888D-E33153BBA7E1}.Debug|iPhone.Build.0 = Debug|Any CPU
		{D493437D-FF5B-424D-888D-E33153BBA7E1}.Debug|iPhoneSimulator.ActiveCfg = Debug|Any CPU
		{D493437D-FF5B-424D-888D-E33153BBA7E1}.Debug|iPhoneSimulator.Build.0 = Debug|Any CPU
		{D493437D-FF5B-424D-888D-E33153BBA7E1}.Debug|x64.ActiveCfg = Debug|Any CPU
		{D493437D-FF5B-424D-888D-E33153BBA7E1}.Debug|x64.Build.0 = Debug|Any CPU
		{D493437D-FF5B-424D-888D-E33153BBA7E1}.Debug|x86.ActiveCfg = Debug|Any CPU
		{D493437D-FF5B-424D-888D-E33153BBA7E1}.Debug|x86.Build.0 = Debug|Any CPU
		{D493437D-FF5B-424D-888D-E33153BBA7E1}.Release|Any CPU.ActiveCfg = Release|Any CPU
		{D493437D-FF5B-424D-888D-E33153BBA7E1}.Release|Any CPU.Build.0 = Release|Any CPU
		{D493437D-FF5B-424D-888D-E33153BBA7E1}.Release|ARM.ActiveCfg = Release|Any CPU
		{D493437D-FF5B-424D-888D-E33153BBA7E1}.Release|ARM.Build.0 = Release|Any CPU
		{D493437D-FF5B-424D-888D-E33153BBA7E1}.Release|ARM64.ActiveCfg = Release|Any CPU
		{D493437D-FF5B-424D-888D-E33153BBA7E1}.Release|ARM64.Build.0 = Release|Any CPU
		{D493437D-FF5B-424D-888D-E33153BBA7E1}.Release|iPhone.ActiveCfg = Release|Any CPU
		{D493437D-FF5B-424D-888D-E33153BBA7E1}.Release|iPhone.Build.0 = Release|Any CPU
		{D493437D-FF5B-424D-888D-E33153BBA7E1}.Release|iPhoneSimulator.ActiveCfg = Release|Any CPU
		{D493437D-FF5B-424D-888D-E33153BBA7E1}.Release|iPhoneSimulator.Build.0 = Release|Any CPU
		{D493437D-FF5B-424D-888D-E33153BBA7E1}.Release|x64.ActiveCfg = Release|Any CPU
		{D493437D-FF5B-424D-888D-E33153BBA7E1}.Release|x64.Build.0 = Release|Any CPU
		{D493437D-FF5B-424D-888D-E33153BBA7E1}.Release|x86.ActiveCfg = Release|Any CPU
		{D493437D-FF5B-424D-888D-E33153BBA7E1}.Release|x86.Build.0 = Release|Any CPU
	EndGlobalSection
	GlobalSection(SolutionProperties) = preSolution
		HideSolutionNode = FALSE
	EndGlobalSection
	GlobalSection(NestedProjects) = preSolution
		{725F4773-4651-4B6C-A722-896B5CBF1416} = {6E59E3F1-1401-462B-B396-8ACC8BF95D99}
		{97D733F8-96A9-4678-9388-D031C6120174} = {6E59E3F1-1401-462B-B396-8ACC8BF95D99}
		{456374A9-6A48-4362-9706-5CA3E63BADAC} = {6E59E3F1-1401-462B-B396-8ACC8BF95D99}
		{F509EE78-FE07-44B4-B2E3-843E1B088E5F} = {6E59E3F1-1401-462B-B396-8ACC8BF95D99}
	EndGlobalSection
	GlobalSection(ExtensibilityGlobals) = postSolution
		SolutionGuid = {EFF50063-C48C-4E7D-86C0-79C691B6977B}
	EndGlobalSection
EndGlobal
